
Microsoft Visual Studio Solution File, Format Version 12.00
# Visual Studio 15
VisualStudioVersion = 15.0.28307.757
MinimumVisualStudioVersion = 10.0.40219.1
Project("{FAE04EC0-301F-11D3-BF4B-00C04F79EFBC}") = "GetLibVersion", "GetLibVersion.csproj", "{73433CEF-4E1F-49BA-996E-26C81F5C6D1D}"
EndProject
Project("{FAE04EC0-301F-11D3-BF4B-00C04F79EFBC}") = "WarmLibsCache", "..\WarmLibsCache\WarmLibsCache.csproj", "{E68C3311-3FAB-438A-8EAC-EF544CFCB11D}"
EndProject
Project("{FAE04EC0-301F-11D3-BF4B-00C04F79EFBC}") = "GetLibReferences", "..\GetLibReferences\GetLibReferences.csproj", "{B47CA01A-E7BD-4A46-9284-CD862DD31560}"
EndProject
Global
	GlobalSection(SolutionConfigurationPlatforms) = preSolution
		Debug|Any CPU = Debug|Any CPU
		Release|Any CPU = Release|Any CPU
	EndGlobalSection
	GlobalSection(ProjectConfigurationPlatforms) = postSolution
		{73433CEF-4E1F-49BA-996E-26C81F5C6D1D}.Debug|Any CPU.ActiveCfg = Debug|Any CPU
		{73433CEF-4E1F-49BA-996E-26C81F5C6D1D}.Debug|Any CPU.Build.0 = Debug|Any CPU
		{73433CEF-4E1F-49BA-996E-26C81F5C6D1D}.Release|Any CPU.ActiveCfg = Release|Any CPU
		{73433CEF-4E1F-49BA-996E-26C81F5C6D1D}.Release|Any CPU.Build.0 = Release|Any CPU
		{E68C3311-3FAB-438A-8EAC-EF544CFCB11D}.Debug|Any CPU.ActiveCfg = Debug|Any CPU
		{E68C3311-3FAB-438A-8EAC-EF544CFCB11D}.Debug|Any CPU.Build.0 = Debug|Any CPU
		{E68C3311-3FAB-438A-8EAC-EF544CFCB11D}.Release|Any CPU.ActiveCfg = Release|Any CPU
		{E68C3311-3FAB-438A-8EAC-EF544CFCB11D}.Release|Any CPU.Build.0 = Release|Any CPU
		{B47CA01A-E7BD-4A46-9284-CD862DD31560}.Debug|Any CPU.ActiveCfg = Debug|Any CPU
		{B47CA01A-E7BD-4A46-9284-CD862DD31560}.Debug|Any CPU.Build.0 = Debug|Any CPU
		{B47CA01A-E7BD-4A46-9284-CD862DD31560}.Release|Any CPU.ActiveCfg = Release|Any CPU
		{B47CA01A-E7BD-4A46-9284-CD862DD31560}.Release|Any CPU.Build.0 = Release|Any CPU
	EndGlobalSection
	GlobalSection(SolutionProperties) = preSolution
		HideSolutionNode = FALSE
	EndGlobalSection
	GlobalSection(ExtensibilityGlobals) = postSolution
		SolutionGuid = {27405595-4B7D-42C6-9030-37E20033CF7D}
	EndGlobalSection
EndGlobal
