
Microsoft Visual Studio Solution File, Format Version 12.00
# Visual Studio 15
VisualStudioVersion = 15.0.28307.757
MinimumVisualStudioVersion = 10.0.40219.1
Project("{9A19103F-16F7-4668-BE54-9A1E7A4F7556}") = "PSComponentTools", "PSComponentTools\PSComponentTools.csproj", "{C55AEDCB-76DA-460D-A50E-38361F241F0A}"
EndProject
Project("{9A19103F-16F7-4668-BE54-9A1E7A4F7556}") = "Test", "Test\Test.csproj", "{1BD89A03-9228-48A5-8773-2C403DB4181D}"
EndProject
Project("{9A19103F-16F7-4668-BE54-9A1E7A4F7556}") = "PSBuildGen", "PSBuildGen\PSBuildGen.csproj", "{69697FE4-4FE2-4926-A698-8953E7A0A44C}"
	ProjectSection(ProjectDependencies) = postProject
		{C55AEDCB-76DA-460D-A50E-38361F241F0A} = {C55AEDCB-76DA-460D-A50E-38361F241F0A}
	EndProjectSection
EndProject
Project("{9A19103F-16F7-4668-BE54-9A1E7A4F7556}") = "PSProjectTools", "PSProjectTools\PSProjectTools.csproj", "{F38EB926-0E27-49EC-9E6E-AA5A4E8A8869}"
EndProject
Global
	GlobalSection(SolutionConfigurationPlatforms) = preSolution
		Debug|Any CPU = Debug|Any CPU
		Release|Any CPU = Release|Any CPU
	EndGlobalSection
	GlobalSection(ProjectConfigurationPlatforms) = postSolution
		{C55AEDCB-76DA-460D-A50E-38361F241F0A}.Debug|Any CPU.ActiveCfg = Debug|Any CPU
		{C55AEDCB-76DA-460D-A50E-38361F241F0A}.Debug|Any CPU.Build.0 = Debug|Any CPU
		{C55AEDCB-76DA-460D-A50E-38361F241F0A}.Release|Any CPU.ActiveCfg = Release|Any CPU
		{C55AEDCB-76DA-460D-A50E-38361F241F0A}.Release|Any CPU.Build.0 = Release|Any CPU
		{1BD89A03-9228-48A5-8773-2C403DB4181D}.Debug|Any CPU.ActiveCfg = Debug|Any CPU
		{1BD89A03-9228-48A5-8773-2C403DB4181D}.Debug|Any CPU.Build.0 = Debug|Any CPU
		{1BD89A03-9228-48A5-8773-2C403DB4181D}.Release|Any CPU.ActiveCfg = Release|Any CPU
		{1BD89A03-9228-48A5-8773-2C403DB4181D}.Release|Any CPU.Build.0 = Release|Any CPU
		{69697FE4-4FE2-4926-A698-8953E7A0A44C}.Debug|Any CPU.ActiveCfg = Debug|Any CPU
		{69697FE4-4FE2-4926-A698-8953E7A0A44C}.Debug|Any CPU.Build.0 = Debug|Any CPU
		{69697FE4-4FE2-4926-A698-8953E7A0A44C}.Release|Any CPU.ActiveCfg = Release|Any CPU
		{69697FE4-4FE2-4926-A698-8953E7A0A44C}.Release|Any CPU.Build.0 = Release|Any CPU
		{F38EB926-0E27-49EC-9E6E-AA5A4E8A8869}.Debug|Any CPU.ActiveCfg = Debug|Any CPU
		{F38EB926-0E27-49EC-9E6E-AA5A4E8A8869}.Debug|Any CPU.Build.0 = Debug|Any CPU
		{F38EB926-0E27-49EC-9E6E-AA5A4E8A8869}.Release|Any CPU.ActiveCfg = Release|Any CPU
		{F38EB926-0E27-49EC-9E6E-AA5A4E8A8869}.Release|Any CPU.Build.0 = Release|Any CPU
	EndGlobalSection
	GlobalSection(SolutionProperties) = preSolution
		HideSolutionNode = FALSE
	EndGlobalSection
	GlobalSection(ExtensibilityGlobals) = postSolution
		SolutionGuid = {27405595-4B7D-42C6-9030-37E20033CF7D}
	EndGlobalSection
EndGlobal
