Microsoft Visual Studio Solution File, Format Version 12.00
# Visual Studio 15
VisualStudioVersion = 15.0.26124.0
MinimumVisualStudioVersion = 15.0.26124.0
Project("{9A19103F-16F7-4668-BE54-9A1E7A4F7556}") = "Website", "Website\Website.msbuildproj", "{A271793F-72BF-429D-9EC8-83C03559CBD6}"
	ProjectSection(ProjectDependencies) = postProject
		{9CC0C28F-E869-404B-AD08-BB825615AE2F} = {9CC0C28F-E869-404B-AD08-BB825615AE2F}
	EndProjectSection
EndProject
Project("{9A19103F-16F7-4668-BE54-9A1E7A4F7556}") = "Server", "Server\Server.csproj", "{AF5D53C1-32B5-473F-9229-817608068701}"
EndProject
Project("{13B669BE-BB05-4DDF-9536-439F39A36129}") = "Composer", "Website\Composer.msbuildproj", "{9CC0C28F-E869-404B-AD08-BB825615AE2F}"
EndProject
Project("{13B669BE-BB05-4DDF-9536-439F39A36129}") = "Psr.Cache", "Website\Psr.Cache.msbuildproj", "{C143399B-07FC-4FCC-8F22-60E2D24FE6B1}"
EndProject
Project("{13B669BE-BB05-4DDF-9536-439F39A36129}") = "Psr.Container", "Website\Psr.Container.msbuildproj", "{7B997D0A-D9EF-47D9-9BDF-48183915B0DC}"
EndProject
Project("{13B669BE-BB05-4DDF-9536-439F39A36129}") = "Psr.Log", "Website\Psr.Log.msbuildproj", "{E6AE7BCA-7C86-4CC6-8499-3A3B581F9F60}"
EndProject
Project("{13B669BE-BB05-4DDF-9536-439F39A36129}") = "Psr.Simple-cache", "Website\Psr.Simple-cache.msbuildproj", "{C58C3755-A0AD-4E6C-9875-297373CD6EDD}"
EndProject
Project("{13B669BE-BB05-4DDF-9536-439F39A36129}") = "Symfony.Cache", "Website\Symfony.Cache.msbuildproj", "{707FD674-F47E-45BF-B97F-C6078CD6FF0F}"
EndProject
Project("{13B669BE-BB05-4DDF-9536-439F39A36129}") = "Symfony.Config", "Website\Symfony.Config.msbuildproj", "{D2E45035-BB40-44DD-880F-8DAC528F597B}"
EndProject
Project("{13B669BE-BB05-4DDF-9536-439F39A36129}") = "Symfony.Console", "Website\Symfony.Console.msbuildproj", "{8DE3084E-7112-407F-AED8-CA1D1BA653A9}"
EndProject
Project("{13B669BE-BB05-4DDF-9536-439F39A36129}") = "Symfony.Contracts", "Website\Symfony.Contracts.msbuildproj", "{DC02D27A-5260-4C25-8DD8-BB165F85268C}"
EndProject
Project("{13B669BE-BB05-4DDF-9536-439F39A36129}") = "Symfony.Debug", "Website\Symfony.Debug.msbuildproj", "{12605BC4-A2FF-4BDA-A1BF-19A41A74C125}"
EndProject
Project("{13B669BE-BB05-4DDF-9536-439F39A36129}") = "Symfony.Dependency-injection", "Website\Symfony.Dependency-injection.msbuildproj", "{6D1774DD-E61D-4AC1-9B71-488118BAECCE}"
EndProject
Project("{13B669BE-BB05-4DDF-9536-439F39A36129}") = "Symfony.Dotenv", "Website\Symfony.Dotenv.msbuildproj", "{BD929D58-375A-4CF1-BD38-FA2BE86922BF}"
EndProject
Project("{13B669BE-BB05-4DDF-9536-439F39A36129}") = "Symfony.Event-dispatcher", "Website\Symfony.Event-dispatcher.msbuildproj", "{15223F48-89F0-41BD-A29A-27864DDADD95}"
EndProject
Project("{13B669BE-BB05-4DDF-9536-439F39A36129}") = "Symfony.Filesystem", "Website\Symfony.Filesystem.msbuildproj", "{A0C3C764-2AC4-4E6C-BC01-F5E5739E88D3}"
EndProject
Project("{13B669BE-BB05-4DDF-9536-439F39A36129}") = "Symfony.Finder", "Website\Symfony.Finder.msbuildproj", "{9754C798-ABEA-4F7F-A455-875C514D83FA}"
EndProject
Project("{13B669BE-BB05-4DDF-9536-439F39A36129}") = "Symfony.Framework-bundle", "Website\Symfony.Framework-bundle.msbuildproj", "{87F705E4-55CE-421A-8676-2CD14CF741EB}"
EndProject
Project("{13B669BE-BB05-4DDF-9536-439F39A36129}") = "Symfony.Http-foundation", "Website\Symfony.Http-foundation.msbuildproj", "{29F189C9-9E4A-40A8-B383-A1E2DACA1829}"
EndProject
Project("{13B669BE-BB05-4DDF-9536-439F39A36129}") = "Symfony.Http-kernel", "Website\Symfony.Http-kernel.msbuildproj", "{A09113B7-AE48-4766-B9B4-59EEF5A2D49A}"
EndProject
Project("{13B669BE-BB05-4DDF-9536-439F39A36129}") = "Symfony.Polyfill-mbstring", "Website\Symfony.Polyfill-mbstring.msbuildproj", "{60BF41F9-6288-423F-B984-8035350E54F9}"
EndProject
Project("{13B669BE-BB05-4DDF-9536-439F39A36129}") = "Symfony.Process", "Website\Symfony.Process.msbuildproj", "{58C8D424-1050-4A21-AC3A-E6F7B1E774DA}"
EndProject
Project("{13B669BE-BB05-4DDF-9536-439F39A36129}") = "Symfony.Routing", "Website\Symfony.Routing.msbuildproj", "{BA51F973-F3CC-4875-8158-BA9D18A5F3BB}"
EndProject
Project("{13B669BE-BB05-4DDF-9536-439F39A36129}") = "Symfony.Var-exporter", "Website\Symfony.Var-exporter.msbuildproj", "{8AC97E84-F0E1-4368-87C0-729219588EA8}"
EndProject
Project("{13B669BE-BB05-4DDF-9536-439F39A36129}") = "Symfony.Yaml", "Website\Symfony.Yaml.msbuildproj", "{7B0710E3-5135-4800-B987-A37397F03A5D}"
EndProject
Project("{9A19103F-16F7-4668-BE54-9A1E7A4F7556}") = "PeachPied.Symfony.Sdk", "PeachPied.Symfony.Sdk\PeachPied.Symfony.Sdk.csproj", "{AABC2D2E-FC46-4BB2-AC81-77AC56B68E12}"
EndProject
Project("{9A19103F-16F7-4668-BE54-9A1E7A4F7556}") = "PeachPied.Symfony.AspNetCore", "PeachPied.Symfony.AspNetCore\PeachPied.Symfony.AspNetCore.csproj", "{521CB548-EB83-4184-A031-6EB53E96CB88}"
EndProject
Global
	GlobalSection(SolutionConfigurationPlatforms) = preSolution
		Debug|Any CPU = Debug|Any CPU
		Debug|x64 = Debug|x64
		Debug|x86 = Debug|x86
		Release|Any CPU = Release|Any CPU
		Release|x64 = Release|x64
		Release|x86 = Release|x86
		Symfony.AspNetCore Only|Any CPU = Symfony.AspNetCore Only|Any CPU
		Symfony.AspNetCore Only|x64 = Symfony.AspNetCore Only|x64
		Symfony.AspNetCore Only|x86 = Symfony.AspNetCore Only|x86
	EndGlobalSection
	GlobalSection(ProjectConfigurationPlatforms) = postSolution
		{A271793F-72BF-429D-9EC8-83C03559CBD6}.Debug|Any CPU.ActiveCfg = Debug|Any CPU
		{A271793F-72BF-429D-9EC8-83C03559CBD6}.Debug|Any CPU.Build.0 = Debug|Any CPU
		{A271793F-72BF-429D-9EC8-83C03559CBD6}.Debug|x64.ActiveCfg = Debug|Any CPU
		{A271793F-72BF-429D-9EC8-83C03559CBD6}.Debug|x64.Build.0 = Debug|Any CPU
		{A271793F-72BF-429D-9EC8-83C03559CBD6}.Debug|x86.ActiveCfg = Debug|Any CPU
		{A271793F-72BF-429D-9EC8-83C03559CBD6}.Debug|x86.Build.0 = Debug|Any CPU
		{A271793F-72BF-429D-9EC8-83C03559CBD6}.Release|Any CPU.ActiveCfg = Release|Any CPU
		{A271793F-72BF-429D-9EC8-83C03559CBD6}.Release|Any CPU.Build.0 = Release|Any CPU
		{A271793F-72BF-429D-9EC8-83C03559CBD6}.Release|x64.ActiveCfg = Release|Any CPU
		{A271793F-72BF-429D-9EC8-83C03559CBD6}.Release|x64.Build.0 = Release|Any CPU
		{A271793F-72BF-429D-9EC8-83C03559CBD6}.Release|x86.ActiveCfg = Release|Any CPU
		{A271793F-72BF-429D-9EC8-83C03559CBD6}.Release|x86.Build.0 = Release|Any CPU
		{A271793F-72BF-429D-9EC8-83C03559CBD6}.Symfony.AspNetCore Only|Any CPU.ActiveCfg = Debug|Any CPU
		{A271793F-72BF-429D-9EC8-83C03559CBD6}.Symfony.AspNetCore Only|x64.ActiveCfg = Debug|Any CPU
		{A271793F-72BF-429D-9EC8-83C03559CBD6}.Symfony.AspNetCore Only|x64.Build.0 = Debug|Any CPU
		{A271793F-72BF-429D-9EC8-83C03559CBD6}.Symfony.AspNetCore Only|x86.ActiveCfg = Debug|Any CPU
		{A271793F-72BF-429D-9EC8-83C03559CBD6}.Symfony.AspNetCore Only|x86.Build.0 = Debug|Any CPU
		{AF5D53C1-32B5-473F-9229-817608068701}.Debug|Any CPU.ActiveCfg = Debug|Any CPU
		{AF5D53C1-32B5-473F-9229-817608068701}.Debug|Any CPU.Build.0 = Debug|Any CPU
		{AF5D53C1-32B5-473F-9229-817608068701}.Debug|x64.ActiveCfg = Debug|Any CPU
		{AF5D53C1-32B5-473F-9229-817608068701}.Debug|x64.Build.0 = Debug|Any CPU
		{AF5D53C1-32B5-473F-9229-817608068701}.Debug|x86.ActiveCfg = Debug|Any CPU
		{AF5D53C1-32B5-473F-9229-817608068701}.Debug|x86.Build.0 = Debug|Any CPU
		{AF5D53C1-32B5-473F-9229-817608068701}.Release|Any CPU.ActiveCfg = Release|Any CPU
		{AF5D53C1-32B5-473F-9229-817608068701}.Release|Any CPU.Build.0 = Release|Any CPU
		{AF5D53C1-32B5-473F-9229-817608068701}.Release|x64.ActiveCfg = Release|Any CPU
		{AF5D53C1-32B5-473F-9229-817608068701}.Release|x64.Build.0 = Release|Any CPU
		{AF5D53C1-32B5-473F-9229-817608068701}.Release|x86.ActiveCfg = Release|Any CPU
		{AF5D53C1-32B5-473F-9229-817608068701}.Release|x86.Build.0 = Release|Any CPU
		{AF5D53C1-32B5-473F-9229-817608068701}.Symfony.AspNetCore Only|Any CPU.ActiveCfg = Debug|Any CPU
		{AF5D53C1-32B5-473F-9229-817608068701}.Symfony.AspNetCore Only|Any CPU.Build.0 = Debug|Any CPU
		{AF5D53C1-32B5-473F-9229-817608068701}.Symfony.AspNetCore Only|x64.ActiveCfg = Debug|Any CPU
		{AF5D53C1-32B5-473F-9229-817608068701}.Symfony.AspNetCore Only|x64.Build.0 = Debug|Any CPU
		{AF5D53C1-32B5-473F-9229-817608068701}.Symfony.AspNetCore Only|x86.ActiveCfg = Debug|Any CPU
		{AF5D53C1-32B5-473F-9229-817608068701}.Symfony.AspNetCore Only|x86.Build.0 = Debug|Any CPU
		{9CC0C28F-E869-404B-AD08-BB825615AE2F}.Debug|Any CPU.ActiveCfg = Debug|Any CPU
		{9CC0C28F-E869-404B-AD08-BB825615AE2F}.Debug|Any CPU.Build.0 = Debug|Any CPU
		{9CC0C28F-E869-404B-AD08-BB825615AE2F}.Debug|x64.ActiveCfg = Debug|Any CPU
		{9CC0C28F-E869-404B-AD08-BB825615AE2F}.Debug|x64.Build.0 = Debug|Any CPU
		{9CC0C28F-E869-404B-AD08-BB825615AE2F}.Debug|x86.ActiveCfg = Debug|Any CPU
		{9CC0C28F-E869-404B-AD08-BB825615AE2F}.Debug|x86.Build.0 = Debug|Any CPU
		{9CC0C28F-E869-404B-AD08-BB825615AE2F}.Release|Any CPU.ActiveCfg = Release|Any CPU
		{9CC0C28F-E869-404B-AD08-BB825615AE2F}.Release|Any CPU.Build.0 = Release|Any CPU
		{9CC0C28F-E869-404B-AD08-BB825615AE2F}.Release|x64.ActiveCfg = Release|Any CPU
		{9CC0C28F-E869-404B-AD08-BB825615AE2F}.Release|x64.Build.0 = Release|Any CPU
		{9CC0C28F-E869-404B-AD08-BB825615AE2F}.Release|x86.ActiveCfg = Release|Any CPU
		{9CC0C28F-E869-404B-AD08-BB825615AE2F}.Release|x86.Build.0 = Release|Any CPU
		{9CC0C28F-E869-404B-AD08-BB825615AE2F}.Symfony.AspNetCore Only|Any CPU.ActiveCfg = Debug|Any CPU
		{9CC0C28F-E869-404B-AD08-BB825615AE2F}.Symfony.AspNetCore Only|x64.ActiveCfg = Debug|Any CPU
		{9CC0C28F-E869-404B-AD08-BB825615AE2F}.Symfony.AspNetCore Only|x64.Build.0 = Debug|Any CPU
		{9CC0C28F-E869-404B-AD08-BB825615AE2F}.Symfony.AspNetCore Only|x86.ActiveCfg = Debug|Any CPU
		{9CC0C28F-E869-404B-AD08-BB825615AE2F}.Symfony.AspNetCore Only|x86.Build.0 = Debug|Any CPU
		{C143399B-07FC-4FCC-8F22-60E2D24FE6B1}.Debug|Any CPU.ActiveCfg = Debug|Any CPU
		{C143399B-07FC-4FCC-8F22-60E2D24FE6B1}.Debug|Any CPU.Build.0 = Debug|Any CPU
		{C143399B-07FC-4FCC-8F22-60E2D24FE6B1}.Debug|x64.ActiveCfg = Debug|Any CPU
		{C143399B-07FC-4FCC-8F22-60E2D24FE6B1}.Debug|x64.Build.0 = Debug|Any CPU
		{C143399B-07FC-4FCC-8F22-60E2D24FE6B1}.Debug|x86.ActiveCfg = Debug|Any CPU
		{C143399B-07FC-4FCC-8F22-60E2D24FE6B1}.Debug|x86.Build.0 = Debug|Any CPU
		{C143399B-07FC-4FCC-8F22-60E2D24FE6B1}.Release|Any CPU.ActiveCfg = Release|Any CPU
		{C143399B-07FC-4FCC-8F22-60E2D24FE6B1}.Release|Any CPU.Build.0 = Release|Any CPU
		{C143399B-07FC-4FCC-8F22-60E2D24FE6B1}.Release|x64.ActiveCfg = Release|Any CPU
		{C143399B-07FC-4FCC-8F22-60E2D24FE6B1}.Release|x64.Build.0 = Release|Any CPU
		{C143399B-07FC-4FCC-8F22-60E2D24FE6B1}.Release|x86.ActiveCfg = Release|Any CPU
		{C143399B-07FC-4FCC-8F22-60E2D24FE6B1}.Release|x86.Build.0 = Release|Any CPU
		{C143399B-07FC-4FCC-8F22-60E2D24FE6B1}.Symfony.AspNetCore Only|Any CPU.ActiveCfg = Debug|Any CPU
		{C143399B-07FC-4FCC-8F22-60E2D24FE6B1}.Symfony.AspNetCore Only|x64.ActiveCfg = Debug|Any CPU
		{C143399B-07FC-4FCC-8F22-60E2D24FE6B1}.Symfony.AspNetCore Only|x64.Build.0 = Debug|Any CPU
		{C143399B-07FC-4FCC-8F22-60E2D24FE6B1}.Symfony.AspNetCore Only|x86.ActiveCfg = Debug|Any CPU
		{C143399B-07FC-4FCC-8F22-60E2D24FE6B1}.Symfony.AspNetCore Only|x86.Build.0 = Debug|Any CPU
		{7B997D0A-D9EF-47D9-9BDF-48183915B0DC}.Debug|Any CPU.ActiveCfg = Debug|Any CPU
		{7B997D0A-D9EF-47D9-9BDF-48183915B0DC}.Debug|Any CPU.Build.0 = Debug|Any CPU
		{7B997D0A-D9EF-47D9-9BDF-48183915B0DC}.Debug|x64.ActiveCfg = Debug|Any CPU
		{7B997D0A-D9EF-47D9-9BDF-48183915B0DC}.Debug|x64.Build.0 = Debug|Any CPU
		{7B997D0A-D9EF-47D9-9BDF-48183915B0DC}.Debug|x86.ActiveCfg = Debug|Any CPU
		{7B997D0A-D9EF-47D9-9BDF-48183915B0DC}.Debug|x86.Build.0 = Debug|Any CPU
		{7B997D0A-D9EF-47D9-9BDF-48183915B0DC}.Release|Any CPU.ActiveCfg = Release|Any CPU
		{7B997D0A-D9EF-47D9-9BDF-48183915B0DC}.Release|Any CPU.Build.0 = Release|Any CPU
		{7B997D0A-D9EF-47D9-9BDF-48183915B0DC}.Release|x64.ActiveCfg = Release|Any CPU
		{7B997D0A-D9EF-47D9-9BDF-48183915B0DC}.Release|x64.Build.0 = Release|Any CPU
		{7B997D0A-D9EF-47D9-9BDF-48183915B0DC}.Release|x86.ActiveCfg = Release|Any CPU
		{7B997D0A-D9EF-47D9-9BDF-48183915B0DC}.Release|x86.Build.0 = Release|Any CPU
		{7B997D0A-D9EF-47D9-9BDF-48183915B0DC}.Symfony.AspNetCore Only|Any CPU.ActiveCfg = Debug|Any CPU
		{7B997D0A-D9EF-47D9-9BDF-48183915B0DC}.Symfony.AspNetCore Only|x64.ActiveCfg = Debug|Any CPU
		{7B997D0A-D9EF-47D9-9BDF-48183915B0DC}.Symfony.AspNetCore Only|x64.Build.0 = Debug|Any CPU
		{7B997D0A-D9EF-47D9-9BDF-48183915B0DC}.Symfony.AspNetCore Only|x86.ActiveCfg = Debug|Any CPU
		{7B997D0A-D9EF-47D9-9BDF-48183915B0DC}.Symfony.AspNetCore Only|x86.Build.0 = Debug|Any CPU
		{E6AE7BCA-7C86-4CC6-8499-3A3B581F9F60}.Debug|Any CPU.ActiveCfg = Debug|Any CPU
		{E6AE7BCA-7C86-4CC6-8499-3A3B581F9F60}.Debug|Any CPU.Build.0 = Debug|Any CPU
		{E6AE7BCA-7C86-4CC6-8499-3A3B581F9F60}.Debug|x64.ActiveCfg = Debug|Any CPU
		{E6AE7BCA-7C86-4CC6-8499-3A3B581F9F60}.Debug|x64.Build.0 = Debug|Any CPU
		{E6AE7BCA-7C86-4CC6-8499-3A3B581F9F60}.Debug|x86.ActiveCfg = Debug|Any CPU
		{E6AE7BCA-7C86-4CC6-8499-3A3B581F9F60}.Debug|x86.Build.0 = Debug|Any CPU
		{E6AE7BCA-7C86-4CC6-8499-3A3B581F9F60}.Release|Any CPU.ActiveCfg = Release|Any CPU
		{E6AE7BCA-7C86-4CC6-8499-3A3B581F9F60}.Release|Any CPU.Build.0 = Release|Any CPU
		{E6AE7BCA-7C86-4CC6-8499-3A3B581F9F60}.Release|x64.ActiveCfg = Release|Any CPU
		{E6AE7BCA-7C86-4CC6-8499-3A3B581F9F60}.Release|x64.Build.0 = Release|Any CPU
		{E6AE7BCA-7C86-4CC6-8499-3A3B581F9F60}.Release|x86.ActiveCfg = Release|Any CPU
		{E6AE7BCA-7C86-4CC6-8499-3A3B581F9F60}.Release|x86.Build.0 = Release|Any CPU
		{E6AE7BCA-7C86-4CC6-8499-3A3B581F9F60}.Symfony.AspNetCore Only|Any CPU.ActiveCfg = Debug|Any CPU
		{E6AE7BCA-7C86-4CC6-8499-3A3B581F9F60}.Symfony.AspNetCore Only|x64.ActiveCfg = Debug|Any CPU
		{E6AE7BCA-7C86-4CC6-8499-3A3B581F9F60}.Symfony.AspNetCore Only|x64.Build.0 = Debug|Any CPU
		{E6AE7BCA-7C86-4CC6-8499-3A3B581F9F60}.Symfony.AspNetCore Only|x86.ActiveCfg = Debug|Any CPU
		{E6AE7BCA-7C86-4CC6-8499-3A3B581F9F60}.Symfony.AspNetCore Only|x86.Build.0 = Debug|Any CPU
		{C58C3755-A0AD-4E6C-9875-297373CD6EDD}.Debug|Any CPU.ActiveCfg = Debug|Any CPU
		{C58C3755-A0AD-4E6C-9875-297373CD6EDD}.Debug|Any CPU.Build.0 = Debug|Any CPU
		{C58C3755-A0AD-4E6C-9875-297373CD6EDD}.Debug|x64.ActiveCfg = Debug|Any CPU
		{C58C3755-A0AD-4E6C-9875-297373CD6EDD}.Debug|x64.Build.0 = Debug|Any CPU
		{C58C3755-A0AD-4E6C-9875-297373CD6EDD}.Debug|x86.ActiveCfg = Debug|Any CPU
		{C58C3755-A0AD-4E6C-9875-297373CD6EDD}.Debug|x86.Build.0 = Debug|Any CPU
		{C58C3755-A0AD-4E6C-9875-297373CD6EDD}.Release|Any CPU.ActiveCfg = Release|Any CPU
		{C58C3755-A0AD-4E6C-9875-297373CD6EDD}.Release|Any CPU.Build.0 = Release|Any CPU
		{C58C3755-A0AD-4E6C-9875-297373CD6EDD}.Release|x64.ActiveCfg = Release|Any CPU
		{C58C3755-A0AD-4E6C-9875-297373CD6EDD}.Release|x64.Build.0 = Release|Any CPU
		{C58C3755-A0AD-4E6C-9875-297373CD6EDD}.Release|x86.ActiveCfg = Release|Any CPU
		{C58C3755-A0AD-4E6C-9875-297373CD6EDD}.Release|x86.Build.0 = Release|Any CPU
		{C58C3755-A0AD-4E6C-9875-297373CD6EDD}.Symfony.AspNetCore Only|Any CPU.ActiveCfg = Debug|Any CPU
		{C58C3755-A0AD-4E6C-9875-297373CD6EDD}.Symfony.AspNetCore Only|x64.ActiveCfg = Debug|Any CPU
		{C58C3755-A0AD-4E6C-9875-297373CD6EDD}.Symfony.AspNetCore Only|x64.Build.0 = Debug|Any CPU
		{C58C3755-A0AD-4E6C-9875-297373CD6EDD}.Symfony.AspNetCore Only|x86.ActiveCfg = Debug|Any CPU
		{C58C3755-A0AD-4E6C-9875-297373CD6EDD}.Symfony.AspNetCore Only|x86.Build.0 = Debug|Any CPU
		{707FD674-F47E-45BF-B97F-C6078CD6FF0F}.Debug|Any CPU.ActiveCfg = Debug|Any CPU
		{707FD674-F47E-45BF-B97F-C6078CD6FF0F}.Debug|Any CPU.Build.0 = Debug|Any CPU
		{707FD674-F47E-45BF-B97F-C6078CD6FF0F}.Debug|x64.ActiveCfg = Debug|Any CPU
		{707FD674-F47E-45BF-B97F-C6078CD6FF0F}.Debug|x64.Build.0 = Debug|Any CPU
		{707FD674-F47E-45BF-B97F-C6078CD6FF0F}.Debug|x86.ActiveCfg = Debug|Any CPU
		{707FD674-F47E-45BF-B97F-C6078CD6FF0F}.Debug|x86.Build.0 = Debug|Any CPU
		{707FD674-F47E-45BF-B97F-C6078CD6FF0F}.Release|Any CPU.ActiveCfg = Release|Any CPU
		{707FD674-F47E-45BF-B97F-C6078CD6FF0F}.Release|Any CPU.Build.0 = Release|Any CPU
		{707FD674-F47E-45BF-B97F-C6078CD6FF0F}.Release|x64.ActiveCfg = Release|Any CPU
		{707FD674-F47E-45BF-B97F-C6078CD6FF0F}.Release|x64.Build.0 = Release|Any CPU
		{707FD674-F47E-45BF-B97F-C6078CD6FF0F}.Release|x86.ActiveCfg = Release|Any CPU
		{707FD674-F47E-45BF-B97F-C6078CD6FF0F}.Release|x86.Build.0 = Release|Any CPU
		{707FD674-F47E-45BF-B97F-C6078CD6FF0F}.Symfony.AspNetCore Only|Any CPU.ActiveCfg = Debug|Any CPU
		{707FD674-F47E-45BF-B97F-C6078CD6FF0F}.Symfony.AspNetCore Only|x64.ActiveCfg = Debug|Any CPU
		{707FD674-F47E-45BF-B97F-C6078CD6FF0F}.Symfony.AspNetCore Only|x64.Build.0 = Debug|Any CPU
		{707FD674-F47E-45BF-B97F-C6078CD6FF0F}.Symfony.AspNetCore Only|x86.ActiveCfg = Debug|Any CPU
		{707FD674-F47E-45BF-B97F-C6078CD6FF0F}.Symfony.AspNetCore Only|x86.Build.0 = Debug|Any CPU
		{D2E45035-BB40-44DD-880F-8DAC528F597B}.Debug|Any CPU.ActiveCfg = Debug|Any CPU
		{D2E45035-BB40-44DD-880F-8DAC528F597B}.Debug|Any CPU.Build.0 = Debug|Any CPU
		{D2E45035-BB40-44DD-880F-8DAC528F597B}.Debug|x64.ActiveCfg = Debug|Any CPU
		{D2E45035-BB40-44DD-880F-8DAC528F597B}.Debug|x64.Build.0 = Debug|Any CPU
		{D2E45035-BB40-44DD-880F-8DAC528F597B}.Debug|x86.ActiveCfg = Debug|Any CPU
		{D2E45035-BB40-44DD-880F-8DAC528F597B}.Debug|x86.Build.0 = Debug|Any CPU
		{D2E45035-BB40-44DD-880F-8DAC528F597B}.Release|Any CPU.ActiveCfg = Release|Any CPU
		{D2E45035-BB40-44DD-880F-8DAC528F597B}.Release|Any CPU.Build.0 = Release|Any CPU
		{D2E45035-BB40-44DD-880F-8DAC528F597B}.Release|x64.ActiveCfg = Release|Any CPU
		{D2E45035-BB40-44DD-880F-8DAC528F597B}.Release|x64.Build.0 = Release|Any CPU
		{D2E45035-BB40-44DD-880F-8DAC528F597B}.Release|x86.ActiveCfg = Release|Any CPU
		{D2E45035-BB40-44DD-880F-8DAC528F597B}.Release|x86.Build.0 = Release|Any CPU
		{D2E45035-BB40-44DD-880F-8DAC528F597B}.Symfony.AspNetCore Only|Any CPU.ActiveCfg = Debug|Any CPU
		{D2E45035-BB40-44DD-880F-8DAC528F597B}.Symfony.AspNetCore Only|x64.ActiveCfg = Debug|Any CPU
		{D2E45035-BB40-44DD-880F-8DAC528F597B}.Symfony.AspNetCore Only|x64.Build.0 = Debug|Any CPU
		{D2E45035-BB40-44DD-880F-8DAC528F597B}.Symfony.AspNetCore Only|x86.ActiveCfg = Debug|Any CPU
		{D2E45035-BB40-44DD-880F-8DAC528F597B}.Symfony.AspNetCore Only|x86.Build.0 = Debug|Any CPU
		{8DE3084E-7112-407F-AED8-CA1D1BA653A9}.Debug|Any CPU.ActiveCfg = Debug|Any CPU
		{8DE3084E-7112-407F-AED8-CA1D1BA653A9}.Debug|Any CPU.Build.0 = Debug|Any CPU
		{8DE3084E-7112-407F-AED8-CA1D1BA653A9}.Debug|x64.ActiveCfg = Debug|Any CPU
		{8DE3084E-7112-407F-AED8-CA1D1BA653A9}.Debug|x64.Build.0 = Debug|Any CPU
		{8DE3084E-7112-407F-AED8-CA1D1BA653A9}.Debug|x86.ActiveCfg = Debug|Any CPU
		{8DE3084E-7112-407F-AED8-CA1D1BA653A9}.Debug|x86.Build.0 = Debug|Any CPU
		{8DE3084E-7112-407F-AED8-CA1D1BA653A9}.Release|Any CPU.ActiveCfg = Release|Any CPU
		{8DE3084E-7112-407F-AED8-CA1D1BA653A9}.Release|Any CPU.Build.0 = Release|Any CPU
		{8DE3084E-7112-407F-AED8-CA1D1BA653A9}.Release|x64.ActiveCfg = Release|Any CPU
		{8DE3084E-7112-407F-AED8-CA1D1BA653A9}.Release|x64.Build.0 = Release|Any CPU
		{8DE3084E-7112-407F-AED8-CA1D1BA653A9}.Release|x86.ActiveCfg = Release|Any CPU
		{8DE3084E-7112-407F-AED8-CA1D1BA653A9}.Release|x86.Build.0 = Release|Any CPU
		{8DE3084E-7112-407F-AED8-CA1D1BA653A9}.Symfony.AspNetCore Only|Any CPU.ActiveCfg = Debug|Any CPU
		{8DE3084E-7112-407F-AED8-CA1D1BA653A9}.Symfony.AspNetCore Only|x64.ActiveCfg = Debug|Any CPU
		{8DE3084E-7112-407F-AED8-CA1D1BA653A9}.Symfony.AspNetCore Only|x64.Build.0 = Debug|Any CPU
		{8DE3084E-7112-407F-AED8-CA1D1BA653A9}.Symfony.AspNetCore Only|x86.ActiveCfg = Debug|Any CPU
		{8DE3084E-7112-407F-AED8-CA1D1BA653A9}.Symfony.AspNetCore Only|x86.Build.0 = Debug|Any CPU
		{DC02D27A-5260-4C25-8DD8-BB165F85268C}.Debug|Any CPU.ActiveCfg = Debug|Any CPU
		{DC02D27A-5260-4C25-8DD8-BB165F85268C}.Debug|Any CPU.Build.0 = Debug|Any CPU
		{DC02D27A-5260-4C25-8DD8-BB165F85268C}.Debug|x64.ActiveCfg = Debug|Any CPU
		{DC02D27A-5260-4C25-8DD8-BB165F85268C}.Debug|x64.Build.0 = Debug|Any CPU
		{DC02D27A-5260-4C25-8DD8-BB165F85268C}.Debug|x86.ActiveCfg = Debug|Any CPU
		{DC02D27A-5260-4C25-8DD8-BB165F85268C}.Debug|x86.Build.0 = Debug|Any CPU
		{DC02D27A-5260-4C25-8DD8-BB165F85268C}.Release|Any CPU.ActiveCfg = Release|Any CPU
		{DC02D27A-5260-4C25-8DD8-BB165F85268C}.Release|Any CPU.Build.0 = Release|Any CPU
		{DC02D27A-5260-4C25-8DD8-BB165F85268C}.Release|x64.ActiveCfg = Release|Any CPU
		{DC02D27A-5260-4C25-8DD8-BB165F85268C}.Release|x64.Build.0 = Release|Any CPU
		{DC02D27A-5260-4C25-8DD8-BB165F85268C}.Release|x86.ActiveCfg = Release|Any CPU
		{DC02D27A-5260-4C25-8DD8-BB165F85268C}.Release|x86.Build.0 = Release|Any CPU
		{DC02D27A-5260-4C25-8DD8-BB165F85268C}.Symfony.AspNetCore Only|Any CPU.ActiveCfg = Debug|Any CPU
		{DC02D27A-5260-4C25-8DD8-BB165F85268C}.Symfony.AspNetCore Only|x64.ActiveCfg = Debug|Any CPU
		{DC02D27A-5260-4C25-8DD8-BB165F85268C}.Symfony.AspNetCore Only|x64.Build.0 = Debug|Any CPU
		{DC02D27A-5260-4C25-8DD8-BB165F85268C}.Symfony.AspNetCore Only|x86.ActiveCfg = Debug|Any CPU
		{DC02D27A-5260-4C25-8DD8-BB165F85268C}.Symfony.AspNetCore Only|x86.Build.0 = Debug|Any CPU
		{12605BC4-A2FF-4BDA-A1BF-19A41A74C125}.Debug|Any CPU.ActiveCfg = Debug|Any CPU
		{12605BC4-A2FF-4BDA-A1BF-19A41A74C125}.Debug|Any CPU.Build.0 = Debug|Any CPU
		{12605BC4-A2FF-4BDA-A1BF-19A41A74C125}.Debug|x64.ActiveCfg = Debug|Any CPU
		{12605BC4-A2FF-4BDA-A1BF-19A41A74C125}.Debug|x64.Build.0 = Debug|Any CPU
		{12605BC4-A2FF-4BDA-A1BF-19A41A74C125}.Debug|x86.ActiveCfg = Debug|Any CPU
		{12605BC4-A2FF-4BDA-A1BF-19A41A74C125}.Debug|x86.Build.0 = Debug|Any CPU
		{12605BC4-A2FF-4BDA-A1BF-19A41A74C125}.Release|Any CPU.ActiveCfg = Release|Any CPU
		{12605BC4-A2FF-4BDA-A1BF-19A41A74C125}.Release|Any CPU.Build.0 = Release|Any CPU
		{12605BC4-A2FF-4BDA-A1BF-19A41A74C125}.Release|x64.ActiveCfg = Release|Any CPU
		{12605BC4-A2FF-4BDA-A1BF-19A41A74C125}.Release|x64.Build.0 = Release|Any CPU
		{12605BC4-A2FF-4BDA-A1BF-19A41A74C125}.Release|x86.ActiveCfg = Release|Any CPU
		{12605BC4-A2FF-4BDA-A1BF-19A41A74C125}.Release|x86.Build.0 = Release|Any CPU
		{12605BC4-A2FF-4BDA-A1BF-19A41A74C125}.Symfony.AspNetCore Only|Any CPU.ActiveCfg = Debug|Any CPU
		{12605BC4-A2FF-4BDA-A1BF-19A41A74C125}.Symfony.AspNetCore Only|x64.ActiveCfg = Debug|Any CPU
		{12605BC4-A2FF-4BDA-A1BF-19A41A74C125}.Symfony.AspNetCore Only|x64.Build.0 = Debug|Any CPU
		{12605BC4-A2FF-4BDA-A1BF-19A41A74C125}.Symfony.AspNetCore Only|x86.ActiveCfg = Debug|Any CPU
		{12605BC4-A2FF-4BDA-A1BF-19A41A74C125}.Symfony.AspNetCore Only|x86.Build.0 = Debug|Any CPU
		{6D1774DD-E61D-4AC1-9B71-488118BAECCE}.Debug|Any CPU.ActiveCfg = Debug|Any CPU
		{6D1774DD-E61D-4AC1-9B71-488118BAECCE}.Debug|Any CPU.Build.0 = Debug|Any CPU
		{6D1774DD-E61D-4AC1-9B71-488118BAECCE}.Debug|x64.ActiveCfg = Debug|Any CPU
		{6D1774DD-E61D-4AC1-9B71-488118BAECCE}.Debug|x64.Build.0 = Debug|Any CPU
		{6D1774DD-E61D-4AC1-9B71-488118BAECCE}.Debug|x86.ActiveCfg = Debug|Any CPU
		{6D1774DD-E61D-4AC1-9B71-488118BAECCE}.Debug|x86.Build.0 = Debug|Any CPU
		{6D1774DD-E61D-4AC1-9B71-488118BAECCE}.Release|Any CPU.ActiveCfg = Release|Any CPU
		{6D1774DD-E61D-4AC1-9B71-488118BAECCE}.Release|Any CPU.Build.0 = Release|Any CPU
		{6D1774DD-E61D-4AC1-9B71-488118BAECCE}.Release|x64.ActiveCfg = Release|Any CPU
		{6D1774DD-E61D-4AC1-9B71-488118BAECCE}.Release|x64.Build.0 = Release|Any CPU
		{6D1774DD-E61D-4AC1-9B71-488118BAECCE}.Release|x86.ActiveCfg = Release|Any CPU
		{6D1774DD-E61D-4AC1-9B71-488118BAECCE}.Release|x86.Build.0 = Release|Any CPU
		{6D1774DD-E61D-4AC1-9B71-488118BAECCE}.Symfony.AspNetCore Only|Any CPU.ActiveCfg = Debug|Any CPU
		{6D1774DD-E61D-4AC1-9B71-488118BAECCE}.Symfony.AspNetCore Only|x64.ActiveCfg = Debug|Any CPU
		{6D1774DD-E61D-4AC1-9B71-488118BAECCE}.Symfony.AspNetCore Only|x64.Build.0 = Debug|Any CPU
		{6D1774DD-E61D-4AC1-9B71-488118BAECCE}.Symfony.AspNetCore Only|x86.ActiveCfg = Debug|Any CPU
		{6D1774DD-E61D-4AC1-9B71-488118BAECCE}.Symfony.AspNetCore Only|x86.Build.0 = Debug|Any CPU
		{BD929D58-375A-4CF1-BD38-FA2BE86922BF}.Debug|Any CPU.ActiveCfg = Debug|Any CPU
		{BD929D58-375A-4CF1-BD38-FA2BE86922BF}.Debug|Any CPU.Build.0 = Debug|Any CPU
		{BD929D58-375A-4CF1-BD38-FA2BE86922BF}.Debug|x64.ActiveCfg = Debug|Any CPU
		{BD929D58-375A-4CF1-BD38-FA2BE86922BF}.Debug|x64.Build.0 = Debug|Any CPU
		{BD929D58-375A-4CF1-BD38-FA2BE86922BF}.Debug|x86.ActiveCfg = Debug|Any CPU
		{BD929D58-375A-4CF1-BD38-FA2BE86922BF}.Debug|x86.Build.0 = Debug|Any CPU
		{BD929D58-375A-4CF1-BD38-FA2BE86922BF}.Release|Any CPU.ActiveCfg = Release|Any CPU
		{BD929D58-375A-4CF1-BD38-FA2BE86922BF}.Release|Any CPU.Build.0 = Release|Any CPU
		{BD929D58-375A-4CF1-BD38-FA2BE86922BF}.Release|x64.ActiveCfg = Release|Any CPU
		{BD929D58-375A-4CF1-BD38-FA2BE86922BF}.Release|x64.Build.0 = Release|Any CPU
		{BD929D58-375A-4CF1-BD38-FA2BE86922BF}.Release|x86.ActiveCfg = Release|Any CPU
		{BD929D58-375A-4CF1-BD38-FA2BE86922BF}.Release|x86.Build.0 = Release|Any CPU
		{BD929D58-375A-4CF1-BD38-FA2BE86922BF}.Symfony.AspNetCore Only|Any CPU.ActiveCfg = Debug|Any CPU
		{BD929D58-375A-4CF1-BD38-FA2BE86922BF}.Symfony.AspNetCore Only|x64.ActiveCfg = Debug|Any CPU
		{BD929D58-375A-4CF1-BD38-FA2BE86922BF}.Symfony.AspNetCore Only|x64.Build.0 = Debug|Any CPU
		{BD929D58-375A-4CF1-BD38-FA2BE86922BF}.Symfony.AspNetCore Only|x86.ActiveCfg = Debug|Any CPU
		{BD929D58-375A-4CF1-BD38-FA2BE86922BF}.Symfony.AspNetCore Only|x86.Build.0 = Debug|Any CPU
		{15223F48-89F0-41BD-A29A-27864DDADD95}.Debug|Any CPU.ActiveCfg = Debug|Any CPU
		{15223F48-89F0-41BD-A29A-27864DDADD95}.Debug|Any CPU.Build.0 = Debug|Any CPU
		{15223F48-89F0-41BD-A29A-27864DDADD95}.Debug|x64.ActiveCfg = Debug|Any CPU
		{15223F48-89F0-41BD-A29A-27864DDADD95}.Debug|x64.Build.0 = Debug|Any CPU
		{15223F48-89F0-41BD-A29A-27864DDADD95}.Debug|x86.ActiveCfg = Debug|Any CPU
		{15223F48-89F0-41BD-A29A-27864DDADD95}.Debug|x86.Build.0 = Debug|Any CPU
		{15223F48-89F0-41BD-A29A-27864DDADD95}.Release|Any CPU.ActiveCfg = Release|Any CPU
		{15223F48-89F0-41BD-A29A-27864DDADD95}.Release|Any CPU.Build.0 = Release|Any CPU
		{15223F48-89F0-41BD-A29A-27864DDADD95}.Release|x64.ActiveCfg = Release|Any CPU
		{15223F48-89F0-41BD-A29A-27864DDADD95}.Release|x64.Build.0 = Release|Any CPU
		{15223F48-89F0-41BD-A29A-27864DDADD95}.Release|x86.ActiveCfg = Release|Any CPU
		{15223F48-89F0-41BD-A29A-27864DDADD95}.Release|x86.Build.0 = Release|Any CPU
		{15223F48-89F0-41BD-A29A-27864DDADD95}.Symfony.AspNetCore Only|Any CPU.ActiveCfg = Debug|Any CPU
		{15223F48-89F0-41BD-A29A-27864DDADD95}.Symfony.AspNetCore Only|x64.ActiveCfg = Debug|Any CPU
		{15223F48-89F0-41BD-A29A-27864DDADD95}.Symfony.AspNetCore Only|x64.Build.0 = Debug|Any CPU
		{15223F48-89F0-41BD-A29A-27864DDADD95}.Symfony.AspNetCore Only|x86.ActiveCfg = Debug|Any CPU
		{15223F48-89F0-41BD-A29A-27864DDADD95}.Symfony.AspNetCore Only|x86.Build.0 = Debug|Any CPU
		{A0C3C764-2AC4-4E6C-BC01-F5E5739E88D3}.Debug|Any CPU.ActiveCfg = Debug|Any CPU
		{A0C3C764-2AC4-4E6C-BC01-F5E5739E88D3}.Debug|Any CPU.Build.0 = Debug|Any CPU
		{A0C3C764-2AC4-4E6C-BC01-F5E5739E88D3}.Debug|x64.ActiveCfg = Debug|Any CPU
		{A0C3C764-2AC4-4E6C-BC01-F5E5739E88D3}.Debug|x64.Build.0 = Debug|Any CPU
		{A0C3C764-2AC4-4E6C-BC01-F5E5739E88D3}.Debug|x86.ActiveCfg = Debug|Any CPU
		{A0C3C764-2AC4-4E6C-BC01-F5E5739E88D3}.Debug|x86.Build.0 = Debug|Any CPU
		{A0C3C764-2AC4-4E6C-BC01-F5E5739E88D3}.Release|Any CPU.ActiveCfg = Release|Any CPU
		{A0C3C764-2AC4-4E6C-BC01-F5E5739E88D3}.Release|Any CPU.Build.0 = Release|Any CPU
		{A0C3C764-2AC4-4E6C-BC01-F5E5739E88D3}.Release|x64.ActiveCfg = Release|Any CPU
		{A0C3C764-2AC4-4E6C-BC01-F5E5739E88D3}.Release|x64.Build.0 = Release|Any CPU
		{A0C3C764-2AC4-4E6C-BC01-F5E5739E88D3}.Release|x86.ActiveCfg = Release|Any CPU
		{A0C3C764-2AC4-4E6C-BC01-F5E5739E88D3}.Release|x86.Build.0 = Release|Any CPU
		{A0C3C764-2AC4-4E6C-BC01-F5E5739E88D3}.Symfony.AspNetCore Only|Any CPU.ActiveCfg = Debug|Any CPU
		{A0C3C764-2AC4-4E6C-BC01-F5E5739E88D3}.Symfony.AspNetCore Only|x64.ActiveCfg = Debug|Any CPU
		{A0C3C764-2AC4-4E6C-BC01-F5E5739E88D3}.Symfony.AspNetCore Only|x64.Build.0 = Debug|Any CPU
		{A0C3C764-2AC4-4E6C-BC01-F5E5739E88D3}.Symfony.AspNetCore Only|x86.ActiveCfg = Debug|Any CPU
		{A0C3C764-2AC4-4E6C-BC01-F5E5739E88D3}.Symfony.AspNetCore Only|x86.Build.0 = Debug|Any CPU
		{9754C798-ABEA-4F7F-A455-875C514D83FA}.Debug|Any CPU.ActiveCfg = Debug|Any CPU
		{9754C798-ABEA-4F7F-A455-875C514D83FA}.Debug|Any CPU.Build.0 = Debug|Any CPU
		{9754C798-ABEA-4F7F-A455-875C514D83FA}.Debug|x64.ActiveCfg = Debug|Any CPU
		{9754C798-ABEA-4F7F-A455-875C514D83FA}.Debug|x64.Build.0 = Debug|Any CPU
		{9754C798-ABEA-4F7F-A455-875C514D83FA}.Debug|x86.ActiveCfg = Debug|Any CPU
		{9754C798-ABEA-4F7F-A455-875C514D83FA}.Debug|x86.Build.0 = Debug|Any CPU
		{9754C798-ABEA-4F7F-A455-875C514D83FA}.Release|Any CPU.ActiveCfg = Release|Any CPU
		{9754C798-ABEA-4F7F-A455-875C514D83FA}.Release|Any CPU.Build.0 = Release|Any CPU
		{9754C798-ABEA-4F7F-A455-875C514D83FA}.Release|x64.ActiveCfg = Release|Any CPU
		{9754C798-ABEA-4F7F-A455-875C514D83FA}.Release|x64.Build.0 = Release|Any CPU
		{9754C798-ABEA-4F7F-A455-875C514D83FA}.Release|x86.ActiveCfg = Release|Any CPU
		{9754C798-ABEA-4F7F-A455-875C514D83FA}.Release|x86.Build.0 = Release|Any CPU
		{9754C798-ABEA-4F7F-A455-875C514D83FA}.Symfony.AspNetCore Only|Any CPU.ActiveCfg = Debug|Any CPU
		{9754C798-ABEA-4F7F-A455-875C514D83FA}.Symfony.AspNetCore Only|x64.ActiveCfg = Debug|Any CPU
		{9754C798-ABEA-4F7F-A455-875C514D83FA}.Symfony.AspNetCore Only|x64.Build.0 = Debug|Any CPU
		{9754C798-ABEA-4F7F-A455-875C514D83FA}.Symfony.AspNetCore Only|x86.ActiveCfg = Debug|Any CPU
		{9754C798-ABEA-4F7F-A455-875C514D83FA}.Symfony.AspNetCore Only|x86.Build.0 = Debug|Any CPU
		{87F705E4-55CE-421A-8676-2CD14CF741EB}.Debug|Any CPU.ActiveCfg = Debug|Any CPU
		{87F705E4-55CE-421A-8676-2CD14CF741EB}.Debug|Any CPU.Build.0 = Debug|Any CPU
		{87F705E4-55CE-421A-8676-2CD14CF741EB}.Debug|x64.ActiveCfg = Debug|Any CPU
		{87F705E4-55CE-421A-8676-2CD14CF741EB}.Debug|x64.Build.0 = Debug|Any CPU
		{87F705E4-55CE-421A-8676-2CD14CF741EB}.Debug|x86.ActiveCfg = Debug|Any CPU
		{87F705E4-55CE-421A-8676-2CD14CF741EB}.Debug|x86.Build.0 = Debug|Any CPU
		{87F705E4-55CE-421A-8676-2CD14CF741EB}.Release|Any CPU.ActiveCfg = Release|Any CPU
		{87F705E4-55CE-421A-8676-2CD14CF741EB}.Release|Any CPU.Build.0 = Release|Any CPU
		{87F705E4-55CE-421A-8676-2CD14CF741EB}.Release|x64.ActiveCfg = Release|Any CPU
		{87F705E4-55CE-421A-8676-2CD14CF741EB}.Release|x64.Build.0 = Release|Any CPU
		{87F705E4-55CE-421A-8676-2CD14CF741EB}.Release|x86.ActiveCfg = Release|Any CPU
		{87F705E4-55CE-421A-8676-2CD14CF741EB}.Release|x86.Build.0 = Release|Any CPU
		{87F705E4-55CE-421A-8676-2CD14CF741EB}.Symfony.AspNetCore Only|Any CPU.ActiveCfg = Debug|Any CPU
		{87F705E4-55CE-421A-8676-2CD14CF741EB}.Symfony.AspNetCore Only|x64.ActiveCfg = Debug|Any CPU
		{87F705E4-55CE-421A-8676-2CD14CF741EB}.Symfony.AspNetCore Only|x64.Build.0 = Debug|Any CPU
		{87F705E4-55CE-421A-8676-2CD14CF741EB}.Symfony.AspNetCore Only|x86.ActiveCfg = Debug|Any CPU
		{87F705E4-55CE-421A-8676-2CD14CF741EB}.Symfony.AspNetCore Only|x86.Build.0 = Debug|Any CPU
		{29F189C9-9E4A-40A8-B383-A1E2DACA1829}.Debug|Any CPU.ActiveCfg = Debug|Any CPU
		{29F189C9-9E4A-40A8-B383-A1E2DACA1829}.Debug|Any CPU.Build.0 = Debug|Any CPU
		{29F189C9-9E4A-40A8-B383-A1E2DACA1829}.Debug|x64.ActiveCfg = Debug|Any CPU
		{29F189C9-9E4A-40A8-B383-A1E2DACA1829}.Debug|x64.Build.0 = Debug|Any CPU
		{29F189C9-9E4A-40A8-B383-A1E2DACA1829}.Debug|x86.ActiveCfg = Debug|Any CPU
		{29F189C9-9E4A-40A8-B383-A1E2DACA1829}.Debug|x86.Build.0 = Debug|Any CPU
		{29F189C9-9E4A-40A8-B383-A1E2DACA1829}.Release|Any CPU.ActiveCfg = Release|Any CPU
		{29F189C9-9E4A-40A8-B383-A1E2DACA1829}.Release|Any CPU.Build.0 = Release|Any CPU
		{29F189C9-9E4A-40A8-B383-A1E2DACA1829}.Release|x64.ActiveCfg = Release|Any CPU
		{29F189C9-9E4A-40A8-B383-A1E2DACA1829}.Release|x64.Build.0 = Release|Any CPU
		{29F189C9-9E4A-40A8-B383-A1E2DACA1829}.Release|x86.ActiveCfg = Release|Any CPU
		{29F189C9-9E4A-40A8-B383-A1E2DACA1829}.Release|x86.Build.0 = Release|Any CPU
		{29F189C9-9E4A-40A8-B383-A1E2DACA1829}.Symfony.AspNetCore Only|Any CPU.ActiveCfg = Debug|Any CPU
		{29F189C9-9E4A-40A8-B383-A1E2DACA1829}.Symfony.AspNetCore Only|x64.ActiveCfg = Debug|Any CPU
		{29F189C9-9E4A-40A8-B383-A1E2DACA1829}.Symfony.AspNetCore Only|x64.Build.0 = Debug|Any CPU
		{29F189C9-9E4A-40A8-B383-A1E2DACA1829}.Symfony.AspNetCore Only|x86.ActiveCfg = Debug|Any CPU
		{29F189C9-9E4A-40A8-B383-A1E2DACA1829}.Symfony.AspNetCore Only|x86.Build.0 = Debug|Any CPU
		{A09113B7-AE48-4766-B9B4-59EEF5A2D49A}.Debug|Any CPU.ActiveCfg = Debug|Any CPU
		{A09113B7-AE48-4766-B9B4-59EEF5A2D49A}.Debug|Any CPU.Build.0 = Debug|Any CPU
		{A09113B7-AE48-4766-B9B4-59EEF5A2D49A}.Debug|x64.ActiveCfg = Debug|Any CPU
		{A09113B7-AE48-4766-B9B4-59EEF5A2D49A}.Debug|x64.Build.0 = Debug|Any CPU
		{A09113B7-AE48-4766-B9B4-59EEF5A2D49A}.Debug|x86.ActiveCfg = Debug|Any CPU
		{A09113B7-AE48-4766-B9B4-59EEF5A2D49A}.Debug|x86.Build.0 = Debug|Any CPU
		{A09113B7-AE48-4766-B9B4-59EEF5A2D49A}.Release|Any CPU.ActiveCfg = Release|Any CPU
		{A09113B7-AE48-4766-B9B4-59EEF5A2D49A}.Release|Any CPU.Build.0 = Release|Any CPU
		{A09113B7-AE48-4766-B9B4-59EEF5A2D49A}.Release|x64.ActiveCfg = Release|Any CPU
		{A09113B7-AE48-4766-B9B4-59EEF5A2D49A}.Release|x64.Build.0 = Release|Any CPU
		{A09113B7-AE48-4766-B9B4-59EEF5A2D49A}.Release|x86.ActiveCfg = Release|Any CPU
		{A09113B7-AE48-4766-B9B4-59EEF5A2D49A}.Release|x86.Build.0 = Release|Any CPU
		{A09113B7-AE48-4766-B9B4-59EEF5A2D49A}.Symfony.AspNetCore Only|Any CPU.ActiveCfg = Debug|Any CPU
		{A09113B7-AE48-4766-B9B4-59EEF5A2D49A}.Symfony.AspNetCore Only|x64.ActiveCfg = Debug|Any CPU
		{A09113B7-AE48-4766-B9B4-59EEF5A2D49A}.Symfony.AspNetCore Only|x64.Build.0 = Debug|Any CPU
		{A09113B7-AE48-4766-B9B4-59EEF5A2D49A}.Symfony.AspNetCore Only|x86.ActiveCfg = Debug|Any CPU
		{A09113B7-AE48-4766-B9B4-59EEF5A2D49A}.Symfony.AspNetCore Only|x86.Build.0 = Debug|Any CPU
		{60BF41F9-6288-423F-B984-8035350E54F9}.Debug|Any CPU.ActiveCfg = Debug|Any CPU
		{60BF41F9-6288-423F-B984-8035350E54F9}.Debug|Any CPU.Build.0 = Debug|Any CPU
		{60BF41F9-6288-423F-B984-8035350E54F9}.Debug|x64.ActiveCfg = Debug|Any CPU
		{60BF41F9-6288-423F-B984-8035350E54F9}.Debug|x64.Build.0 = Debug|Any CPU
		{60BF41F9-6288-423F-B984-8035350E54F9}.Debug|x86.ActiveCfg = Debug|Any CPU
		{60BF41F9-6288-423F-B984-8035350E54F9}.Debug|x86.Build.0 = Debug|Any CPU
		{60BF41F9-6288-423F-B984-8035350E54F9}.Release|Any CPU.ActiveCfg = Release|Any CPU
		{60BF41F9-6288-423F-B984-8035350E54F9}.Release|Any CPU.Build.0 = Release|Any CPU
		{60BF41F9-6288-423F-B984-8035350E54F9}.Release|x64.ActiveCfg = Release|Any CPU
		{60BF41F9-6288-423F-B984-8035350E54F9}.Release|x64.Build.0 = Release|Any CPU
		{60BF41F9-6288-423F-B984-8035350E54F9}.Release|x86.ActiveCfg = Release|Any CPU
		{60BF41F9-6288-423F-B984-8035350E54F9}.Release|x86.Build.0 = Release|Any CPU
		{60BF41F9-6288-423F-B984-8035350E54F9}.Symfony.AspNetCore Only|Any CPU.ActiveCfg = Debug|Any CPU
		{60BF41F9-6288-423F-B984-8035350E54F9}.Symfony.AspNetCore Only|x64.ActiveCfg = Debug|Any CPU
		{60BF41F9-6288-423F-B984-8035350E54F9}.Symfony.AspNetCore Only|x64.Build.0 = Debug|Any CPU
		{60BF41F9-6288-423F-B984-8035350E54F9}.Symfony.AspNetCore Only|x86.ActiveCfg = Debug|Any CPU
		{60BF41F9-6288-423F-B984-8035350E54F9}.Symfony.AspNetCore Only|x86.Build.0 = Debug|Any CPU
		{58C8D424-1050-4A21-AC3A-E6F7B1E774DA}.Debug|Any CPU.ActiveCfg = Debug|Any CPU
		{58C8D424-1050-4A21-AC3A-E6F7B1E774DA}.Debug|Any CPU.Build.0 = Debug|Any CPU
		{58C8D424-1050-4A21-AC3A-E6F7B1E774DA}.Debug|x64.ActiveCfg = Debug|Any CPU
		{58C8D424-1050-4A21-AC3A-E6F7B1E774DA}.Debug|x64.Build.0 = Debug|Any CPU
		{58C8D424-1050-4A21-AC3A-E6F7B1E774DA}.Debug|x86.ActiveCfg = Debug|Any CPU
		{58C8D424-1050-4A21-AC3A-E6F7B1E774DA}.Debug|x86.Build.0 = Debug|Any CPU
		{58C8D424-1050-4A21-AC3A-E6F7B1E774DA}.Release|Any CPU.ActiveCfg = Release|Any CPU
		{58C8D424-1050-4A21-AC3A-E6F7B1E774DA}.Release|Any CPU.Build.0 = Release|Any CPU
		{58C8D424-1050-4A21-AC3A-E6F7B1E774DA}.Release|x64.ActiveCfg = Release|Any CPU
		{58C8D424-1050-4A21-AC3A-E6F7B1E774DA}.Release|x64.Build.0 = Release|Any CPU
		{58C8D424-1050-4A21-AC3A-E6F7B1E774DA}.Release|x86.ActiveCfg = Release|Any CPU
		{58C8D424-1050-4A21-AC3A-E6F7B1E774DA}.Release|x86.Build.0 = Release|Any CPU
		{58C8D424-1050-4A21-AC3A-E6F7B1E774DA}.Symfony.AspNetCore Only|Any CPU.ActiveCfg = Debug|Any CPU
		{58C8D424-1050-4A21-AC3A-E6F7B1E774DA}.Symfony.AspNetCore Only|x64.ActiveCfg = Debug|Any CPU
		{58C8D424-1050-4A21-AC3A-E6F7B1E774DA}.Symfony.AspNetCore Only|x64.Build.0 = Debug|Any CPU
		{58C8D424-1050-4A21-AC3A-E6F7B1E774DA}.Symfony.AspNetCore Only|x86.ActiveCfg = Debug|Any CPU
		{58C8D424-1050-4A21-AC3A-E6F7B1E774DA}.Symfony.AspNetCore Only|x86.Build.0 = Debug|Any CPU
		{BA51F973-F3CC-4875-8158-BA9D18A5F3BB}.Debug|Any CPU.ActiveCfg = Debug|Any CPU
		{BA51F973-F3CC-4875-8158-BA9D18A5F3BB}.Debug|Any CPU.Build.0 = Debug|Any CPU
		{BA51F973-F3CC-4875-8158-BA9D18A5F3BB}.Debug|x64.ActiveCfg = Debug|Any CPU
		{BA51F973-F3CC-4875-8158-BA9D18A5F3BB}.Debug|x64.Build.0 = Debug|Any CPU
		{BA51F973-F3CC-4875-8158-BA9D18A5F3BB}.Debug|x86.ActiveCfg = Debug|Any CPU
		{BA51F973-F3CC-4875-8158-BA9D18A5F3BB}.Debug|x86.Build.0 = Debug|Any CPU
		{BA51F973-F3CC-4875-8158-BA9D18A5F3BB}.Release|Any CPU.ActiveCfg = Release|Any CPU
		{BA51F973-F3CC-4875-8158-BA9D18A5F3BB}.Release|Any CPU.Build.0 = Release|Any CPU
		{BA51F973-F3CC-4875-8158-BA9D18A5F3BB}.Release|x64.ActiveCfg = Release|Any CPU
		{BA51F973-F3CC-4875-8158-BA9D18A5F3BB}.Release|x64.Build.0 = Release|Any CPU
		{BA51F973-F3CC-4875-8158-BA9D18A5F3BB}.Release|x86.ActiveCfg = Release|Any CPU
		{BA51F973-F3CC-4875-8158-BA9D18A5F3BB}.Release|x86.Build.0 = Release|Any CPU
		{BA51F973-F3CC-4875-8158-BA9D18A5F3BB}.Symfony.AspNetCore Only|Any CPU.ActiveCfg = Debug|Any CPU
		{BA51F973-F3CC-4875-8158-BA9D18A5F3BB}.Symfony.AspNetCore Only|x64.ActiveCfg = Debug|Any CPU
		{BA51F973-F3CC-4875-8158-BA9D18A5F3BB}.Symfony.AspNetCore Only|x64.Build.0 = Debug|Any CPU
		{BA51F973-F3CC-4875-8158-BA9D18A5F3BB}.Symfony.AspNetCore Only|x86.ActiveCfg = Debug|Any CPU
		{BA51F973-F3CC-4875-8158-BA9D18A5F3BB}.Symfony.AspNetCore Only|x86.Build.0 = Debug|Any CPU
		{8AC97E84-F0E1-4368-87C0-729219588EA8}.Debug|Any CPU.ActiveCfg = Debug|Any CPU
		{8AC97E84-F0E1-4368-87C0-729219588EA8}.Debug|Any CPU.Build.0 = Debug|Any CPU
		{8AC97E84-F0E1-4368-87C0-729219588EA8}.Debug|x64.ActiveCfg = Debug|Any CPU
		{8AC97E84-F0E1-4368-87C0-729219588EA8}.Debug|x64.Build.0 = Debug|Any CPU
		{8AC97E84-F0E1-4368-87C0-729219588EA8}.Debug|x86.ActiveCfg = Debug|Any CPU
		{8AC97E84-F0E1-4368-87C0-729219588EA8}.Debug|x86.Build.0 = Debug|Any CPU
		{8AC97E84-F0E1-4368-87C0-729219588EA8}.Release|Any CPU.ActiveCfg = Release|Any CPU
		{8AC97E84-F0E1-4368-87C0-729219588EA8}.Release|Any CPU.Build.0 = Release|Any CPU
		{8AC97E84-F0E1-4368-87C0-729219588EA8}.Release|x64.ActiveCfg = Release|Any CPU
		{8AC97E84-F0E1-4368-87C0-729219588EA8}.Release|x64.Build.0 = Release|Any CPU
		{8AC97E84-F0E1-4368-87C0-729219588EA8}.Release|x86.ActiveCfg = Release|Any CPU
		{8AC97E84-F0E1-4368-87C0-729219588EA8}.Release|x86.Build.0 = Release|Any CPU
		{8AC97E84-F0E1-4368-87C0-729219588EA8}.Symfony.AspNetCore Only|Any CPU.ActiveCfg = Debug|Any CPU
		{8AC97E84-F0E1-4368-87C0-729219588EA8}.Symfony.AspNetCore Only|x64.ActiveCfg = Debug|Any CPU
		{8AC97E84-F0E1-4368-87C0-729219588EA8}.Symfony.AspNetCore Only|x64.Build.0 = Debug|Any CPU
		{8AC97E84-F0E1-4368-87C0-729219588EA8}.Symfony.AspNetCore Only|x86.ActiveCfg = Debug|Any CPU
		{8AC97E84-F0E1-4368-87C0-729219588EA8}.Symfony.AspNetCore Only|x86.Build.0 = Debug|Any CPU
		{7B0710E3-5135-4800-B987-A37397F03A5D}.Debug|Any CPU.ActiveCfg = Debug|Any CPU
		{7B0710E3-5135-4800-B987-A37397F03A5D}.Debug|Any CPU.Build.0 = Debug|Any CPU
		{7B0710E3-5135-4800-B987-A37397F03A5D}.Debug|x64.ActiveCfg = Debug|Any CPU
		{7B0710E3-5135-4800-B987-A37397F03A5D}.Debug|x64.Build.0 = Debug|Any CPU
		{7B0710E3-5135-4800-B987-A37397F03A5D}.Debug|x86.ActiveCfg = Debug|Any CPU
		{7B0710E3-5135-4800-B987-A37397F03A5D}.Debug|x86.Build.0 = Debug|Any CPU
		{7B0710E3-5135-4800-B987-A37397F03A5D}.Release|Any CPU.ActiveCfg = Release|Any CPU
		{7B0710E3-5135-4800-B987-A37397F03A5D}.Release|Any CPU.Build.0 = Release|Any CPU
		{7B0710E3-5135-4800-B987-A37397F03A5D}.Release|x64.ActiveCfg = Release|Any CPU
		{7B0710E3-5135-4800-B987-A37397F03A5D}.Release|x64.Build.0 = Release|Any CPU
		{7B0710E3-5135-4800-B987-A37397F03A5D}.Release|x86.ActiveCfg = Release|Any CPU
		{7B0710E3-5135-4800-B987-A37397F03A5D}.Release|x86.Build.0 = Release|Any CPU
		{7B0710E3-5135-4800-B987-A37397F03A5D}.Symfony.AspNetCore Only|Any CPU.ActiveCfg = Debug|Any CPU
		{7B0710E3-5135-4800-B987-A37397F03A5D}.Symfony.AspNetCore Only|x64.ActiveCfg = Debug|Any CPU
		{7B0710E3-5135-4800-B987-A37397F03A5D}.Symfony.AspNetCore Only|x64.Build.0 = Debug|Any CPU
		{7B0710E3-5135-4800-B987-A37397F03A5D}.Symfony.AspNetCore Only|x86.ActiveCfg = Debug|Any CPU
		{7B0710E3-5135-4800-B987-A37397F03A5D}.Symfony.AspNetCore Only|x86.Build.0 = Debug|Any CPU
		{AABC2D2E-FC46-4BB2-AC81-77AC56B68E12}.Debug|Any CPU.ActiveCfg = Debug|Any CPU
		{AABC2D2E-FC46-4BB2-AC81-77AC56B68E12}.Debug|Any CPU.Build.0 = Debug|Any CPU
		{AABC2D2E-FC46-4BB2-AC81-77AC56B68E12}.Debug|x64.ActiveCfg = Debug|Any CPU
		{AABC2D2E-FC46-4BB2-AC81-77AC56B68E12}.Debug|x64.Build.0 = Debug|Any CPU
		{AABC2D2E-FC46-4BB2-AC81-77AC56B68E12}.Debug|x86.ActiveCfg = Debug|Any CPU
		{AABC2D2E-FC46-4BB2-AC81-77AC56B68E12}.Debug|x86.Build.0 = Debug|Any CPU
		{AABC2D2E-FC46-4BB2-AC81-77AC56B68E12}.Release|Any CPU.ActiveCfg = Release|Any CPU
		{AABC2D2E-FC46-4BB2-AC81-77AC56B68E12}.Release|Any CPU.Build.0 = Release|Any CPU
		{AABC2D2E-FC46-4BB2-AC81-77AC56B68E12}.Release|x64.ActiveCfg = Release|Any CPU
		{AABC2D2E-FC46-4BB2-AC81-77AC56B68E12}.Release|x64.Build.0 = Release|Any CPU
		{AABC2D2E-FC46-4BB2-AC81-77AC56B68E12}.Release|x86.ActiveCfg = Release|Any CPU
		{AABC2D2E-FC46-4BB2-AC81-77AC56B68E12}.Release|x86.Build.0 = Release|Any CPU
		{AABC2D2E-FC46-4BB2-AC81-77AC56B68E12}.Symfony.AspNetCore Only|Any CPU.ActiveCfg = Debug|Any CPU
		{AABC2D2E-FC46-4BB2-AC81-77AC56B68E12}.Symfony.AspNetCore Only|x64.ActiveCfg = Debug|Any CPU
		{AABC2D2E-FC46-4BB2-AC81-77AC56B68E12}.Symfony.AspNetCore Only|x64.Build.0 = Debug|Any CPU
		{AABC2D2E-FC46-4BB2-AC81-77AC56B68E12}.Symfony.AspNetCore Only|x86.ActiveCfg = Debug|Any CPU
		{AABC2D2E-FC46-4BB2-AC81-77AC56B68E12}.Symfony.AspNetCore Only|x86.Build.0 = Debug|Any CPU
		{521CB548-EB83-4184-A031-6EB53E96CB88}.Debug|Any CPU.ActiveCfg = Debug|Any CPU
		{521CB548-EB83-4184-A031-6EB53E96CB88}.Debug|Any CPU.Build.0 = Debug|Any CPU
		{521CB548-EB83-4184-A031-6EB53E96CB88}.Debug|x64.ActiveCfg = Debug|Any CPU
		{521CB548-EB83-4184-A031-6EB53E96CB88}.Debug|x64.Build.0 = Debug|Any CPU
		{521CB548-EB83-4184-A031-6EB53E96CB88}.Debug|x86.ActiveCfg = Debug|Any CPU
		{521CB548-EB83-4184-A031-6EB53E96CB88}.Debug|x86.Build.0 = Debug|Any CPU
		{521CB548-EB83-4184-A031-6EB53E96CB88}.Release|Any CPU.ActiveCfg = Release|Any CPU
		{521CB548-EB83-4184-A031-6EB53E96CB88}.Release|Any CPU.Build.0 = Release|Any CPU
		{521CB548-EB83-4184-A031-6EB53E96CB88}.Release|x64.ActiveCfg = Release|Any CPU
		{521CB548-EB83-4184-A031-6EB53E96CB88}.Release|x64.Build.0 = Release|Any CPU
		{521CB548-EB83-4184-A031-6EB53E96CB88}.Release|x86.ActiveCfg = Release|Any CPU
		{521CB548-EB83-4184-A031-6EB53E96CB88}.Release|x86.Build.0 = Release|Any CPU
		{521CB548-EB83-4184-A031-6EB53E96CB88}.Symfony.AspNetCore Only|Any CPU.ActiveCfg = Debug|Any CPU
		{521CB548-EB83-4184-A031-6EB53E96CB88}.Symfony.AspNetCore Only|Any CPU.Build.0 = Debug|Any CPU
		{521CB548-EB83-4184-A031-6EB53E96CB88}.Symfony.AspNetCore Only|x64.ActiveCfg = Debug|Any CPU
		{521CB548-EB83-4184-A031-6EB53E96CB88}.Symfony.AspNetCore Only|x64.Build.0 = Debug|Any CPU
		{521CB548-EB83-4184-A031-6EB53E96CB88}.Symfony.AspNetCore Only|x86.ActiveCfg = Debug|Any CPU
		{521CB548-EB83-4184-A031-6EB53E96CB88}.Symfony.AspNetCore Only|x86.Build.0 = Debug|Any CPU
	EndGlobalSection
	GlobalSection(SolutionProperties) = preSolution
		HideSolutionNode = FALSE
	EndGlobalSection
	GlobalSection(ExtensibilityGlobals) = postSolution
		SolutionGuid = {E71564B1-D265-4C09-8B14-48701AC8252B}
	EndGlobalSection
EndGlobal
