Microsoft Visual Studio Solution File, Format Version 12.00
# Visual Studio 15
VisualStudioVersion = 15.0.26124.0
MinimumVisualStudioVersion = 15.0.26124.0
Project("{9A19103F-16F7-4668-BE54-9A1E7A4F7556}") = "Website", "Website\Website.msbuildproj", "{A271793F-72BF-429D-9EC8-83C03559CBD6}"
EndProject
Project("{9A19103F-16F7-4668-BE54-9A1E7A4F7556}") = "Server", "Server\Server.csproj", "{AF5D53C1-32B5-473F-9229-817608068701}"
EndProject
Project("{13B669BE-BB05-4DDF-9536-439F39A36129}") = "Composer", "Libraries\Composer.msbuildproj", "{43188BC1-8C1D-4FD4-A23E-DE60B2D6852F}"
EndProject
Project("{13B669BE-BB05-4DDF-9536-439F39A36129}") = "Psr.Cache", "Libraries\Psr.Cache.msbuildproj", "{0A2E46C3-89D2-4AFB-9B5F-492B6CA32F44}"
EndProject
Project("{13B669BE-BB05-4DDF-9536-439F39A36129}") = "Psr.Container", "Libraries\Psr.Container.msbuildproj", "{47667A4D-EA53-46E2-AC70-5D90A45683EB}"
EndProject
Project("{13B669BE-BB05-4DDF-9536-439F39A36129}") = "Psr.Log", "Libraries\Psr.Log.msbuildproj", "{0EEBCE1F-4663-4CBC-AAD9-A824756FD9BA}"
EndProject
Project("{13B669BE-BB05-4DDF-9536-439F39A36129}") = "Psr.Simple-cache", "Libraries\Psr.Simple-cache.msbuildproj", "{3BAD4F4C-DB06-4929-9A2F-3E4F4904CF4F}"
EndProject
Project("{13B669BE-BB05-4DDF-9536-439F39A36129}") = "Symfony.Dependency-injection", "Libraries\Symfony.Dependency-injection.msbuildproj", "{9EFA94A6-AF34-474E-BF77-775096106297}"
EndProject
Project("{13B669BE-BB05-4DDF-9536-439F39A36129}") = "Symfony.Debug", "Libraries\Symfony.Debug.msbuildproj", "{32039DDE-81EF-43AA-BCD6-27DEF1E1A8F4}"
EndProject
Project("{13B669BE-BB05-4DDF-9536-439F39A36129}") = "Symfony.Contracts", "Libraries\Symfony.Contracts.msbuildproj", "{790ED966-4A76-4F88-8A86-1C75E1EDAC43}"
EndProject
Project("{13B669BE-BB05-4DDF-9536-439F39A36129}") = "Symfony.Console", "Libraries\Symfony.Console.msbuildproj", "{1A755559-50AD-4924-AD0D-1353EF57C721}"
EndProject
Project("{13B669BE-BB05-4DDF-9536-439F39A36129}") = "Symfony.Config", "Libraries\Symfony.Config.msbuildproj", "{FD008491-6F5F-4C53-A909-211E683B0987}"
EndProject
Project("{13B669BE-BB05-4DDF-9536-439F39A36129}") = "Symfony.Cache", "Libraries\Symfony.Cache.msbuildproj", "{4CD9D273-5817-41AD-92BD-1BC8A6797D77}"
EndProject
Project("{13B669BE-BB05-4DDF-9536-439F39A36129}") = "Symfony.Dotenv", "Libraries\Symfony.Dotenv.msbuildproj", "{2CF8E171-26FB-47B3-93EA-2CCD5C56F248}"
EndProject
Project("{13B669BE-BB05-4DDF-9536-439F39A36129}") = "Symfony.Event-dispatcher", "Libraries\Symfony.Event-dispatcher.msbuildproj", "{58DCF77D-236A-4226-B134-4B63D2F46FB0}"
EndProject
Project("{13B669BE-BB05-4DDF-9536-439F39A36129}") = "Symfony.Filesystem", "Libraries\Symfony.Filesystem.msbuildproj", "{1D47ACBC-F438-42E9-8026-078C127C6DBE}"
EndProject
Project("{13B669BE-BB05-4DDF-9536-439F39A36129}") = "Symfony.Finder", "Libraries\Symfony.Finder.msbuildproj", "{C1B45C9E-DE04-4FF4-AF9B-A1CB28D898D4}"
EndProject
Project("{13B669BE-BB05-4DDF-9536-439F39A36129}") = "Symfony.Framework-bundle", "Libraries\Symfony.Framework-bundle.msbuildproj", "{22865340-0F9C-48DE-A78A-D54F66779349}"
EndProject
Project("{13B669BE-BB05-4DDF-9536-439F39A36129}") = "Symfony.Http-foundation", "Libraries\Symfony.Http-foundation.msbuildproj", "{703B3FEF-5A43-431E-886D-0D9B51E46172}"
EndProject
Project("{13B669BE-BB05-4DDF-9536-439F39A36129}") = "Symfony.Polyfill-mbstring", "Libraries\Symfony.Polyfill-mbstring.msbuildproj", "{49E99CB5-F292-479A-B8E3-A1267243AEB6}"
EndProject
Project("{13B669BE-BB05-4DDF-9536-439F39A36129}") = "Symfony.Process", "Libraries\Symfony.Process.msbuildproj", "{680A07F2-7E21-48D2-9B44-0E9AEE62774B}"
EndProject
Project("{13B669BE-BB05-4DDF-9536-439F39A36129}") = "Symfony.Routing", "Libraries\Symfony.Routing.msbuildproj", "{33DDECED-1916-4233-B071-32CE415CF7E7}"
EndProject
Project("{13B669BE-BB05-4DDF-9536-439F39A36129}") = "Symfony.Var-exporter", "Libraries\Symfony.Var-exporter.msbuildproj", "{0E1F0CE2-BC60-4108-B972-C7D88D2827CF}"
EndProject
Project("{13B669BE-BB05-4DDF-9536-439F39A36129}") = "Symfony.Yaml", "Libraries\Symfony.Yaml.msbuildproj", "{A7BC0302-BF7A-425B-BD15-F9F8FD0C60EE}"
EndProject
Project("{13B669BE-BB05-4DDF-9536-439F39A36129}") = "Symfony.Http-kernel", "Libraries\Symfony.Http-kernel.msbuildproj", "{614F0730-C1F3-48D5-8007-46B90DEFDEB9}"
EndProject
Global
	GlobalSection(SolutionConfigurationPlatforms) = preSolution
		Debug|Any CPU = Debug|Any CPU
		Debug|x64 = Debug|x64
		Debug|x86 = Debug|x86
		Release|Any CPU = Release|Any CPU
		Release|x64 = Release|x64
		Release|x86 = Release|x86
	EndGlobalSection
	GlobalSection(ProjectConfigurationPlatforms) = postSolution
		{A271793F-72BF-429D-9EC8-83C03559CBD6}.Debug|Any CPU.ActiveCfg = Debug|Any CPU
		{A271793F-72BF-429D-9EC8-83C03559CBD6}.Debug|Any CPU.Build.0 = Debug|Any CPU
		{A271793F-72BF-429D-9EC8-83C03559CBD6}.Debug|x64.ActiveCfg = Debug|Any CPU
		{A271793F-72BF-429D-9EC8-83C03559CBD6}.Debug|x64.Build.0 = Debug|Any CPU
		{A271793F-72BF-429D-9EC8-83C03559CBD6}.Debug|x86.ActiveCfg = Debug|Any CPU
		{A271793F-72BF-429D-9EC8-83C03559CBD6}.Debug|x86.Build.0 = Debug|Any CPU
		{A271793F-72BF-429D-9EC8-83C03559CBD6}.Release|Any CPU.ActiveCfg = Release|Any CPU
		{A271793F-72BF-429D-9EC8-83C03559CBD6}.Release|Any CPU.Build.0 = Release|Any CPU
		{A271793F-72BF-429D-9EC8-83C03559CBD6}.Release|x64.ActiveCfg = Release|Any CPU
		{A271793F-72BF-429D-9EC8-83C03559CBD6}.Release|x64.Build.0 = Release|Any CPU
		{A271793F-72BF-429D-9EC8-83C03559CBD6}.Release|x86.ActiveCfg = Release|Any CPU
		{A271793F-72BF-429D-9EC8-83C03559CBD6}.Release|x86.Build.0 = Release|Any CPU
		{AF5D53C1-32B5-473F-9229-817608068701}.Debug|Any CPU.ActiveCfg = Debug|Any CPU
		{AF5D53C1-32B5-473F-9229-817608068701}.Debug|Any CPU.Build.0 = Debug|Any CPU
		{AF5D53C1-32B5-473F-9229-817608068701}.Debug|x64.ActiveCfg = Debug|Any CPU
		{AF5D53C1-32B5-473F-9229-817608068701}.Debug|x64.Build.0 = Debug|Any CPU
		{AF5D53C1-32B5-473F-9229-817608068701}.Debug|x86.ActiveCfg = Debug|Any CPU
		{AF5D53C1-32B5-473F-9229-817608068701}.Debug|x86.Build.0 = Debug|Any CPU
		{AF5D53C1-32B5-473F-9229-817608068701}.Release|Any CPU.ActiveCfg = Release|Any CPU
		{AF5D53C1-32B5-473F-9229-817608068701}.Release|Any CPU.Build.0 = Release|Any CPU
		{AF5D53C1-32B5-473F-9229-817608068701}.Release|x64.ActiveCfg = Release|Any CPU
		{AF5D53C1-32B5-473F-9229-817608068701}.Release|x64.Build.0 = Release|Any CPU
		{AF5D53C1-32B5-473F-9229-817608068701}.Release|x86.ActiveCfg = Release|Any CPU
		{AF5D53C1-32B5-473F-9229-817608068701}.Release|x86.Build.0 = Release|Any CPU
		{43188BC1-8C1D-4FD4-A23E-DE60B2D6852F}.Debug|Any CPU.ActiveCfg = Debug|Any CPU
		{43188BC1-8C1D-4FD4-A23E-DE60B2D6852F}.Debug|Any CPU.Build.0 = Debug|Any CPU
		{43188BC1-8C1D-4FD4-A23E-DE60B2D6852F}.Debug|x64.ActiveCfg = Debug|Any CPU
		{43188BC1-8C1D-4FD4-A23E-DE60B2D6852F}.Debug|x64.Build.0 = Debug|Any CPU
		{43188BC1-8C1D-4FD4-A23E-DE60B2D6852F}.Debug|x86.ActiveCfg = Debug|Any CPU
		{43188BC1-8C1D-4FD4-A23E-DE60B2D6852F}.Debug|x86.Build.0 = Debug|Any CPU
		{43188BC1-8C1D-4FD4-A23E-DE60B2D6852F}.Release|Any CPU.ActiveCfg = Release|Any CPU
		{43188BC1-8C1D-4FD4-A23E-DE60B2D6852F}.Release|Any CPU.Build.0 = Release|Any CPU
		{43188BC1-8C1D-4FD4-A23E-DE60B2D6852F}.Release|x64.ActiveCfg = Release|Any CPU
		{43188BC1-8C1D-4FD4-A23E-DE60B2D6852F}.Release|x64.Build.0 = Release|Any CPU
		{43188BC1-8C1D-4FD4-A23E-DE60B2D6852F}.Release|x86.ActiveCfg = Release|Any CPU
		{43188BC1-8C1D-4FD4-A23E-DE60B2D6852F}.Release|x86.Build.0 = Release|Any CPU
		{0A2E46C3-89D2-4AFB-9B5F-492B6CA32F44}.Debug|Any CPU.ActiveCfg = Debug|Any CPU
		{0A2E46C3-89D2-4AFB-9B5F-492B6CA32F44}.Debug|Any CPU.Build.0 = Debug|Any CPU
		{0A2E46C3-89D2-4AFB-9B5F-492B6CA32F44}.Debug|x64.ActiveCfg = Debug|Any CPU
		{0A2E46C3-89D2-4AFB-9B5F-492B6CA32F44}.Debug|x64.Build.0 = Debug|Any CPU
		{0A2E46C3-89D2-4AFB-9B5F-492B6CA32F44}.Debug|x86.ActiveCfg = Debug|Any CPU
		{0A2E46C3-89D2-4AFB-9B5F-492B6CA32F44}.Debug|x86.Build.0 = Debug|Any CPU
		{0A2E46C3-89D2-4AFB-9B5F-492B6CA32F44}.Release|Any CPU.ActiveCfg = Release|Any CPU
		{0A2E46C3-89D2-4AFB-9B5F-492B6CA32F44}.Release|Any CPU.Build.0 = Release|Any CPU
		{0A2E46C3-89D2-4AFB-9B5F-492B6CA32F44}.Release|x64.ActiveCfg = Release|Any CPU
		{0A2E46C3-89D2-4AFB-9B5F-492B6CA32F44}.Release|x64.Build.0 = Release|Any CPU
		{0A2E46C3-89D2-4AFB-9B5F-492B6CA32F44}.Release|x86.ActiveCfg = Release|Any CPU
		{0A2E46C3-89D2-4AFB-9B5F-492B6CA32F44}.Release|x86.Build.0 = Release|Any CPU
		{47667A4D-EA53-46E2-AC70-5D90A45683EB}.Debug|Any CPU.ActiveCfg = Debug|Any CPU
		{47667A4D-EA53-46E2-AC70-5D90A45683EB}.Debug|Any CPU.Build.0 = Debug|Any CPU
		{47667A4D-EA53-46E2-AC70-5D90A45683EB}.Debug|x64.ActiveCfg = Debug|Any CPU
		{47667A4D-EA53-46E2-AC70-5D90A45683EB}.Debug|x64.Build.0 = Debug|Any CPU
		{47667A4D-EA53-46E2-AC70-5D90A45683EB}.Debug|x86.ActiveCfg = Debug|Any CPU
		{47667A4D-EA53-46E2-AC70-5D90A45683EB}.Debug|x86.Build.0 = Debug|Any CPU
		{47667A4D-EA53-46E2-AC70-5D90A45683EB}.Release|Any CPU.ActiveCfg = Release|Any CPU
		{47667A4D-EA53-46E2-AC70-5D90A45683EB}.Release|Any CPU.Build.0 = Release|Any CPU
		{47667A4D-EA53-46E2-AC70-5D90A45683EB}.Release|x64.ActiveCfg = Release|Any CPU
		{47667A4D-EA53-46E2-AC70-5D90A45683EB}.Release|x64.Build.0 = Release|Any CPU
		{47667A4D-EA53-46E2-AC70-5D90A45683EB}.Release|x86.ActiveCfg = Release|Any CPU
		{47667A4D-EA53-46E2-AC70-5D90A45683EB}.Release|x86.Build.0 = Release|Any CPU
		{0EEBCE1F-4663-4CBC-AAD9-A824756FD9BA}.Debug|Any CPU.ActiveCfg = Debug|Any CPU
		{0EEBCE1F-4663-4CBC-AAD9-A824756FD9BA}.Debug|Any CPU.Build.0 = Debug|Any CPU
		{0EEBCE1F-4663-4CBC-AAD9-A824756FD9BA}.Debug|x64.ActiveCfg = Debug|Any CPU
		{0EEBCE1F-4663-4CBC-AAD9-A824756FD9BA}.Debug|x64.Build.0 = Debug|Any CPU
		{0EEBCE1F-4663-4CBC-AAD9-A824756FD9BA}.Debug|x86.ActiveCfg = Debug|Any CPU
		{0EEBCE1F-4663-4CBC-AAD9-A824756FD9BA}.Debug|x86.Build.0 = Debug|Any CPU
		{0EEBCE1F-4663-4CBC-AAD9-A824756FD9BA}.Release|Any CPU.ActiveCfg = Release|Any CPU
		{0EEBCE1F-4663-4CBC-AAD9-A824756FD9BA}.Release|Any CPU.Build.0 = Release|Any CPU
		{0EEBCE1F-4663-4CBC-AAD9-A824756FD9BA}.Release|x64.ActiveCfg = Release|Any CPU
		{0EEBCE1F-4663-4CBC-AAD9-A824756FD9BA}.Release|x64.Build.0 = Release|Any CPU
		{0EEBCE1F-4663-4CBC-AAD9-A824756FD9BA}.Release|x86.ActiveCfg = Release|Any CPU
		{0EEBCE1F-4663-4CBC-AAD9-A824756FD9BA}.Release|x86.Build.0 = Release|Any CPU
		{3BAD4F4C-DB06-4929-9A2F-3E4F4904CF4F}.Debug|Any CPU.ActiveCfg = Debug|Any CPU
		{3BAD4F4C-DB06-4929-9A2F-3E4F4904CF4F}.Debug|Any CPU.Build.0 = Debug|Any CPU
		{3BAD4F4C-DB06-4929-9A2F-3E4F4904CF4F}.Debug|x64.ActiveCfg = Debug|Any CPU
		{3BAD4F4C-DB06-4929-9A2F-3E4F4904CF4F}.Debug|x64.Build.0 = Debug|Any CPU
		{3BAD4F4C-DB06-4929-9A2F-3E4F4904CF4F}.Debug|x86.ActiveCfg = Debug|Any CPU
		{3BAD4F4C-DB06-4929-9A2F-3E4F4904CF4F}.Debug|x86.Build.0 = Debug|Any CPU
		{3BAD4F4C-DB06-4929-9A2F-3E4F4904CF4F}.Release|Any CPU.ActiveCfg = Release|Any CPU
		{3BAD4F4C-DB06-4929-9A2F-3E4F4904CF4F}.Release|Any CPU.Build.0 = Release|Any CPU
		{3BAD4F4C-DB06-4929-9A2F-3E4F4904CF4F}.Release|x64.ActiveCfg = Release|Any CPU
		{3BAD4F4C-DB06-4929-9A2F-3E4F4904CF4F}.Release|x64.Build.0 = Release|Any CPU
		{3BAD4F4C-DB06-4929-9A2F-3E4F4904CF4F}.Release|x86.ActiveCfg = Release|Any CPU
		{3BAD4F4C-DB06-4929-9A2F-3E4F4904CF4F}.Release|x86.Build.0 = Release|Any CPU
		{9EFA94A6-AF34-474E-BF77-775096106297}.Debug|Any CPU.ActiveCfg = Debug|Any CPU
		{9EFA94A6-AF34-474E-BF77-775096106297}.Debug|Any CPU.Build.0 = Debug|Any CPU
		{9EFA94A6-AF34-474E-BF77-775096106297}.Debug|x64.ActiveCfg = Debug|Any CPU
		{9EFA94A6-AF34-474E-BF77-775096106297}.Debug|x64.Build.0 = Debug|Any CPU
		{9EFA94A6-AF34-474E-BF77-775096106297}.Debug|x86.ActiveCfg = Debug|Any CPU
		{9EFA94A6-AF34-474E-BF77-775096106297}.Debug|x86.Build.0 = Debug|Any CPU
		{9EFA94A6-AF34-474E-BF77-775096106297}.Release|Any CPU.ActiveCfg = Release|Any CPU
		{9EFA94A6-AF34-474E-BF77-775096106297}.Release|Any CPU.Build.0 = Release|Any CPU
		{9EFA94A6-AF34-474E-BF77-775096106297}.Release|x64.ActiveCfg = Release|Any CPU
		{9EFA94A6-AF34-474E-BF77-775096106297}.Release|x64.Build.0 = Release|Any CPU
		{9EFA94A6-AF34-474E-BF77-775096106297}.Release|x86.ActiveCfg = Release|Any CPU
		{9EFA94A6-AF34-474E-BF77-775096106297}.Release|x86.Build.0 = Release|Any CPU
		{32039DDE-81EF-43AA-BCD6-27DEF1E1A8F4}.Debug|Any CPU.ActiveCfg = Debug|Any CPU
		{32039DDE-81EF-43AA-BCD6-27DEF1E1A8F4}.Debug|Any CPU.Build.0 = Debug|Any CPU
		{32039DDE-81EF-43AA-BCD6-27DEF1E1A8F4}.Debug|x64.ActiveCfg = Debug|Any CPU
		{32039DDE-81EF-43AA-BCD6-27DEF1E1A8F4}.Debug|x64.Build.0 = Debug|Any CPU
		{32039DDE-81EF-43AA-BCD6-27DEF1E1A8F4}.Debug|x86.ActiveCfg = Debug|Any CPU
		{32039DDE-81EF-43AA-BCD6-27DEF1E1A8F4}.Debug|x86.Build.0 = Debug|Any CPU
		{32039DDE-81EF-43AA-BCD6-27DEF1E1A8F4}.Release|Any CPU.ActiveCfg = Release|Any CPU
		{32039DDE-81EF-43AA-BCD6-27DEF1E1A8F4}.Release|Any CPU.Build.0 = Release|Any CPU
		{32039DDE-81EF-43AA-BCD6-27DEF1E1A8F4}.Release|x64.ActiveCfg = Release|Any CPU
		{32039DDE-81EF-43AA-BCD6-27DEF1E1A8F4}.Release|x64.Build.0 = Release|Any CPU
		{32039DDE-81EF-43AA-BCD6-27DEF1E1A8F4}.Release|x86.ActiveCfg = Release|Any CPU
		{32039DDE-81EF-43AA-BCD6-27DEF1E1A8F4}.Release|x86.Build.0 = Release|Any CPU
		{790ED966-4A76-4F88-8A86-1C75E1EDAC43}.Debug|Any CPU.ActiveCfg = Debug|Any CPU
		{790ED966-4A76-4F88-8A86-1C75E1EDAC43}.Debug|Any CPU.Build.0 = Debug|Any CPU
		{790ED966-4A76-4F88-8A86-1C75E1EDAC43}.Debug|x64.ActiveCfg = Debug|Any CPU
		{790ED966-4A76-4F88-8A86-1C75E1EDAC43}.Debug|x64.Build.0 = Debug|Any CPU
		{790ED966-4A76-4F88-8A86-1C75E1EDAC43}.Debug|x86.ActiveCfg = Debug|Any CPU
		{790ED966-4A76-4F88-8A86-1C75E1EDAC43}.Debug|x86.Build.0 = Debug|Any CPU
		{790ED966-4A76-4F88-8A86-1C75E1EDAC43}.Release|Any CPU.ActiveCfg = Release|Any CPU
		{790ED966-4A76-4F88-8A86-1C75E1EDAC43}.Release|Any CPU.Build.0 = Release|Any CPU
		{790ED966-4A76-4F88-8A86-1C75E1EDAC43}.Release|x64.ActiveCfg = Release|Any CPU
		{790ED966-4A76-4F88-8A86-1C75E1EDAC43}.Release|x64.Build.0 = Release|Any CPU
		{790ED966-4A76-4F88-8A86-1C75E1EDAC43}.Release|x86.ActiveCfg = Release|Any CPU
		{790ED966-4A76-4F88-8A86-1C75E1EDAC43}.Release|x86.Build.0 = Release|Any CPU
		{1A755559-50AD-4924-AD0D-1353EF57C721}.Debug|Any CPU.ActiveCfg = Debug|Any CPU
		{1A755559-50AD-4924-AD0D-1353EF57C721}.Debug|Any CPU.Build.0 = Debug|Any CPU
		{1A755559-50AD-4924-AD0D-1353EF57C721}.Debug|x64.ActiveCfg = Debug|Any CPU
		{1A755559-50AD-4924-AD0D-1353EF57C721}.Debug|x64.Build.0 = Debug|Any CPU
		{1A755559-50AD-4924-AD0D-1353EF57C721}.Debug|x86.ActiveCfg = Debug|Any CPU
		{1A755559-50AD-4924-AD0D-1353EF57C721}.Debug|x86.Build.0 = Debug|Any CPU
		{1A755559-50AD-4924-AD0D-1353EF57C721}.Release|Any CPU.ActiveCfg = Release|Any CPU
		{1A755559-50AD-4924-AD0D-1353EF57C721}.Release|Any CPU.Build.0 = Release|Any CPU
		{1A755559-50AD-4924-AD0D-1353EF57C721}.Release|x64.ActiveCfg = Release|Any CPU
		{1A755559-50AD-4924-AD0D-1353EF57C721}.Release|x64.Build.0 = Release|Any CPU
		{1A755559-50AD-4924-AD0D-1353EF57C721}.Release|x86.ActiveCfg = Release|Any CPU
		{1A755559-50AD-4924-AD0D-1353EF57C721}.Release|x86.Build.0 = Release|Any CPU
		{FD008491-6F5F-4C53-A909-211E683B0987}.Debug|Any CPU.ActiveCfg = Debug|Any CPU
		{FD008491-6F5F-4C53-A909-211E683B0987}.Debug|Any CPU.Build.0 = Debug|Any CPU
		{FD008491-6F5F-4C53-A909-211E683B0987}.Debug|x64.ActiveCfg = Debug|Any CPU
		{FD008491-6F5F-4C53-A909-211E683B0987}.Debug|x64.Build.0 = Debug|Any CPU
		{FD008491-6F5F-4C53-A909-211E683B0987}.Debug|x86.ActiveCfg = Debug|Any CPU
		{FD008491-6F5F-4C53-A909-211E683B0987}.Debug|x86.Build.0 = Debug|Any CPU
		{FD008491-6F5F-4C53-A909-211E683B0987}.Release|Any CPU.ActiveCfg = Release|Any CPU
		{FD008491-6F5F-4C53-A909-211E683B0987}.Release|Any CPU.Build.0 = Release|Any CPU
		{FD008491-6F5F-4C53-A909-211E683B0987}.Release|x64.ActiveCfg = Release|Any CPU
		{FD008491-6F5F-4C53-A909-211E683B0987}.Release|x64.Build.0 = Release|Any CPU
		{FD008491-6F5F-4C53-A909-211E683B0987}.Release|x86.ActiveCfg = Release|Any CPU
		{FD008491-6F5F-4C53-A909-211E683B0987}.Release|x86.Build.0 = Release|Any CPU
		{4CD9D273-5817-41AD-92BD-1BC8A6797D77}.Debug|Any CPU.ActiveCfg = Debug|Any CPU
		{4CD9D273-5817-41AD-92BD-1BC8A6797D77}.Debug|Any CPU.Build.0 = Debug|Any CPU
		{4CD9D273-5817-41AD-92BD-1BC8A6797D77}.Debug|x64.ActiveCfg = Debug|Any CPU
		{4CD9D273-5817-41AD-92BD-1BC8A6797D77}.Debug|x64.Build.0 = Debug|Any CPU
		{4CD9D273-5817-41AD-92BD-1BC8A6797D77}.Debug|x86.ActiveCfg = Debug|Any CPU
		{4CD9D273-5817-41AD-92BD-1BC8A6797D77}.Debug|x86.Build.0 = Debug|Any CPU
		{4CD9D273-5817-41AD-92BD-1BC8A6797D77}.Release|Any CPU.ActiveCfg = Release|Any CPU
		{4CD9D273-5817-41AD-92BD-1BC8A6797D77}.Release|Any CPU.Build.0 = Release|Any CPU
		{4CD9D273-5817-41AD-92BD-1BC8A6797D77}.Release|x64.ActiveCfg = Release|Any CPU
		{4CD9D273-5817-41AD-92BD-1BC8A6797D77}.Release|x64.Build.0 = Release|Any CPU
		{4CD9D273-5817-41AD-92BD-1BC8A6797D77}.Release|x86.ActiveCfg = Release|Any CPU
		{4CD9D273-5817-41AD-92BD-1BC8A6797D77}.Release|x86.Build.0 = Release|Any CPU
		{2CF8E171-26FB-47B3-93EA-2CCD5C56F248}.Debug|Any CPU.ActiveCfg = Debug|Any CPU
		{2CF8E171-26FB-47B3-93EA-2CCD5C56F248}.Debug|Any CPU.Build.0 = Debug|Any CPU
		{2CF8E171-26FB-47B3-93EA-2CCD5C56F248}.Debug|x64.ActiveCfg = Debug|Any CPU
		{2CF8E171-26FB-47B3-93EA-2CCD5C56F248}.Debug|x64.Build.0 = Debug|Any CPU
		{2CF8E171-26FB-47B3-93EA-2CCD5C56F248}.Debug|x86.ActiveCfg = Debug|Any CPU
		{2CF8E171-26FB-47B3-93EA-2CCD5C56F248}.Debug|x86.Build.0 = Debug|Any CPU
		{2CF8E171-26FB-47B3-93EA-2CCD5C56F248}.Release|Any CPU.ActiveCfg = Release|Any CPU
		{2CF8E171-26FB-47B3-93EA-2CCD5C56F248}.Release|Any CPU.Build.0 = Release|Any CPU
		{2CF8E171-26FB-47B3-93EA-2CCD5C56F248}.Release|x64.ActiveCfg = Release|Any CPU
		{2CF8E171-26FB-47B3-93EA-2CCD5C56F248}.Release|x64.Build.0 = Release|Any CPU
		{2CF8E171-26FB-47B3-93EA-2CCD5C56F248}.Release|x86.ActiveCfg = Release|Any CPU
		{2CF8E171-26FB-47B3-93EA-2CCD5C56F248}.Release|x86.Build.0 = Release|Any CPU
		{58DCF77D-236A-4226-B134-4B63D2F46FB0}.Debug|Any CPU.ActiveCfg = Debug|Any CPU
		{58DCF77D-236A-4226-B134-4B63D2F46FB0}.Debug|Any CPU.Build.0 = Debug|Any CPU
		{58DCF77D-236A-4226-B134-4B63D2F46FB0}.Debug|x64.ActiveCfg = Debug|Any CPU
		{58DCF77D-236A-4226-B134-4B63D2F46FB0}.Debug|x64.Build.0 = Debug|Any CPU
		{58DCF77D-236A-4226-B134-4B63D2F46FB0}.Debug|x86.ActiveCfg = Debug|Any CPU
		{58DCF77D-236A-4226-B134-4B63D2F46FB0}.Debug|x86.Build.0 = Debug|Any CPU
		{58DCF77D-236A-4226-B134-4B63D2F46FB0}.Release|Any CPU.ActiveCfg = Release|Any CPU
		{58DCF77D-236A-4226-B134-4B63D2F46FB0}.Release|Any CPU.Build.0 = Release|Any CPU
		{58DCF77D-236A-4226-B134-4B63D2F46FB0}.Release|x64.ActiveCfg = Release|Any CPU
		{58DCF77D-236A-4226-B134-4B63D2F46FB0}.Release|x64.Build.0 = Release|Any CPU
		{58DCF77D-236A-4226-B134-4B63D2F46FB0}.Release|x86.ActiveCfg = Release|Any CPU
		{58DCF77D-236A-4226-B134-4B63D2F46FB0}.Release|x86.Build.0 = Release|Any CPU
		{1D47ACBC-F438-42E9-8026-078C127C6DBE}.Debug|Any CPU.ActiveCfg = Debug|Any CPU
		{1D47ACBC-F438-42E9-8026-078C127C6DBE}.Debug|Any CPU.Build.0 = Debug|Any CPU
		{1D47ACBC-F438-42E9-8026-078C127C6DBE}.Debug|x64.ActiveCfg = Debug|Any CPU
		{1D47ACBC-F438-42E9-8026-078C127C6DBE}.Debug|x64.Build.0 = Debug|Any CPU
		{1D47ACBC-F438-42E9-8026-078C127C6DBE}.Debug|x86.ActiveCfg = Debug|Any CPU
		{1D47ACBC-F438-42E9-8026-078C127C6DBE}.Debug|x86.Build.0 = Debug|Any CPU
		{1D47ACBC-F438-42E9-8026-078C127C6DBE}.Release|Any CPU.ActiveCfg = Release|Any CPU
		{1D47ACBC-F438-42E9-8026-078C127C6DBE}.Release|Any CPU.Build.0 = Release|Any CPU
		{1D47ACBC-F438-42E9-8026-078C127C6DBE}.Release|x64.ActiveCfg = Release|Any CPU
		{1D47ACBC-F438-42E9-8026-078C127C6DBE}.Release|x64.Build.0 = Release|Any CPU
		{1D47ACBC-F438-42E9-8026-078C127C6DBE}.Release|x86.ActiveCfg = Release|Any CPU
		{1D47ACBC-F438-42E9-8026-078C127C6DBE}.Release|x86.Build.0 = Release|Any CPU
		{C1B45C9E-DE04-4FF4-AF9B-A1CB28D898D4}.Debug|Any CPU.ActiveCfg = Debug|Any CPU
		{C1B45C9E-DE04-4FF4-AF9B-A1CB28D898D4}.Debug|Any CPU.Build.0 = Debug|Any CPU
		{C1B45C9E-DE04-4FF4-AF9B-A1CB28D898D4}.Debug|x64.ActiveCfg = Debug|Any CPU
		{C1B45C9E-DE04-4FF4-AF9B-A1CB28D898D4}.Debug|x64.Build.0 = Debug|Any CPU
		{C1B45C9E-DE04-4FF4-AF9B-A1CB28D898D4}.Debug|x86.ActiveCfg = Debug|Any CPU
		{C1B45C9E-DE04-4FF4-AF9B-A1CB28D898D4}.Debug|x86.Build.0 = Debug|Any CPU
		{C1B45C9E-DE04-4FF4-AF9B-A1CB28D898D4}.Release|Any CPU.ActiveCfg = Release|Any CPU
		{C1B45C9E-DE04-4FF4-AF9B-A1CB28D898D4}.Release|Any CPU.Build.0 = Release|Any CPU
		{C1B45C9E-DE04-4FF4-AF9B-A1CB28D898D4}.Release|x64.ActiveCfg = Release|Any CPU
		{C1B45C9E-DE04-4FF4-AF9B-A1CB28D898D4}.Release|x64.Build.0 = Release|Any CPU
		{C1B45C9E-DE04-4FF4-AF9B-A1CB28D898D4}.Release|x86.ActiveCfg = Release|Any CPU
		{C1B45C9E-DE04-4FF4-AF9B-A1CB28D898D4}.Release|x86.Build.0 = Release|Any CPU
		{22865340-0F9C-48DE-A78A-D54F66779349}.Debug|Any CPU.ActiveCfg = Debug|Any CPU
		{22865340-0F9C-48DE-A78A-D54F66779349}.Debug|Any CPU.Build.0 = Debug|Any CPU
		{22865340-0F9C-48DE-A78A-D54F66779349}.Debug|x64.ActiveCfg = Debug|Any CPU
		{22865340-0F9C-48DE-A78A-D54F66779349}.Debug|x64.Build.0 = Debug|Any CPU
		{22865340-0F9C-48DE-A78A-D54F66779349}.Debug|x86.ActiveCfg = Debug|Any CPU
		{22865340-0F9C-48DE-A78A-D54F66779349}.Debug|x86.Build.0 = Debug|Any CPU
		{22865340-0F9C-48DE-A78A-D54F66779349}.Release|Any CPU.ActiveCfg = Release|Any CPU
		{22865340-0F9C-48DE-A78A-D54F66779349}.Release|Any CPU.Build.0 = Release|Any CPU
		{22865340-0F9C-48DE-A78A-D54F66779349}.Release|x64.ActiveCfg = Release|Any CPU
		{22865340-0F9C-48DE-A78A-D54F66779349}.Release|x64.Build.0 = Release|Any CPU
		{22865340-0F9C-48DE-A78A-D54F66779349}.Release|x86.ActiveCfg = Release|Any CPU
		{22865340-0F9C-48DE-A78A-D54F66779349}.Release|x86.Build.0 = Release|Any CPU
		{703B3FEF-5A43-431E-886D-0D9B51E46172}.Debug|Any CPU.ActiveCfg = Debug|Any CPU
		{703B3FEF-5A43-431E-886D-0D9B51E46172}.Debug|Any CPU.Build.0 = Debug|Any CPU
		{703B3FEF-5A43-431E-886D-0D9B51E46172}.Debug|x64.ActiveCfg = Debug|Any CPU
		{703B3FEF-5A43-431E-886D-0D9B51E46172}.Debug|x64.Build.0 = Debug|Any CPU
		{703B3FEF-5A43-431E-886D-0D9B51E46172}.Debug|x86.ActiveCfg = Debug|Any CPU
		{703B3FEF-5A43-431E-886D-0D9B51E46172}.Debug|x86.Build.0 = Debug|Any CPU
		{703B3FEF-5A43-431E-886D-0D9B51E46172}.Release|Any CPU.ActiveCfg = Release|Any CPU
		{703B3FEF-5A43-431E-886D-0D9B51E46172}.Release|Any CPU.Build.0 = Release|Any CPU
		{703B3FEF-5A43-431E-886D-0D9B51E46172}.Release|x64.ActiveCfg = Release|Any CPU
		{703B3FEF-5A43-431E-886D-0D9B51E46172}.Release|x64.Build.0 = Release|Any CPU
		{703B3FEF-5A43-431E-886D-0D9B51E46172}.Release|x86.ActiveCfg = Release|Any CPU
		{703B3FEF-5A43-431E-886D-0D9B51E46172}.Release|x86.Build.0 = Release|Any CPU
		{49E99CB5-F292-479A-B8E3-A1267243AEB6}.Debug|Any CPU.ActiveCfg = Debug|Any CPU
		{49E99CB5-F292-479A-B8E3-A1267243AEB6}.Debug|Any CPU.Build.0 = Debug|Any CPU
		{49E99CB5-F292-479A-B8E3-A1267243AEB6}.Debug|x64.ActiveCfg = Debug|Any CPU
		{49E99CB5-F292-479A-B8E3-A1267243AEB6}.Debug|x64.Build.0 = Debug|Any CPU
		{49E99CB5-F292-479A-B8E3-A1267243AEB6}.Debug|x86.ActiveCfg = Debug|Any CPU
		{49E99CB5-F292-479A-B8E3-A1267243AEB6}.Debug|x86.Build.0 = Debug|Any CPU
		{49E99CB5-F292-479A-B8E3-A1267243AEB6}.Release|Any CPU.ActiveCfg = Release|Any CPU
		{49E99CB5-F292-479A-B8E3-A1267243AEB6}.Release|Any CPU.Build.0 = Release|Any CPU
		{49E99CB5-F292-479A-B8E3-A1267243AEB6}.Release|x64.ActiveCfg = Release|Any CPU
		{49E99CB5-F292-479A-B8E3-A1267243AEB6}.Release|x64.Build.0 = Release|Any CPU
		{49E99CB5-F292-479A-B8E3-A1267243AEB6}.Release|x86.ActiveCfg = Release|Any CPU
		{49E99CB5-F292-479A-B8E3-A1267243AEB6}.Release|x86.Build.0 = Release|Any CPU
		{680A07F2-7E21-48D2-9B44-0E9AEE62774B}.Debug|Any CPU.ActiveCfg = Debug|Any CPU
		{680A07F2-7E21-48D2-9B44-0E9AEE62774B}.Debug|Any CPU.Build.0 = Debug|Any CPU
		{680A07F2-7E21-48D2-9B44-0E9AEE62774B}.Debug|x64.ActiveCfg = Debug|Any CPU
		{680A07F2-7E21-48D2-9B44-0E9AEE62774B}.Debug|x64.Build.0 = Debug|Any CPU
		{680A07F2-7E21-48D2-9B44-0E9AEE62774B}.Debug|x86.ActiveCfg = Debug|Any CPU
		{680A07F2-7E21-48D2-9B44-0E9AEE62774B}.Debug|x86.Build.0 = Debug|Any CPU
		{680A07F2-7E21-48D2-9B44-0E9AEE62774B}.Release|Any CPU.ActiveCfg = Release|Any CPU
		{680A07F2-7E21-48D2-9B44-0E9AEE62774B}.Release|Any CPU.Build.0 = Release|Any CPU
		{680A07F2-7E21-48D2-9B44-0E9AEE62774B}.Release|x64.ActiveCfg = Release|Any CPU
		{680A07F2-7E21-48D2-9B44-0E9AEE62774B}.Release|x64.Build.0 = Release|Any CPU
		{680A07F2-7E21-48D2-9B44-0E9AEE62774B}.Release|x86.ActiveCfg = Release|Any CPU
		{680A07F2-7E21-48D2-9B44-0E9AEE62774B}.Release|x86.Build.0 = Release|Any CPU
		{33DDECED-1916-4233-B071-32CE415CF7E7}.Debug|Any CPU.ActiveCfg = Debug|Any CPU
		{33DDECED-1916-4233-B071-32CE415CF7E7}.Debug|Any CPU.Build.0 = Debug|Any CPU
		{33DDECED-1916-4233-B071-32CE415CF7E7}.Debug|x64.ActiveCfg = Debug|Any CPU
		{33DDECED-1916-4233-B071-32CE415CF7E7}.Debug|x64.Build.0 = Debug|Any CPU
		{33DDECED-1916-4233-B071-32CE415CF7E7}.Debug|x86.ActiveCfg = Debug|Any CPU
		{33DDECED-1916-4233-B071-32CE415CF7E7}.Debug|x86.Build.0 = Debug|Any CPU
		{33DDECED-1916-4233-B071-32CE415CF7E7}.Release|Any CPU.ActiveCfg = Release|Any CPU
		{33DDECED-1916-4233-B071-32CE415CF7E7}.Release|Any CPU.Build.0 = Release|Any CPU
		{33DDECED-1916-4233-B071-32CE415CF7E7}.Release|x64.ActiveCfg = Release|Any CPU
		{33DDECED-1916-4233-B071-32CE415CF7E7}.Release|x64.Build.0 = Release|Any CPU
		{33DDECED-1916-4233-B071-32CE415CF7E7}.Release|x86.ActiveCfg = Release|Any CPU
		{33DDECED-1916-4233-B071-32CE415CF7E7}.Release|x86.Build.0 = Release|Any CPU
		{0E1F0CE2-BC60-4108-B972-C7D88D2827CF}.Debug|Any CPU.ActiveCfg = Debug|Any CPU
		{0E1F0CE2-BC60-4108-B972-C7D88D2827CF}.Debug|Any CPU.Build.0 = Debug|Any CPU
		{0E1F0CE2-BC60-4108-B972-C7D88D2827CF}.Debug|x64.ActiveCfg = Debug|Any CPU
		{0E1F0CE2-BC60-4108-B972-C7D88D2827CF}.Debug|x64.Build.0 = Debug|Any CPU
		{0E1F0CE2-BC60-4108-B972-C7D88D2827CF}.Debug|x86.ActiveCfg = Debug|Any CPU
		{0E1F0CE2-BC60-4108-B972-C7D88D2827CF}.Debug|x86.Build.0 = Debug|Any CPU
		{0E1F0CE2-BC60-4108-B972-C7D88D2827CF}.Release|Any CPU.ActiveCfg = Release|Any CPU
		{0E1F0CE2-BC60-4108-B972-C7D88D2827CF}.Release|Any CPU.Build.0 = Release|Any CPU
		{0E1F0CE2-BC60-4108-B972-C7D88D2827CF}.Release|x64.ActiveCfg = Release|Any CPU
		{0E1F0CE2-BC60-4108-B972-C7D88D2827CF}.Release|x64.Build.0 = Release|Any CPU
		{0E1F0CE2-BC60-4108-B972-C7D88D2827CF}.Release|x86.ActiveCfg = Release|Any CPU
		{0E1F0CE2-BC60-4108-B972-C7D88D2827CF}.Release|x86.Build.0 = Release|Any CPU
		{A7BC0302-BF7A-425B-BD15-F9F8FD0C60EE}.Debug|Any CPU.ActiveCfg = Debug|Any CPU
		{A7BC0302-BF7A-425B-BD15-F9F8FD0C60EE}.Debug|Any CPU.Build.0 = Debug|Any CPU
		{A7BC0302-BF7A-425B-BD15-F9F8FD0C60EE}.Debug|x64.ActiveCfg = Debug|Any CPU
		{A7BC0302-BF7A-425B-BD15-F9F8FD0C60EE}.Debug|x64.Build.0 = Debug|Any CPU
		{A7BC0302-BF7A-425B-BD15-F9F8FD0C60EE}.Debug|x86.ActiveCfg = Debug|Any CPU
		{A7BC0302-BF7A-425B-BD15-F9F8FD0C60EE}.Debug|x86.Build.0 = Debug|Any CPU
		{A7BC0302-BF7A-425B-BD15-F9F8FD0C60EE}.Release|Any CPU.ActiveCfg = Release|Any CPU
		{A7BC0302-BF7A-425B-BD15-F9F8FD0C60EE}.Release|Any CPU.Build.0 = Release|Any CPU
		{A7BC0302-BF7A-425B-BD15-F9F8FD0C60EE}.Release|x64.ActiveCfg = Release|Any CPU
		{A7BC0302-BF7A-425B-BD15-F9F8FD0C60EE}.Release|x64.Build.0 = Release|Any CPU
		{A7BC0302-BF7A-425B-BD15-F9F8FD0C60EE}.Release|x86.ActiveCfg = Release|Any CPU
		{A7BC0302-BF7A-425B-BD15-F9F8FD0C60EE}.Release|x86.Build.0 = Release|Any CPU
		{614F0730-C1F3-48D5-8007-46B90DEFDEB9}.Debug|Any CPU.ActiveCfg = Debug|Any CPU
		{614F0730-C1F3-48D5-8007-46B90DEFDEB9}.Debug|Any CPU.Build.0 = Debug|Any CPU
		{614F0730-C1F3-48D5-8007-46B90DEFDEB9}.Debug|x64.ActiveCfg = Debug|Any CPU
		{614F0730-C1F3-48D5-8007-46B90DEFDEB9}.Debug|x64.Build.0 = Debug|Any CPU
		{614F0730-C1F3-48D5-8007-46B90DEFDEB9}.Debug|x86.ActiveCfg = Debug|Any CPU
		{614F0730-C1F3-48D5-8007-46B90DEFDEB9}.Debug|x86.Build.0 = Debug|Any CPU
		{614F0730-C1F3-48D5-8007-46B90DEFDEB9}.Release|Any CPU.ActiveCfg = Release|Any CPU
		{614F0730-C1F3-48D5-8007-46B90DEFDEB9}.Release|Any CPU.Build.0 = Release|Any CPU
		{614F0730-C1F3-48D5-8007-46B90DEFDEB9}.Release|x64.ActiveCfg = Release|Any CPU
		{614F0730-C1F3-48D5-8007-46B90DEFDEB9}.Release|x64.Build.0 = Release|Any CPU
		{614F0730-C1F3-48D5-8007-46B90DEFDEB9}.Release|x86.ActiveCfg = Release|Any CPU
		{614F0730-C1F3-48D5-8007-46B90DEFDEB9}.Release|x86.Build.0 = Release|Any CPU
	EndGlobalSection
	GlobalSection(SolutionProperties) = preSolution
		HideSolutionNode = FALSE
	EndGlobalSection
	GlobalSection(ExtensibilityGlobals) = postSolution
		SolutionGuid = {E71564B1-D265-4C09-8B14-48701AC8252B}
	EndGlobalSection
EndGlobal
