Microsoft Visual Studio Solution File, Format Version 12.00
# Visual Studio 15
VisualStudioVersion = 15.0.26124.0
MinimumVisualStudioVersion = 15.0.26124.0
Project("{9A19103F-16F7-4668-BE54-9A1E7A4F7556}") = "Website", "Website\Website.msbuildproj", "{A271793F-72BF-429D-9EC8-83C03559CBD6}"
EndProject
Project("{9A19103F-16F7-4668-BE54-9A1E7A4F7556}") = "Server", "Server\Server.csproj", "{AF5D53C1-32B5-473F-9229-817608068701}"
EndProject
Project("{13B669BE-BB05-4DDF-9536-439F39A36129}") = "composer", "Website\vendor\composer\composer.msbuildproj", "{7834A3BF-4110-4063-A180-53FC2CACF71D}"
EndProject
Project("{13B669BE-BB05-4DDF-9536-439F39A36129}") = "psr-cache", "Website\vendor\psr\cache\psr-cache.msbuildproj", "{8CA727A4-A828-4F05-8B67-7B2590505E2A}"
EndProject
Project("{13B669BE-BB05-4DDF-9536-439F39A36129}") = "psr-container", "Website\vendor\psr\container\psr-container.msbuildproj", "{3F522948-D065-4F1E-9CD5-2AA8F8BC8298}"
EndProject
Project("{13B669BE-BB05-4DDF-9536-439F39A36129}") = "psr-log", "Website\vendor\psr\log\psr-log.msbuildproj", "{91120A56-0AA8-4B5D-8FA5-0A80148A320D}"
EndProject
Project("{13B669BE-BB05-4DDF-9536-439F39A36129}") = "psr-simple-cache", "Website\vendor\psr\simple-cache\psr-simple-cache.msbuildproj", "{0D252F3F-44B9-4C42-BF97-F905119C4C28}"
EndProject
Project("{13B669BE-BB05-4DDF-9536-439F39A36129}") = "symfony-cache", "Website\vendor\symfony\cache\symfony-cache.msbuildproj", "{85CDEAFB-165C-4302-BDA9-9FE0CC7699FC}"
EndProject
Project("{13B669BE-BB05-4DDF-9536-439F39A36129}") = "symfony-contracts", "Website\vendor\symfony\contracts\symfony-contracts.msbuildproj", "{3FA95BAB-9679-4189-8182-7F8F8EC762D5}"
EndProject
Project("{13B669BE-BB05-4DDF-9536-439F39A36129}") = "symfony-dependency-injection", "Website\vendor\symfony\dependency-injection\symfony-dependency-injection.msbuildproj", "{83DB86EE-120E-48A2-9AE1-26AB87E73B88}"
EndProject
Project("{13B669BE-BB05-4DDF-9536-439F39A36129}") = "symfony-config", "Website\vendor\symfony\config\symfony-config.msbuildproj", "{892996B0-17CA-4E03-9E52-270234E7A110}"
EndProject
Project("{13B669BE-BB05-4DDF-9536-439F39A36129}") = "symfony-console", "Website\vendor\symfony\console\symfony-console.msbuildproj", "{D0D92C36-B2A7-4D39-B1D3-CD2A40F4C83D}"
EndProject
Project("{13B669BE-BB05-4DDF-9536-439F39A36129}") = "symfony-debug", "Website\vendor\symfony\debug\symfony-debug.msbuildproj", "{5F505EC7-B8B0-4F64-BE5A-12CE60DCF208}"
EndProject
Project("{13B669BE-BB05-4DDF-9536-439F39A36129}") = "symfony-dotenv", "Website\vendor\symfony\dotenv\symfony-dotenv.msbuildproj", "{59190B31-8CC9-4214-A36F-32DE36A8A6AD}"
EndProject
Project("{13B669BE-BB05-4DDF-9536-439F39A36129}") = "symfony-event-dispatcher", "Website\vendor\symfony\event-dispatcher\symfony-event-dispatcher.msbuildproj", "{F0F35B35-1E70-4352-A491-7658F0B80A63}"
EndProject
Project("{13B669BE-BB05-4DDF-9536-439F39A36129}") = "symfony-filesystem", "Website\vendor\symfony\filesystem\symfony-filesystem.msbuildproj", "{7F0E684D-B8DF-4494-B54E-4A679B8841BD}"
EndProject
Project("{13B669BE-BB05-4DDF-9536-439F39A36129}") = "symfony-finder", "Website\vendor\symfony\finder\symfony-finder.msbuildproj", "{1E84CCE7-0CD6-455B-B97C-4B787E7EDEF2}"
EndProject
Project("{13B669BE-BB05-4DDF-9536-439F39A36129}") = "symfony-flex", "Website\vendor\symfony\flex\symfony-flex.msbuildproj", "{C9D3EC2C-CA5C-485A-B83F-79919E07C493}"
EndProject
Global
	GlobalSection(SolutionConfigurationPlatforms) = preSolution
		Debug|Any CPU = Debug|Any CPU
		Debug|x64 = Debug|x64
		Debug|x86 = Debug|x86
		Release|Any CPU = Release|Any CPU
		Release|x64 = Release|x64
		Release|x86 = Release|x86
	EndGlobalSection
	GlobalSection(ProjectConfigurationPlatforms) = postSolution
		{A271793F-72BF-429D-9EC8-83C03559CBD6}.Debug|Any CPU.ActiveCfg = Debug|Any CPU
		{A271793F-72BF-429D-9EC8-83C03559CBD6}.Debug|Any CPU.Build.0 = Debug|Any CPU
		{A271793F-72BF-429D-9EC8-83C03559CBD6}.Debug|x64.ActiveCfg = Debug|Any CPU
		{A271793F-72BF-429D-9EC8-83C03559CBD6}.Debug|x64.Build.0 = Debug|Any CPU
		{A271793F-72BF-429D-9EC8-83C03559CBD6}.Debug|x86.ActiveCfg = Debug|Any CPU
		{A271793F-72BF-429D-9EC8-83C03559CBD6}.Debug|x86.Build.0 = Debug|Any CPU
		{A271793F-72BF-429D-9EC8-83C03559CBD6}.Release|Any CPU.ActiveCfg = Release|Any CPU
		{A271793F-72BF-429D-9EC8-83C03559CBD6}.Release|Any CPU.Build.0 = Release|Any CPU
		{A271793F-72BF-429D-9EC8-83C03559CBD6}.Release|x64.ActiveCfg = Release|Any CPU
		{A271793F-72BF-429D-9EC8-83C03559CBD6}.Release|x64.Build.0 = Release|Any CPU
		{A271793F-72BF-429D-9EC8-83C03559CBD6}.Release|x86.ActiveCfg = Release|Any CPU
		{A271793F-72BF-429D-9EC8-83C03559CBD6}.Release|x86.Build.0 = Release|Any CPU
		{AF5D53C1-32B5-473F-9229-817608068701}.Debug|Any CPU.ActiveCfg = Debug|Any CPU
		{AF5D53C1-32B5-473F-9229-817608068701}.Debug|Any CPU.Build.0 = Debug|Any CPU
		{AF5D53C1-32B5-473F-9229-817608068701}.Debug|x64.ActiveCfg = Debug|Any CPU
		{AF5D53C1-32B5-473F-9229-817608068701}.Debug|x64.Build.0 = Debug|Any CPU
		{AF5D53C1-32B5-473F-9229-817608068701}.Debug|x86.ActiveCfg = Debug|Any CPU
		{AF5D53C1-32B5-473F-9229-817608068701}.Debug|x86.Build.0 = Debug|Any CPU
		{AF5D53C1-32B5-473F-9229-817608068701}.Release|Any CPU.ActiveCfg = Release|Any CPU
		{AF5D53C1-32B5-473F-9229-817608068701}.Release|Any CPU.Build.0 = Release|Any CPU
		{AF5D53C1-32B5-473F-9229-817608068701}.Release|x64.ActiveCfg = Release|Any CPU
		{AF5D53C1-32B5-473F-9229-817608068701}.Release|x64.Build.0 = Release|Any CPU
		{AF5D53C1-32B5-473F-9229-817608068701}.Release|x86.ActiveCfg = Release|Any CPU
		{AF5D53C1-32B5-473F-9229-817608068701}.Release|x86.Build.0 = Release|Any CPU
		{7834A3BF-4110-4063-A180-53FC2CACF71D}.Debug|Any CPU.ActiveCfg = Debug|Any CPU
		{7834A3BF-4110-4063-A180-53FC2CACF71D}.Debug|Any CPU.Build.0 = Debug|Any CPU
		{7834A3BF-4110-4063-A180-53FC2CACF71D}.Debug|x64.ActiveCfg = Debug|Any CPU
		{7834A3BF-4110-4063-A180-53FC2CACF71D}.Debug|x64.Build.0 = Debug|Any CPU
		{7834A3BF-4110-4063-A180-53FC2CACF71D}.Debug|x86.ActiveCfg = Debug|Any CPU
		{7834A3BF-4110-4063-A180-53FC2CACF71D}.Debug|x86.Build.0 = Debug|Any CPU
		{7834A3BF-4110-4063-A180-53FC2CACF71D}.Release|Any CPU.ActiveCfg = Release|Any CPU
		{7834A3BF-4110-4063-A180-53FC2CACF71D}.Release|Any CPU.Build.0 = Release|Any CPU
		{7834A3BF-4110-4063-A180-53FC2CACF71D}.Release|x64.ActiveCfg = Release|Any CPU
		{7834A3BF-4110-4063-A180-53FC2CACF71D}.Release|x64.Build.0 = Release|Any CPU
		{7834A3BF-4110-4063-A180-53FC2CACF71D}.Release|x86.ActiveCfg = Release|Any CPU
		{7834A3BF-4110-4063-A180-53FC2CACF71D}.Release|x86.Build.0 = Release|Any CPU
		{8CA727A4-A828-4F05-8B67-7B2590505E2A}.Debug|Any CPU.ActiveCfg = Debug|Any CPU
		{8CA727A4-A828-4F05-8B67-7B2590505E2A}.Debug|Any CPU.Build.0 = Debug|Any CPU
		{8CA727A4-A828-4F05-8B67-7B2590505E2A}.Debug|x64.ActiveCfg = Debug|Any CPU
		{8CA727A4-A828-4F05-8B67-7B2590505E2A}.Debug|x64.Build.0 = Debug|Any CPU
		{8CA727A4-A828-4F05-8B67-7B2590505E2A}.Debug|x86.ActiveCfg = Debug|Any CPU
		{8CA727A4-A828-4F05-8B67-7B2590505E2A}.Debug|x86.Build.0 = Debug|Any CPU
		{8CA727A4-A828-4F05-8B67-7B2590505E2A}.Release|Any CPU.ActiveCfg = Release|Any CPU
		{8CA727A4-A828-4F05-8B67-7B2590505E2A}.Release|Any CPU.Build.0 = Release|Any CPU
		{8CA727A4-A828-4F05-8B67-7B2590505E2A}.Release|x64.ActiveCfg = Release|Any CPU
		{8CA727A4-A828-4F05-8B67-7B2590505E2A}.Release|x64.Build.0 = Release|Any CPU
		{8CA727A4-A828-4F05-8B67-7B2590505E2A}.Release|x86.ActiveCfg = Release|Any CPU
		{8CA727A4-A828-4F05-8B67-7B2590505E2A}.Release|x86.Build.0 = Release|Any CPU
		{3F522948-D065-4F1E-9CD5-2AA8F8BC8298}.Debug|Any CPU.ActiveCfg = Debug|Any CPU
		{3F522948-D065-4F1E-9CD5-2AA8F8BC8298}.Debug|Any CPU.Build.0 = Debug|Any CPU
		{3F522948-D065-4F1E-9CD5-2AA8F8BC8298}.Debug|x64.ActiveCfg = Debug|Any CPU
		{3F522948-D065-4F1E-9CD5-2AA8F8BC8298}.Debug|x64.Build.0 = Debug|Any CPU
		{3F522948-D065-4F1E-9CD5-2AA8F8BC8298}.Debug|x86.ActiveCfg = Debug|Any CPU
		{3F522948-D065-4F1E-9CD5-2AA8F8BC8298}.Debug|x86.Build.0 = Debug|Any CPU
		{3F522948-D065-4F1E-9CD5-2AA8F8BC8298}.Release|Any CPU.ActiveCfg = Release|Any CPU
		{3F522948-D065-4F1E-9CD5-2AA8F8BC8298}.Release|Any CPU.Build.0 = Release|Any CPU
		{3F522948-D065-4F1E-9CD5-2AA8F8BC8298}.Release|x64.ActiveCfg = Release|Any CPU
		{3F522948-D065-4F1E-9CD5-2AA8F8BC8298}.Release|x64.Build.0 = Release|Any CPU
		{3F522948-D065-4F1E-9CD5-2AA8F8BC8298}.Release|x86.ActiveCfg = Release|Any CPU
		{3F522948-D065-4F1E-9CD5-2AA8F8BC8298}.Release|x86.Build.0 = Release|Any CPU
		{91120A56-0AA8-4B5D-8FA5-0A80148A320D}.Debug|Any CPU.ActiveCfg = Debug|Any CPU
		{91120A56-0AA8-4B5D-8FA5-0A80148A320D}.Debug|Any CPU.Build.0 = Debug|Any CPU
		{91120A56-0AA8-4B5D-8FA5-0A80148A320D}.Debug|x64.ActiveCfg = Debug|Any CPU
		{91120A56-0AA8-4B5D-8FA5-0A80148A320D}.Debug|x64.Build.0 = Debug|Any CPU
		{91120A56-0AA8-4B5D-8FA5-0A80148A320D}.Debug|x86.ActiveCfg = Debug|Any CPU
		{91120A56-0AA8-4B5D-8FA5-0A80148A320D}.Debug|x86.Build.0 = Debug|Any CPU
		{91120A56-0AA8-4B5D-8FA5-0A80148A320D}.Release|Any CPU.ActiveCfg = Release|Any CPU
		{91120A56-0AA8-4B5D-8FA5-0A80148A320D}.Release|Any CPU.Build.0 = Release|Any CPU
		{91120A56-0AA8-4B5D-8FA5-0A80148A320D}.Release|x64.ActiveCfg = Release|Any CPU
		{91120A56-0AA8-4B5D-8FA5-0A80148A320D}.Release|x64.Build.0 = Release|Any CPU
		{91120A56-0AA8-4B5D-8FA5-0A80148A320D}.Release|x86.ActiveCfg = Release|Any CPU
		{91120A56-0AA8-4B5D-8FA5-0A80148A320D}.Release|x86.Build.0 = Release|Any CPU
		{0D252F3F-44B9-4C42-BF97-F905119C4C28}.Debug|Any CPU.ActiveCfg = Debug|Any CPU
		{0D252F3F-44B9-4C42-BF97-F905119C4C28}.Debug|Any CPU.Build.0 = Debug|Any CPU
		{0D252F3F-44B9-4C42-BF97-F905119C4C28}.Debug|x64.ActiveCfg = Debug|Any CPU
		{0D252F3F-44B9-4C42-BF97-F905119C4C28}.Debug|x64.Build.0 = Debug|Any CPU
		{0D252F3F-44B9-4C42-BF97-F905119C4C28}.Debug|x86.ActiveCfg = Debug|Any CPU
		{0D252F3F-44B9-4C42-BF97-F905119C4C28}.Debug|x86.Build.0 = Debug|Any CPU
		{0D252F3F-44B9-4C42-BF97-F905119C4C28}.Release|Any CPU.ActiveCfg = Release|Any CPU
		{0D252F3F-44B9-4C42-BF97-F905119C4C28}.Release|Any CPU.Build.0 = Release|Any CPU
		{0D252F3F-44B9-4C42-BF97-F905119C4C28}.Release|x64.ActiveCfg = Release|Any CPU
		{0D252F3F-44B9-4C42-BF97-F905119C4C28}.Release|x64.Build.0 = Release|Any CPU
		{0D252F3F-44B9-4C42-BF97-F905119C4C28}.Release|x86.ActiveCfg = Release|Any CPU
		{0D252F3F-44B9-4C42-BF97-F905119C4C28}.Release|x86.Build.0 = Release|Any CPU
		{85CDEAFB-165C-4302-BDA9-9FE0CC7699FC}.Debug|Any CPU.ActiveCfg = Debug|Any CPU
		{85CDEAFB-165C-4302-BDA9-9FE0CC7699FC}.Debug|Any CPU.Build.0 = Debug|Any CPU
		{85CDEAFB-165C-4302-BDA9-9FE0CC7699FC}.Debug|x64.ActiveCfg = Debug|Any CPU
		{85CDEAFB-165C-4302-BDA9-9FE0CC7699FC}.Debug|x64.Build.0 = Debug|Any CPU
		{85CDEAFB-165C-4302-BDA9-9FE0CC7699FC}.Debug|x86.ActiveCfg = Debug|Any CPU
		{85CDEAFB-165C-4302-BDA9-9FE0CC7699FC}.Debug|x86.Build.0 = Debug|Any CPU
		{85CDEAFB-165C-4302-BDA9-9FE0CC7699FC}.Release|Any CPU.ActiveCfg = Release|Any CPU
		{85CDEAFB-165C-4302-BDA9-9FE0CC7699FC}.Release|Any CPU.Build.0 = Release|Any CPU
		{85CDEAFB-165C-4302-BDA9-9FE0CC7699FC}.Release|x64.ActiveCfg = Release|Any CPU
		{85CDEAFB-165C-4302-BDA9-9FE0CC7699FC}.Release|x64.Build.0 = Release|Any CPU
		{85CDEAFB-165C-4302-BDA9-9FE0CC7699FC}.Release|x86.ActiveCfg = Release|Any CPU
		{85CDEAFB-165C-4302-BDA9-9FE0CC7699FC}.Release|x86.Build.0 = Release|Any CPU
		{3FA95BAB-9679-4189-8182-7F8F8EC762D5}.Debug|Any CPU.ActiveCfg = Debug|Any CPU
		{3FA95BAB-9679-4189-8182-7F8F8EC762D5}.Debug|Any CPU.Build.0 = Debug|Any CPU
		{3FA95BAB-9679-4189-8182-7F8F8EC762D5}.Debug|x64.ActiveCfg = Debug|Any CPU
		{3FA95BAB-9679-4189-8182-7F8F8EC762D5}.Debug|x64.Build.0 = Debug|Any CPU
		{3FA95BAB-9679-4189-8182-7F8F8EC762D5}.Debug|x86.ActiveCfg = Debug|Any CPU
		{3FA95BAB-9679-4189-8182-7F8F8EC762D5}.Debug|x86.Build.0 = Debug|Any CPU
		{3FA95BAB-9679-4189-8182-7F8F8EC762D5}.Release|Any CPU.ActiveCfg = Release|Any CPU
		{3FA95BAB-9679-4189-8182-7F8F8EC762D5}.Release|Any CPU.Build.0 = Release|Any CPU
		{3FA95BAB-9679-4189-8182-7F8F8EC762D5}.Release|x64.ActiveCfg = Release|Any CPU
		{3FA95BAB-9679-4189-8182-7F8F8EC762D5}.Release|x64.Build.0 = Release|Any CPU
		{3FA95BAB-9679-4189-8182-7F8F8EC762D5}.Release|x86.ActiveCfg = Release|Any CPU
		{3FA95BAB-9679-4189-8182-7F8F8EC762D5}.Release|x86.Build.0 = Release|Any CPU
		{83DB86EE-120E-48A2-9AE1-26AB87E73B88}.Debug|Any CPU.ActiveCfg = Debug|Any CPU
		{83DB86EE-120E-48A2-9AE1-26AB87E73B88}.Debug|Any CPU.Build.0 = Debug|Any CPU
		{83DB86EE-120E-48A2-9AE1-26AB87E73B88}.Debug|x64.ActiveCfg = Debug|Any CPU
		{83DB86EE-120E-48A2-9AE1-26AB87E73B88}.Debug|x64.Build.0 = Debug|Any CPU
		{83DB86EE-120E-48A2-9AE1-26AB87E73B88}.Debug|x86.ActiveCfg = Debug|Any CPU
		{83DB86EE-120E-48A2-9AE1-26AB87E73B88}.Debug|x86.Build.0 = Debug|Any CPU
		{83DB86EE-120E-48A2-9AE1-26AB87E73B88}.Release|Any CPU.ActiveCfg = Release|Any CPU
		{83DB86EE-120E-48A2-9AE1-26AB87E73B88}.Release|Any CPU.Build.0 = Release|Any CPU
		{83DB86EE-120E-48A2-9AE1-26AB87E73B88}.Release|x64.ActiveCfg = Release|Any CPU
		{83DB86EE-120E-48A2-9AE1-26AB87E73B88}.Release|x64.Build.0 = Release|Any CPU
		{83DB86EE-120E-48A2-9AE1-26AB87E73B88}.Release|x86.ActiveCfg = Release|Any CPU
		{83DB86EE-120E-48A2-9AE1-26AB87E73B88}.Release|x86.Build.0 = Release|Any CPU
		{892996B0-17CA-4E03-9E52-270234E7A110}.Debug|Any CPU.ActiveCfg = Debug|Any CPU
		{892996B0-17CA-4E03-9E52-270234E7A110}.Debug|Any CPU.Build.0 = Debug|Any CPU
		{892996B0-17CA-4E03-9E52-270234E7A110}.Debug|x64.ActiveCfg = Debug|Any CPU
		{892996B0-17CA-4E03-9E52-270234E7A110}.Debug|x64.Build.0 = Debug|Any CPU
		{892996B0-17CA-4E03-9E52-270234E7A110}.Debug|x86.ActiveCfg = Debug|Any CPU
		{892996B0-17CA-4E03-9E52-270234E7A110}.Debug|x86.Build.0 = Debug|Any CPU
		{892996B0-17CA-4E03-9E52-270234E7A110}.Release|Any CPU.ActiveCfg = Release|Any CPU
		{892996B0-17CA-4E03-9E52-270234E7A110}.Release|Any CPU.Build.0 = Release|Any CPU
		{892996B0-17CA-4E03-9E52-270234E7A110}.Release|x64.ActiveCfg = Release|Any CPU
		{892996B0-17CA-4E03-9E52-270234E7A110}.Release|x64.Build.0 = Release|Any CPU
		{892996B0-17CA-4E03-9E52-270234E7A110}.Release|x86.ActiveCfg = Release|Any CPU
		{892996B0-17CA-4E03-9E52-270234E7A110}.Release|x86.Build.0 = Release|Any CPU
		{D0D92C36-B2A7-4D39-B1D3-CD2A40F4C83D}.Debug|Any CPU.ActiveCfg = Debug|Any CPU
		{D0D92C36-B2A7-4D39-B1D3-CD2A40F4C83D}.Debug|Any CPU.Build.0 = Debug|Any CPU
		{D0D92C36-B2A7-4D39-B1D3-CD2A40F4C83D}.Debug|x64.ActiveCfg = Debug|Any CPU
		{D0D92C36-B2A7-4D39-B1D3-CD2A40F4C83D}.Debug|x64.Build.0 = Debug|Any CPU
		{D0D92C36-B2A7-4D39-B1D3-CD2A40F4C83D}.Debug|x86.ActiveCfg = Debug|Any CPU
		{D0D92C36-B2A7-4D39-B1D3-CD2A40F4C83D}.Debug|x86.Build.0 = Debug|Any CPU
		{D0D92C36-B2A7-4D39-B1D3-CD2A40F4C83D}.Release|Any CPU.ActiveCfg = Release|Any CPU
		{D0D92C36-B2A7-4D39-B1D3-CD2A40F4C83D}.Release|Any CPU.Build.0 = Release|Any CPU
		{D0D92C36-B2A7-4D39-B1D3-CD2A40F4C83D}.Release|x64.ActiveCfg = Release|Any CPU
		{D0D92C36-B2A7-4D39-B1D3-CD2A40F4C83D}.Release|x64.Build.0 = Release|Any CPU
		{D0D92C36-B2A7-4D39-B1D3-CD2A40F4C83D}.Release|x86.ActiveCfg = Release|Any CPU
		{D0D92C36-B2A7-4D39-B1D3-CD2A40F4C83D}.Release|x86.Build.0 = Release|Any CPU
		{5F505EC7-B8B0-4F64-BE5A-12CE60DCF208}.Debug|Any CPU.ActiveCfg = Debug|Any CPU
		{5F505EC7-B8B0-4F64-BE5A-12CE60DCF208}.Debug|Any CPU.Build.0 = Debug|Any CPU
		{5F505EC7-B8B0-4F64-BE5A-12CE60DCF208}.Debug|x64.ActiveCfg = Debug|Any CPU
		{5F505EC7-B8B0-4F64-BE5A-12CE60DCF208}.Debug|x64.Build.0 = Debug|Any CPU
		{5F505EC7-B8B0-4F64-BE5A-12CE60DCF208}.Debug|x86.ActiveCfg = Debug|Any CPU
		{5F505EC7-B8B0-4F64-BE5A-12CE60DCF208}.Debug|x86.Build.0 = Debug|Any CPU
		{5F505EC7-B8B0-4F64-BE5A-12CE60DCF208}.Release|Any CPU.ActiveCfg = Release|Any CPU
		{5F505EC7-B8B0-4F64-BE5A-12CE60DCF208}.Release|Any CPU.Build.0 = Release|Any CPU
		{5F505EC7-B8B0-4F64-BE5A-12CE60DCF208}.Release|x64.ActiveCfg = Release|Any CPU
		{5F505EC7-B8B0-4F64-BE5A-12CE60DCF208}.Release|x64.Build.0 = Release|Any CPU
		{5F505EC7-B8B0-4F64-BE5A-12CE60DCF208}.Release|x86.ActiveCfg = Release|Any CPU
		{5F505EC7-B8B0-4F64-BE5A-12CE60DCF208}.Release|x86.Build.0 = Release|Any CPU
		{59190B31-8CC9-4214-A36F-32DE36A8A6AD}.Debug|Any CPU.ActiveCfg = Debug|Any CPU
		{59190B31-8CC9-4214-A36F-32DE36A8A6AD}.Debug|Any CPU.Build.0 = Debug|Any CPU
		{59190B31-8CC9-4214-A36F-32DE36A8A6AD}.Debug|x64.ActiveCfg = Debug|Any CPU
		{59190B31-8CC9-4214-A36F-32DE36A8A6AD}.Debug|x64.Build.0 = Debug|Any CPU
		{59190B31-8CC9-4214-A36F-32DE36A8A6AD}.Debug|x86.ActiveCfg = Debug|Any CPU
		{59190B31-8CC9-4214-A36F-32DE36A8A6AD}.Debug|x86.Build.0 = Debug|Any CPU
		{59190B31-8CC9-4214-A36F-32DE36A8A6AD}.Release|Any CPU.ActiveCfg = Release|Any CPU
		{59190B31-8CC9-4214-A36F-32DE36A8A6AD}.Release|Any CPU.Build.0 = Release|Any CPU
		{59190B31-8CC9-4214-A36F-32DE36A8A6AD}.Release|x64.ActiveCfg = Release|Any CPU
		{59190B31-8CC9-4214-A36F-32DE36A8A6AD}.Release|x64.Build.0 = Release|Any CPU
		{59190B31-8CC9-4214-A36F-32DE36A8A6AD}.Release|x86.ActiveCfg = Release|Any CPU
		{59190B31-8CC9-4214-A36F-32DE36A8A6AD}.Release|x86.Build.0 = Release|Any CPU
		{F0F35B35-1E70-4352-A491-7658F0B80A63}.Debug|Any CPU.ActiveCfg = Debug|Any CPU
		{F0F35B35-1E70-4352-A491-7658F0B80A63}.Debug|Any CPU.Build.0 = Debug|Any CPU
		{F0F35B35-1E70-4352-A491-7658F0B80A63}.Debug|x64.ActiveCfg = Debug|Any CPU
		{F0F35B35-1E70-4352-A491-7658F0B80A63}.Debug|x64.Build.0 = Debug|Any CPU
		{F0F35B35-1E70-4352-A491-7658F0B80A63}.Debug|x86.ActiveCfg = Debug|Any CPU
		{F0F35B35-1E70-4352-A491-7658F0B80A63}.Debug|x86.Build.0 = Debug|Any CPU
		{F0F35B35-1E70-4352-A491-7658F0B80A63}.Release|Any CPU.ActiveCfg = Release|Any CPU
		{F0F35B35-1E70-4352-A491-7658F0B80A63}.Release|Any CPU.Build.0 = Release|Any CPU
		{F0F35B35-1E70-4352-A491-7658F0B80A63}.Release|x64.ActiveCfg = Release|Any CPU
		{F0F35B35-1E70-4352-A491-7658F0B80A63}.Release|x64.Build.0 = Release|Any CPU
		{F0F35B35-1E70-4352-A491-7658F0B80A63}.Release|x86.ActiveCfg = Release|Any CPU
		{F0F35B35-1E70-4352-A491-7658F0B80A63}.Release|x86.Build.0 = Release|Any CPU
		{7F0E684D-B8DF-4494-B54E-4A679B8841BD}.Debug|Any CPU.ActiveCfg = Debug|Any CPU
		{7F0E684D-B8DF-4494-B54E-4A679B8841BD}.Debug|Any CPU.Build.0 = Debug|Any CPU
		{7F0E684D-B8DF-4494-B54E-4A679B8841BD}.Debug|x64.ActiveCfg = Debug|Any CPU
		{7F0E684D-B8DF-4494-B54E-4A679B8841BD}.Debug|x64.Build.0 = Debug|Any CPU
		{7F0E684D-B8DF-4494-B54E-4A679B8841BD}.Debug|x86.ActiveCfg = Debug|Any CPU
		{7F0E684D-B8DF-4494-B54E-4A679B8841BD}.Debug|x86.Build.0 = Debug|Any CPU
		{7F0E684D-B8DF-4494-B54E-4A679B8841BD}.Release|Any CPU.ActiveCfg = Release|Any CPU
		{7F0E684D-B8DF-4494-B54E-4A679B8841BD}.Release|Any CPU.Build.0 = Release|Any CPU
		{7F0E684D-B8DF-4494-B54E-4A679B8841BD}.Release|x64.ActiveCfg = Release|Any CPU
		{7F0E684D-B8DF-4494-B54E-4A679B8841BD}.Release|x64.Build.0 = Release|Any CPU
		{7F0E684D-B8DF-4494-B54E-4A679B8841BD}.Release|x86.ActiveCfg = Release|Any CPU
		{7F0E684D-B8DF-4494-B54E-4A679B8841BD}.Release|x86.Build.0 = Release|Any CPU
		{1E84CCE7-0CD6-455B-B97C-4B787E7EDEF2}.Debug|Any CPU.ActiveCfg = Debug|Any CPU
		{1E84CCE7-0CD6-455B-B97C-4B787E7EDEF2}.Debug|Any CPU.Build.0 = Debug|Any CPU
		{1E84CCE7-0CD6-455B-B97C-4B787E7EDEF2}.Debug|x64.ActiveCfg = Debug|Any CPU
		{1E84CCE7-0CD6-455B-B97C-4B787E7EDEF2}.Debug|x64.Build.0 = Debug|Any CPU
		{1E84CCE7-0CD6-455B-B97C-4B787E7EDEF2}.Debug|x86.ActiveCfg = Debug|Any CPU
		{1E84CCE7-0CD6-455B-B97C-4B787E7EDEF2}.Debug|x86.Build.0 = Debug|Any CPU
		{1E84CCE7-0CD6-455B-B97C-4B787E7EDEF2}.Release|Any CPU.ActiveCfg = Release|Any CPU
		{1E84CCE7-0CD6-455B-B97C-4B787E7EDEF2}.Release|Any CPU.Build.0 = Release|Any CPU
		{1E84CCE7-0CD6-455B-B97C-4B787E7EDEF2}.Release|x64.ActiveCfg = Release|Any CPU
		{1E84CCE7-0CD6-455B-B97C-4B787E7EDEF2}.Release|x64.Build.0 = Release|Any CPU
		{1E84CCE7-0CD6-455B-B97C-4B787E7EDEF2}.Release|x86.ActiveCfg = Release|Any CPU
		{1E84CCE7-0CD6-455B-B97C-4B787E7EDEF2}.Release|x86.Build.0 = Release|Any CPU
		{C9D3EC2C-CA5C-485A-B83F-79919E07C493}.Debug|Any CPU.ActiveCfg = Debug|Any CPU
		{C9D3EC2C-CA5C-485A-B83F-79919E07C493}.Debug|Any CPU.Build.0 = Debug|Any CPU
		{C9D3EC2C-CA5C-485A-B83F-79919E07C493}.Debug|x64.ActiveCfg = Debug|Any CPU
		{C9D3EC2C-CA5C-485A-B83F-79919E07C493}.Debug|x64.Build.0 = Debug|Any CPU
		{C9D3EC2C-CA5C-485A-B83F-79919E07C493}.Debug|x86.ActiveCfg = Debug|Any CPU
		{C9D3EC2C-CA5C-485A-B83F-79919E07C493}.Debug|x86.Build.0 = Debug|Any CPU
		{C9D3EC2C-CA5C-485A-B83F-79919E07C493}.Release|Any CPU.ActiveCfg = Release|Any CPU
		{C9D3EC2C-CA5C-485A-B83F-79919E07C493}.Release|Any CPU.Build.0 = Release|Any CPU
		{C9D3EC2C-CA5C-485A-B83F-79919E07C493}.Release|x64.ActiveCfg = Release|Any CPU
		{C9D3EC2C-CA5C-485A-B83F-79919E07C493}.Release|x64.Build.0 = Release|Any CPU
		{C9D3EC2C-CA5C-485A-B83F-79919E07C493}.Release|x86.ActiveCfg = Release|Any CPU
		{C9D3EC2C-CA5C-485A-B83F-79919E07C493}.Release|x86.Build.0 = Release|Any CPU
	EndGlobalSection
	GlobalSection(SolutionProperties) = preSolution
		HideSolutionNode = FALSE
	EndGlobalSection
	GlobalSection(ExtensibilityGlobals) = postSolution
		SolutionGuid = {E71564B1-D265-4C09-8B14-48701AC8252B}
	EndGlobalSection
EndGlobal
