Microsoft Visual Studio Solution File, Format Version 12.00
# Visual Studio 15
VisualStudioVersion = 15.0.26124.0
MinimumVisualStudioVersion = 15.0.26124.0
Project("{9A19103F-16F7-4668-BE54-9A1E7A4F7556}") = "Website", "Website\Website.msbuildproj", "{A271793F-72BF-429D-9EC8-83C03559CBD6}"
EndProject
Project("{9A19103F-16F7-4668-BE54-9A1E7A4F7556}") = "Server", "Server\Server.csproj", "{AF5D53C1-32B5-473F-9229-817608068701}"
EndProject
Project("{13B669BE-BB05-4DDF-9536-439F39A36129}") = "symfony.cache", "Website\vendor\symfony\cache\symfony.cache.msbuildproj", "{85CDEAFB-165C-4302-BDA9-9FE0CC7699FC}"
EndProject
Project("{13B669BE-BB05-4DDF-9536-439F39A36129}") = "symfony.contracts", "Website\vendor\symfony\contracts\symfony.contracts.msbuildproj", "{3FA95BAB-9679-4189-8182-7F8F8EC762D5}"
EndProject
Project("{13B669BE-BB05-4DDF-9536-439F39A36129}") = "symfony.dependency-injection", "Website\vendor\symfony\dependency-injection\symfony.dependency-injection.msbuildproj", "{83DB86EE-120E-48A2-9AE1-26AB87E73B88}"
EndProject
Project("{13B669BE-BB05-4DDF-9536-439F39A36129}") = "symfony.config", "Website\vendor\symfony\config\symfony.config.msbuildproj", "{892996B0-17CA-4E03-9E52-270234E7A110}"
EndProject
Project("{13B669BE-BB05-4DDF-9536-439F39A36129}") = "symfony.console", "Website\vendor\symfony\console\symfony.console.msbuildproj", "{D0D92C36-B2A7-4D39-B1D3-CD2A40F4C83D}"
EndProject
Project("{13B669BE-BB05-4DDF-9536-439F39A36129}") = "symfony.debug", "Website\vendor\symfony\debug\symfony.debug.msbuildproj", "{5F505EC7-B8B0-4F64-BE5A-12CE60DCF208}"
EndProject
Project("{13B669BE-BB05-4DDF-9536-439F39A36129}") = "symfony.dotenv", "Website\vendor\symfony\dotenv\symfony.dotenv.msbuildproj", "{59190B31-8CC9-4214-A36F-32DE36A8A6AD}"
EndProject
Project("{13B669BE-BB05-4DDF-9536-439F39A36129}") = "symfony.event-dispatcher", "Website\vendor\symfony\event-dispatcher\symfony.event-dispatcher.msbuildproj", "{F0F35B35-1E70-4352-A491-7658F0B80A63}"
EndProject
Project("{13B669BE-BB05-4DDF-9536-439F39A36129}") = "symfony.filesystem", "Website\vendor\symfony\filesystem\symfony.filesystem.msbuildproj", "{7F0E684D-B8DF-4494-B54E-4A679B8841BD}"
EndProject
Project("{13B669BE-BB05-4DDF-9536-439F39A36129}") = "symfony.finder", "Website\vendor\symfony\finder\symfony.finder.msbuildproj", "{1E84CCE7-0CD6-455B-B97C-4B787E7EDEF2}"
EndProject
Project("{13B669BE-BB05-4DDF-9536-439F39A36129}") = "symfony.framework-bundle", "Website\vendor\symfony\framework-bundle\symfony.framework-bundle.msbuildproj", "{CA0459A6-53EC-4B45-A30E-4298050110B6}"
EndProject
Project("{13B669BE-BB05-4DDF-9536-439F39A36129}") = "symfony.http-foundation", "Website\vendor\symfony\http-foundation\symfony.http-foundation.msbuildproj", "{3749B55F-CA34-4A37-9800-3753B5B08A9B}"
EndProject
Project("{13B669BE-BB05-4DDF-9536-439F39A36129}") = "symfony.http-kernel", "Website\vendor\symfony\http-kernel\symfony.http-kernel.msbuildproj", "{BCD96B15-6DE3-4158-B67B-450D8392E5A0}"
EndProject
Project("{13B669BE-BB05-4DDF-9536-439F39A36129}") = "symfony.polyfill-mbstring", "Website\vendor\symfony\polyfill-mbstring\symfony.polyfill-mbstring.msbuildproj", "{9998D804-EC9F-48BC-9F61-0FB5CA23D589}"
EndProject
Project("{13B669BE-BB05-4DDF-9536-439F39A36129}") = "symfony.process", "Website\vendor\symfony\process\symfony.process.msbuildproj", "{65EC5652-DCAE-421C-8EA4-34B177B954A3}"
EndProject
Project("{13B669BE-BB05-4DDF-9536-439F39A36129}") = "symfony.routing", "Website\vendor\symfony\routing\symfony.routing.msbuildproj", "{F7287662-AAF0-43E4-85ED-458346AC185C}"
EndProject
Project("{13B669BE-BB05-4DDF-9536-439F39A36129}") = "symfony.var-exporter", "Website\vendor\symfony\var-exporter\symfony.var-exporter.msbuildproj", "{4CE159BB-780F-4696-BF85-44382E0C462E}"
EndProject
Project("{13B669BE-BB05-4DDF-9536-439F39A36129}") = "symfony.yaml", "Website\vendor\symfony\yaml\symfony.yaml.msbuildproj", "{F75343EE-8F59-4B1B-A64A-BC24C4F559E2}"
EndProject
Project("{13B669BE-BB05-4DDF-9536-439F39A36129}") = "Composer", "Libraries\Composer.msbuildproj", "{43188BC1-8C1D-4FD4-A23E-DE60B2D6852F}"
EndProject
Project("{13B669BE-BB05-4DDF-9536-439F39A36129}") = "Psr.Cache", "Libraries\Psr.Cache.msbuildproj", "{0A2E46C3-89D2-4AFB-9B5F-492B6CA32F44}"
EndProject
Project("{13B669BE-BB05-4DDF-9536-439F39A36129}") = "Psr.Container", "Libraries\Psr.Container.msbuildproj", "{47667A4D-EA53-46E2-AC70-5D90A45683EB}"
EndProject
Project("{13B669BE-BB05-4DDF-9536-439F39A36129}") = "Psr.Log", "Libraries\Psr.Log.msbuildproj", "{0EEBCE1F-4663-4CBC-AAD9-A824756FD9BA}"
EndProject
Project("{13B669BE-BB05-4DDF-9536-439F39A36129}") = "Psr.Simple-cache", "Libraries\Psr.Simple-cache.msbuildproj", "{3BAD4F4C-DB06-4929-9A2F-3E4F4904CF4F}"
EndProject
Global
	GlobalSection(SolutionConfigurationPlatforms) = preSolution
		Debug|Any CPU = Debug|Any CPU
		Debug|x64 = Debug|x64
		Debug|x86 = Debug|x86
		Release|Any CPU = Release|Any CPU
		Release|x64 = Release|x64
		Release|x86 = Release|x86
	EndGlobalSection
	GlobalSection(ProjectConfigurationPlatforms) = postSolution
		{A271793F-72BF-429D-9EC8-83C03559CBD6}.Debug|Any CPU.ActiveCfg = Debug|Any CPU
		{A271793F-72BF-429D-9EC8-83C03559CBD6}.Debug|Any CPU.Build.0 = Debug|Any CPU
		{A271793F-72BF-429D-9EC8-83C03559CBD6}.Debug|x64.ActiveCfg = Debug|Any CPU
		{A271793F-72BF-429D-9EC8-83C03559CBD6}.Debug|x64.Build.0 = Debug|Any CPU
		{A271793F-72BF-429D-9EC8-83C03559CBD6}.Debug|x86.ActiveCfg = Debug|Any CPU
		{A271793F-72BF-429D-9EC8-83C03559CBD6}.Debug|x86.Build.0 = Debug|Any CPU
		{A271793F-72BF-429D-9EC8-83C03559CBD6}.Release|Any CPU.ActiveCfg = Release|Any CPU
		{A271793F-72BF-429D-9EC8-83C03559CBD6}.Release|Any CPU.Build.0 = Release|Any CPU
		{A271793F-72BF-429D-9EC8-83C03559CBD6}.Release|x64.ActiveCfg = Release|Any CPU
		{A271793F-72BF-429D-9EC8-83C03559CBD6}.Release|x64.Build.0 = Release|Any CPU
		{A271793F-72BF-429D-9EC8-83C03559CBD6}.Release|x86.ActiveCfg = Release|Any CPU
		{A271793F-72BF-429D-9EC8-83C03559CBD6}.Release|x86.Build.0 = Release|Any CPU
		{AF5D53C1-32B5-473F-9229-817608068701}.Debug|Any CPU.ActiveCfg = Debug|Any CPU
		{AF5D53C1-32B5-473F-9229-817608068701}.Debug|Any CPU.Build.0 = Debug|Any CPU
		{AF5D53C1-32B5-473F-9229-817608068701}.Debug|x64.ActiveCfg = Debug|Any CPU
		{AF5D53C1-32B5-473F-9229-817608068701}.Debug|x64.Build.0 = Debug|Any CPU
		{AF5D53C1-32B5-473F-9229-817608068701}.Debug|x86.ActiveCfg = Debug|Any CPU
		{AF5D53C1-32B5-473F-9229-817608068701}.Debug|x86.Build.0 = Debug|Any CPU
		{AF5D53C1-32B5-473F-9229-817608068701}.Release|Any CPU.ActiveCfg = Release|Any CPU
		{AF5D53C1-32B5-473F-9229-817608068701}.Release|Any CPU.Build.0 = Release|Any CPU
		{AF5D53C1-32B5-473F-9229-817608068701}.Release|x64.ActiveCfg = Release|Any CPU
		{AF5D53C1-32B5-473F-9229-817608068701}.Release|x64.Build.0 = Release|Any CPU
		{AF5D53C1-32B5-473F-9229-817608068701}.Release|x86.ActiveCfg = Release|Any CPU
		{AF5D53C1-32B5-473F-9229-817608068701}.Release|x86.Build.0 = Release|Any CPU
		{85CDEAFB-165C-4302-BDA9-9FE0CC7699FC}.Debug|Any CPU.ActiveCfg = Debug|Any CPU
		{85CDEAFB-165C-4302-BDA9-9FE0CC7699FC}.Debug|Any CPU.Build.0 = Debug|Any CPU
		{85CDEAFB-165C-4302-BDA9-9FE0CC7699FC}.Debug|x64.ActiveCfg = Debug|Any CPU
		{85CDEAFB-165C-4302-BDA9-9FE0CC7699FC}.Debug|x64.Build.0 = Debug|Any CPU
		{85CDEAFB-165C-4302-BDA9-9FE0CC7699FC}.Debug|x86.ActiveCfg = Debug|Any CPU
		{85CDEAFB-165C-4302-BDA9-9FE0CC7699FC}.Debug|x86.Build.0 = Debug|Any CPU
		{85CDEAFB-165C-4302-BDA9-9FE0CC7699FC}.Release|Any CPU.ActiveCfg = Release|Any CPU
		{85CDEAFB-165C-4302-BDA9-9FE0CC7699FC}.Release|Any CPU.Build.0 = Release|Any CPU
		{85CDEAFB-165C-4302-BDA9-9FE0CC7699FC}.Release|x64.ActiveCfg = Release|Any CPU
		{85CDEAFB-165C-4302-BDA9-9FE0CC7699FC}.Release|x64.Build.0 = Release|Any CPU
		{85CDEAFB-165C-4302-BDA9-9FE0CC7699FC}.Release|x86.ActiveCfg = Release|Any CPU
		{85CDEAFB-165C-4302-BDA9-9FE0CC7699FC}.Release|x86.Build.0 = Release|Any CPU
		{3FA95BAB-9679-4189-8182-7F8F8EC762D5}.Debug|Any CPU.ActiveCfg = Debug|Any CPU
		{3FA95BAB-9679-4189-8182-7F8F8EC762D5}.Debug|Any CPU.Build.0 = Debug|Any CPU
		{3FA95BAB-9679-4189-8182-7F8F8EC762D5}.Debug|x64.ActiveCfg = Debug|Any CPU
		{3FA95BAB-9679-4189-8182-7F8F8EC762D5}.Debug|x64.Build.0 = Debug|Any CPU
		{3FA95BAB-9679-4189-8182-7F8F8EC762D5}.Debug|x86.ActiveCfg = Debug|Any CPU
		{3FA95BAB-9679-4189-8182-7F8F8EC762D5}.Debug|x86.Build.0 = Debug|Any CPU
		{3FA95BAB-9679-4189-8182-7F8F8EC762D5}.Release|Any CPU.ActiveCfg = Release|Any CPU
		{3FA95BAB-9679-4189-8182-7F8F8EC762D5}.Release|Any CPU.Build.0 = Release|Any CPU
		{3FA95BAB-9679-4189-8182-7F8F8EC762D5}.Release|x64.ActiveCfg = Release|Any CPU
		{3FA95BAB-9679-4189-8182-7F8F8EC762D5}.Release|x64.Build.0 = Release|Any CPU
		{3FA95BAB-9679-4189-8182-7F8F8EC762D5}.Release|x86.ActiveCfg = Release|Any CPU
		{3FA95BAB-9679-4189-8182-7F8F8EC762D5}.Release|x86.Build.0 = Release|Any CPU
		{83DB86EE-120E-48A2-9AE1-26AB87E73B88}.Debug|Any CPU.ActiveCfg = Debug|Any CPU
		{83DB86EE-120E-48A2-9AE1-26AB87E73B88}.Debug|Any CPU.Build.0 = Debug|Any CPU
		{83DB86EE-120E-48A2-9AE1-26AB87E73B88}.Debug|x64.ActiveCfg = Debug|Any CPU
		{83DB86EE-120E-48A2-9AE1-26AB87E73B88}.Debug|x64.Build.0 = Debug|Any CPU
		{83DB86EE-120E-48A2-9AE1-26AB87E73B88}.Debug|x86.ActiveCfg = Debug|Any CPU
		{83DB86EE-120E-48A2-9AE1-26AB87E73B88}.Debug|x86.Build.0 = Debug|Any CPU
		{83DB86EE-120E-48A2-9AE1-26AB87E73B88}.Release|Any CPU.ActiveCfg = Release|Any CPU
		{83DB86EE-120E-48A2-9AE1-26AB87E73B88}.Release|Any CPU.Build.0 = Release|Any CPU
		{83DB86EE-120E-48A2-9AE1-26AB87E73B88}.Release|x64.ActiveCfg = Release|Any CPU
		{83DB86EE-120E-48A2-9AE1-26AB87E73B88}.Release|x64.Build.0 = Release|Any CPU
		{83DB86EE-120E-48A2-9AE1-26AB87E73B88}.Release|x86.ActiveCfg = Release|Any CPU
		{83DB86EE-120E-48A2-9AE1-26AB87E73B88}.Release|x86.Build.0 = Release|Any CPU
		{892996B0-17CA-4E03-9E52-270234E7A110}.Debug|Any CPU.ActiveCfg = Debug|Any CPU
		{892996B0-17CA-4E03-9E52-270234E7A110}.Debug|Any CPU.Build.0 = Debug|Any CPU
		{892996B0-17CA-4E03-9E52-270234E7A110}.Debug|x64.ActiveCfg = Debug|Any CPU
		{892996B0-17CA-4E03-9E52-270234E7A110}.Debug|x64.Build.0 = Debug|Any CPU
		{892996B0-17CA-4E03-9E52-270234E7A110}.Debug|x86.ActiveCfg = Debug|Any CPU
		{892996B0-17CA-4E03-9E52-270234E7A110}.Debug|x86.Build.0 = Debug|Any CPU
		{892996B0-17CA-4E03-9E52-270234E7A110}.Release|Any CPU.ActiveCfg = Release|Any CPU
		{892996B0-17CA-4E03-9E52-270234E7A110}.Release|Any CPU.Build.0 = Release|Any CPU
		{892996B0-17CA-4E03-9E52-270234E7A110}.Release|x64.ActiveCfg = Release|Any CPU
		{892996B0-17CA-4E03-9E52-270234E7A110}.Release|x64.Build.0 = Release|Any CPU
		{892996B0-17CA-4E03-9E52-270234E7A110}.Release|x86.ActiveCfg = Release|Any CPU
		{892996B0-17CA-4E03-9E52-270234E7A110}.Release|x86.Build.0 = Release|Any CPU
		{D0D92C36-B2A7-4D39-B1D3-CD2A40F4C83D}.Debug|Any CPU.ActiveCfg = Debug|Any CPU
		{D0D92C36-B2A7-4D39-B1D3-CD2A40F4C83D}.Debug|Any CPU.Build.0 = Debug|Any CPU
		{D0D92C36-B2A7-4D39-B1D3-CD2A40F4C83D}.Debug|x64.ActiveCfg = Debug|Any CPU
		{D0D92C36-B2A7-4D39-B1D3-CD2A40F4C83D}.Debug|x64.Build.0 = Debug|Any CPU
		{D0D92C36-B2A7-4D39-B1D3-CD2A40F4C83D}.Debug|x86.ActiveCfg = Debug|Any CPU
		{D0D92C36-B2A7-4D39-B1D3-CD2A40F4C83D}.Debug|x86.Build.0 = Debug|Any CPU
		{D0D92C36-B2A7-4D39-B1D3-CD2A40F4C83D}.Release|Any CPU.ActiveCfg = Release|Any CPU
		{D0D92C36-B2A7-4D39-B1D3-CD2A40F4C83D}.Release|Any CPU.Build.0 = Release|Any CPU
		{D0D92C36-B2A7-4D39-B1D3-CD2A40F4C83D}.Release|x64.ActiveCfg = Release|Any CPU
		{D0D92C36-B2A7-4D39-B1D3-CD2A40F4C83D}.Release|x64.Build.0 = Release|Any CPU
		{D0D92C36-B2A7-4D39-B1D3-CD2A40F4C83D}.Release|x86.ActiveCfg = Release|Any CPU
		{D0D92C36-B2A7-4D39-B1D3-CD2A40F4C83D}.Release|x86.Build.0 = Release|Any CPU
		{5F505EC7-B8B0-4F64-BE5A-12CE60DCF208}.Debug|Any CPU.ActiveCfg = Debug|Any CPU
		{5F505EC7-B8B0-4F64-BE5A-12CE60DCF208}.Debug|Any CPU.Build.0 = Debug|Any CPU
		{5F505EC7-B8B0-4F64-BE5A-12CE60DCF208}.Debug|x64.ActiveCfg = Debug|Any CPU
		{5F505EC7-B8B0-4F64-BE5A-12CE60DCF208}.Debug|x64.Build.0 = Debug|Any CPU
		{5F505EC7-B8B0-4F64-BE5A-12CE60DCF208}.Debug|x86.ActiveCfg = Debug|Any CPU
		{5F505EC7-B8B0-4F64-BE5A-12CE60DCF208}.Debug|x86.Build.0 = Debug|Any CPU
		{5F505EC7-B8B0-4F64-BE5A-12CE60DCF208}.Release|Any CPU.ActiveCfg = Release|Any CPU
		{5F505EC7-B8B0-4F64-BE5A-12CE60DCF208}.Release|Any CPU.Build.0 = Release|Any CPU
		{5F505EC7-B8B0-4F64-BE5A-12CE60DCF208}.Release|x64.ActiveCfg = Release|Any CPU
		{5F505EC7-B8B0-4F64-BE5A-12CE60DCF208}.Release|x64.Build.0 = Release|Any CPU
		{5F505EC7-B8B0-4F64-BE5A-12CE60DCF208}.Release|x86.ActiveCfg = Release|Any CPU
		{5F505EC7-B8B0-4F64-BE5A-12CE60DCF208}.Release|x86.Build.0 = Release|Any CPU
		{59190B31-8CC9-4214-A36F-32DE36A8A6AD}.Debug|Any CPU.ActiveCfg = Debug|Any CPU
		{59190B31-8CC9-4214-A36F-32DE36A8A6AD}.Debug|Any CPU.Build.0 = Debug|Any CPU
		{59190B31-8CC9-4214-A36F-32DE36A8A6AD}.Debug|x64.ActiveCfg = Debug|Any CPU
		{59190B31-8CC9-4214-A36F-32DE36A8A6AD}.Debug|x64.Build.0 = Debug|Any CPU
		{59190B31-8CC9-4214-A36F-32DE36A8A6AD}.Debug|x86.ActiveCfg = Debug|Any CPU
		{59190B31-8CC9-4214-A36F-32DE36A8A6AD}.Debug|x86.Build.0 = Debug|Any CPU
		{59190B31-8CC9-4214-A36F-32DE36A8A6AD}.Release|Any CPU.ActiveCfg = Release|Any CPU
		{59190B31-8CC9-4214-A36F-32DE36A8A6AD}.Release|Any CPU.Build.0 = Release|Any CPU
		{59190B31-8CC9-4214-A36F-32DE36A8A6AD}.Release|x64.ActiveCfg = Release|Any CPU
		{59190B31-8CC9-4214-A36F-32DE36A8A6AD}.Release|x64.Build.0 = Release|Any CPU
		{59190B31-8CC9-4214-A36F-32DE36A8A6AD}.Release|x86.ActiveCfg = Release|Any CPU
		{59190B31-8CC9-4214-A36F-32DE36A8A6AD}.Release|x86.Build.0 = Release|Any CPU
		{F0F35B35-1E70-4352-A491-7658F0B80A63}.Debug|Any CPU.ActiveCfg = Debug|Any CPU
		{F0F35B35-1E70-4352-A491-7658F0B80A63}.Debug|Any CPU.Build.0 = Debug|Any CPU
		{F0F35B35-1E70-4352-A491-7658F0B80A63}.Debug|x64.ActiveCfg = Debug|Any CPU
		{F0F35B35-1E70-4352-A491-7658F0B80A63}.Debug|x64.Build.0 = Debug|Any CPU
		{F0F35B35-1E70-4352-A491-7658F0B80A63}.Debug|x86.ActiveCfg = Debug|Any CPU
		{F0F35B35-1E70-4352-A491-7658F0B80A63}.Debug|x86.Build.0 = Debug|Any CPU
		{F0F35B35-1E70-4352-A491-7658F0B80A63}.Release|Any CPU.ActiveCfg = Release|Any CPU
		{F0F35B35-1E70-4352-A491-7658F0B80A63}.Release|Any CPU.Build.0 = Release|Any CPU
		{F0F35B35-1E70-4352-A491-7658F0B80A63}.Release|x64.ActiveCfg = Release|Any CPU
		{F0F35B35-1E70-4352-A491-7658F0B80A63}.Release|x64.Build.0 = Release|Any CPU
		{F0F35B35-1E70-4352-A491-7658F0B80A63}.Release|x86.ActiveCfg = Release|Any CPU
		{F0F35B35-1E70-4352-A491-7658F0B80A63}.Release|x86.Build.0 = Release|Any CPU
		{7F0E684D-B8DF-4494-B54E-4A679B8841BD}.Debug|Any CPU.ActiveCfg = Debug|Any CPU
		{7F0E684D-B8DF-4494-B54E-4A679B8841BD}.Debug|Any CPU.Build.0 = Debug|Any CPU
		{7F0E684D-B8DF-4494-B54E-4A679B8841BD}.Debug|x64.ActiveCfg = Debug|Any CPU
		{7F0E684D-B8DF-4494-B54E-4A679B8841BD}.Debug|x64.Build.0 = Debug|Any CPU
		{7F0E684D-B8DF-4494-B54E-4A679B8841BD}.Debug|x86.ActiveCfg = Debug|Any CPU
		{7F0E684D-B8DF-4494-B54E-4A679B8841BD}.Debug|x86.Build.0 = Debug|Any CPU
		{7F0E684D-B8DF-4494-B54E-4A679B8841BD}.Release|Any CPU.ActiveCfg = Release|Any CPU
		{7F0E684D-B8DF-4494-B54E-4A679B8841BD}.Release|Any CPU.Build.0 = Release|Any CPU
		{7F0E684D-B8DF-4494-B54E-4A679B8841BD}.Release|x64.ActiveCfg = Release|Any CPU
		{7F0E684D-B8DF-4494-B54E-4A679B8841BD}.Release|x64.Build.0 = Release|Any CPU
		{7F0E684D-B8DF-4494-B54E-4A679B8841BD}.Release|x86.ActiveCfg = Release|Any CPU
		{7F0E684D-B8DF-4494-B54E-4A679B8841BD}.Release|x86.Build.0 = Release|Any CPU
		{1E84CCE7-0CD6-455B-B97C-4B787E7EDEF2}.Debug|Any CPU.ActiveCfg = Debug|Any CPU
		{1E84CCE7-0CD6-455B-B97C-4B787E7EDEF2}.Debug|Any CPU.Build.0 = Debug|Any CPU
		{1E84CCE7-0CD6-455B-B97C-4B787E7EDEF2}.Debug|x64.ActiveCfg = Debug|Any CPU
		{1E84CCE7-0CD6-455B-B97C-4B787E7EDEF2}.Debug|x64.Build.0 = Debug|Any CPU
		{1E84CCE7-0CD6-455B-B97C-4B787E7EDEF2}.Debug|x86.ActiveCfg = Debug|Any CPU
		{1E84CCE7-0CD6-455B-B97C-4B787E7EDEF2}.Debug|x86.Build.0 = Debug|Any CPU
		{1E84CCE7-0CD6-455B-B97C-4B787E7EDEF2}.Release|Any CPU.ActiveCfg = Release|Any CPU
		{1E84CCE7-0CD6-455B-B97C-4B787E7EDEF2}.Release|Any CPU.Build.0 = Release|Any CPU
		{1E84CCE7-0CD6-455B-B97C-4B787E7EDEF2}.Release|x64.ActiveCfg = Release|Any CPU
		{1E84CCE7-0CD6-455B-B97C-4B787E7EDEF2}.Release|x64.Build.0 = Release|Any CPU
		{1E84CCE7-0CD6-455B-B97C-4B787E7EDEF2}.Release|x86.ActiveCfg = Release|Any CPU
		{1E84CCE7-0CD6-455B-B97C-4B787E7EDEF2}.Release|x86.Build.0 = Release|Any CPU
		{CA0459A6-53EC-4B45-A30E-4298050110B6}.Debug|Any CPU.ActiveCfg = Debug|Any CPU
		{CA0459A6-53EC-4B45-A30E-4298050110B6}.Debug|Any CPU.Build.0 = Debug|Any CPU
		{CA0459A6-53EC-4B45-A30E-4298050110B6}.Debug|x64.ActiveCfg = Debug|Any CPU
		{CA0459A6-53EC-4B45-A30E-4298050110B6}.Debug|x64.Build.0 = Debug|Any CPU
		{CA0459A6-53EC-4B45-A30E-4298050110B6}.Debug|x86.ActiveCfg = Debug|Any CPU
		{CA0459A6-53EC-4B45-A30E-4298050110B6}.Debug|x86.Build.0 = Debug|Any CPU
		{CA0459A6-53EC-4B45-A30E-4298050110B6}.Release|Any CPU.ActiveCfg = Release|Any CPU
		{CA0459A6-53EC-4B45-A30E-4298050110B6}.Release|Any CPU.Build.0 = Release|Any CPU
		{CA0459A6-53EC-4B45-A30E-4298050110B6}.Release|x64.ActiveCfg = Release|Any CPU
		{CA0459A6-53EC-4B45-A30E-4298050110B6}.Release|x64.Build.0 = Release|Any CPU
		{CA0459A6-53EC-4B45-A30E-4298050110B6}.Release|x86.ActiveCfg = Release|Any CPU
		{CA0459A6-53EC-4B45-A30E-4298050110B6}.Release|x86.Build.0 = Release|Any CPU
		{3749B55F-CA34-4A37-9800-3753B5B08A9B}.Debug|Any CPU.ActiveCfg = Debug|Any CPU
		{3749B55F-CA34-4A37-9800-3753B5B08A9B}.Debug|Any CPU.Build.0 = Debug|Any CPU
		{3749B55F-CA34-4A37-9800-3753B5B08A9B}.Debug|x64.ActiveCfg = Debug|Any CPU
		{3749B55F-CA34-4A37-9800-3753B5B08A9B}.Debug|x64.Build.0 = Debug|Any CPU
		{3749B55F-CA34-4A37-9800-3753B5B08A9B}.Debug|x86.ActiveCfg = Debug|Any CPU
		{3749B55F-CA34-4A37-9800-3753B5B08A9B}.Debug|x86.Build.0 = Debug|Any CPU
		{3749B55F-CA34-4A37-9800-3753B5B08A9B}.Release|Any CPU.ActiveCfg = Release|Any CPU
		{3749B55F-CA34-4A37-9800-3753B5B08A9B}.Release|Any CPU.Build.0 = Release|Any CPU
		{3749B55F-CA34-4A37-9800-3753B5B08A9B}.Release|x64.ActiveCfg = Release|Any CPU
		{3749B55F-CA34-4A37-9800-3753B5B08A9B}.Release|x64.Build.0 = Release|Any CPU
		{3749B55F-CA34-4A37-9800-3753B5B08A9B}.Release|x86.ActiveCfg = Release|Any CPU
		{3749B55F-CA34-4A37-9800-3753B5B08A9B}.Release|x86.Build.0 = Release|Any CPU
		{BCD96B15-6DE3-4158-B67B-450D8392E5A0}.Debug|Any CPU.ActiveCfg = Debug|Any CPU
		{BCD96B15-6DE3-4158-B67B-450D8392E5A0}.Debug|Any CPU.Build.0 = Debug|Any CPU
		{BCD96B15-6DE3-4158-B67B-450D8392E5A0}.Debug|x64.ActiveCfg = Debug|Any CPU
		{BCD96B15-6DE3-4158-B67B-450D8392E5A0}.Debug|x64.Build.0 = Debug|Any CPU
		{BCD96B15-6DE3-4158-B67B-450D8392E5A0}.Debug|x86.ActiveCfg = Debug|Any CPU
		{BCD96B15-6DE3-4158-B67B-450D8392E5A0}.Debug|x86.Build.0 = Debug|Any CPU
		{BCD96B15-6DE3-4158-B67B-450D8392E5A0}.Release|Any CPU.ActiveCfg = Release|Any CPU
		{BCD96B15-6DE3-4158-B67B-450D8392E5A0}.Release|Any CPU.Build.0 = Release|Any CPU
		{BCD96B15-6DE3-4158-B67B-450D8392E5A0}.Release|x64.ActiveCfg = Release|Any CPU
		{BCD96B15-6DE3-4158-B67B-450D8392E5A0}.Release|x64.Build.0 = Release|Any CPU
		{BCD96B15-6DE3-4158-B67B-450D8392E5A0}.Release|x86.ActiveCfg = Release|Any CPU
		{BCD96B15-6DE3-4158-B67B-450D8392E5A0}.Release|x86.Build.0 = Release|Any CPU
		{9998D804-EC9F-48BC-9F61-0FB5CA23D589}.Debug|Any CPU.ActiveCfg = Debug|Any CPU
		{9998D804-EC9F-48BC-9F61-0FB5CA23D589}.Debug|Any CPU.Build.0 = Debug|Any CPU
		{9998D804-EC9F-48BC-9F61-0FB5CA23D589}.Debug|x64.ActiveCfg = Debug|Any CPU
		{9998D804-EC9F-48BC-9F61-0FB5CA23D589}.Debug|x64.Build.0 = Debug|Any CPU
		{9998D804-EC9F-48BC-9F61-0FB5CA23D589}.Debug|x86.ActiveCfg = Debug|Any CPU
		{9998D804-EC9F-48BC-9F61-0FB5CA23D589}.Debug|x86.Build.0 = Debug|Any CPU
		{9998D804-EC9F-48BC-9F61-0FB5CA23D589}.Release|Any CPU.ActiveCfg = Release|Any CPU
		{9998D804-EC9F-48BC-9F61-0FB5CA23D589}.Release|Any CPU.Build.0 = Release|Any CPU
		{9998D804-EC9F-48BC-9F61-0FB5CA23D589}.Release|x64.ActiveCfg = Release|Any CPU
		{9998D804-EC9F-48BC-9F61-0FB5CA23D589}.Release|x64.Build.0 = Release|Any CPU
		{9998D804-EC9F-48BC-9F61-0FB5CA23D589}.Release|x86.ActiveCfg = Release|Any CPU
		{9998D804-EC9F-48BC-9F61-0FB5CA23D589}.Release|x86.Build.0 = Release|Any CPU
		{65EC5652-DCAE-421C-8EA4-34B177B954A3}.Debug|Any CPU.ActiveCfg = Debug|Any CPU
		{65EC5652-DCAE-421C-8EA4-34B177B954A3}.Debug|Any CPU.Build.0 = Debug|Any CPU
		{65EC5652-DCAE-421C-8EA4-34B177B954A3}.Debug|x64.ActiveCfg = Debug|Any CPU
		{65EC5652-DCAE-421C-8EA4-34B177B954A3}.Debug|x64.Build.0 = Debug|Any CPU
		{65EC5652-DCAE-421C-8EA4-34B177B954A3}.Debug|x86.ActiveCfg = Debug|Any CPU
		{65EC5652-DCAE-421C-8EA4-34B177B954A3}.Debug|x86.Build.0 = Debug|Any CPU
		{65EC5652-DCAE-421C-8EA4-34B177B954A3}.Release|Any CPU.ActiveCfg = Release|Any CPU
		{65EC5652-DCAE-421C-8EA4-34B177B954A3}.Release|Any CPU.Build.0 = Release|Any CPU
		{65EC5652-DCAE-421C-8EA4-34B177B954A3}.Release|x64.ActiveCfg = Release|Any CPU
		{65EC5652-DCAE-421C-8EA4-34B177B954A3}.Release|x64.Build.0 = Release|Any CPU
		{65EC5652-DCAE-421C-8EA4-34B177B954A3}.Release|x86.ActiveCfg = Release|Any CPU
		{65EC5652-DCAE-421C-8EA4-34B177B954A3}.Release|x86.Build.0 = Release|Any CPU
		{F7287662-AAF0-43E4-85ED-458346AC185C}.Debug|Any CPU.ActiveCfg = Debug|Any CPU
		{F7287662-AAF0-43E4-85ED-458346AC185C}.Debug|Any CPU.Build.0 = Debug|Any CPU
		{F7287662-AAF0-43E4-85ED-458346AC185C}.Debug|x64.ActiveCfg = Debug|Any CPU
		{F7287662-AAF0-43E4-85ED-458346AC185C}.Debug|x64.Build.0 = Debug|Any CPU
		{F7287662-AAF0-43E4-85ED-458346AC185C}.Debug|x86.ActiveCfg = Debug|Any CPU
		{F7287662-AAF0-43E4-85ED-458346AC185C}.Debug|x86.Build.0 = Debug|Any CPU
		{F7287662-AAF0-43E4-85ED-458346AC185C}.Release|Any CPU.ActiveCfg = Release|Any CPU
		{F7287662-AAF0-43E4-85ED-458346AC185C}.Release|Any CPU.Build.0 = Release|Any CPU
		{F7287662-AAF0-43E4-85ED-458346AC185C}.Release|x64.ActiveCfg = Release|Any CPU
		{F7287662-AAF0-43E4-85ED-458346AC185C}.Release|x64.Build.0 = Release|Any CPU
		{F7287662-AAF0-43E4-85ED-458346AC185C}.Release|x86.ActiveCfg = Release|Any CPU
		{F7287662-AAF0-43E4-85ED-458346AC185C}.Release|x86.Build.0 = Release|Any CPU
		{4CE159BB-780F-4696-BF85-44382E0C462E}.Debug|Any CPU.ActiveCfg = Debug|Any CPU
		{4CE159BB-780F-4696-BF85-44382E0C462E}.Debug|Any CPU.Build.0 = Debug|Any CPU
		{4CE159BB-780F-4696-BF85-44382E0C462E}.Debug|x64.ActiveCfg = Debug|Any CPU
		{4CE159BB-780F-4696-BF85-44382E0C462E}.Debug|x64.Build.0 = Debug|Any CPU
		{4CE159BB-780F-4696-BF85-44382E0C462E}.Debug|x86.ActiveCfg = Debug|Any CPU
		{4CE159BB-780F-4696-BF85-44382E0C462E}.Debug|x86.Build.0 = Debug|Any CPU
		{4CE159BB-780F-4696-BF85-44382E0C462E}.Release|Any CPU.ActiveCfg = Release|Any CPU
		{4CE159BB-780F-4696-BF85-44382E0C462E}.Release|Any CPU.Build.0 = Release|Any CPU
		{4CE159BB-780F-4696-BF85-44382E0C462E}.Release|x64.ActiveCfg = Release|Any CPU
		{4CE159BB-780F-4696-BF85-44382E0C462E}.Release|x64.Build.0 = Release|Any CPU
		{4CE159BB-780F-4696-BF85-44382E0C462E}.Release|x86.ActiveCfg = Release|Any CPU
		{4CE159BB-780F-4696-BF85-44382E0C462E}.Release|x86.Build.0 = Release|Any CPU
		{F75343EE-8F59-4B1B-A64A-BC24C4F559E2}.Debug|Any CPU.ActiveCfg = Debug|Any CPU
		{F75343EE-8F59-4B1B-A64A-BC24C4F559E2}.Debug|Any CPU.Build.0 = Debug|Any CPU
		{F75343EE-8F59-4B1B-A64A-BC24C4F559E2}.Debug|x64.ActiveCfg = Debug|Any CPU
		{F75343EE-8F59-4B1B-A64A-BC24C4F559E2}.Debug|x64.Build.0 = Debug|Any CPU
		{F75343EE-8F59-4B1B-A64A-BC24C4F559E2}.Debug|x86.ActiveCfg = Debug|Any CPU
		{F75343EE-8F59-4B1B-A64A-BC24C4F559E2}.Debug|x86.Build.0 = Debug|Any CPU
		{F75343EE-8F59-4B1B-A64A-BC24C4F559E2}.Release|Any CPU.ActiveCfg = Release|Any CPU
		{F75343EE-8F59-4B1B-A64A-BC24C4F559E2}.Release|Any CPU.Build.0 = Release|Any CPU
		{F75343EE-8F59-4B1B-A64A-BC24C4F559E2}.Release|x64.ActiveCfg = Release|Any CPU
		{F75343EE-8F59-4B1B-A64A-BC24C4F559E2}.Release|x64.Build.0 = Release|Any CPU
		{F75343EE-8F59-4B1B-A64A-BC24C4F559E2}.Release|x86.ActiveCfg = Release|Any CPU
		{F75343EE-8F59-4B1B-A64A-BC24C4F559E2}.Release|x86.Build.0 = Release|Any CPU
		{43188BC1-8C1D-4FD4-A23E-DE60B2D6852F}.Debug|Any CPU.ActiveCfg = Debug|Any CPU
		{43188BC1-8C1D-4FD4-A23E-DE60B2D6852F}.Debug|Any CPU.Build.0 = Debug|Any CPU
		{43188BC1-8C1D-4FD4-A23E-DE60B2D6852F}.Debug|x64.ActiveCfg = Debug|Any CPU
		{43188BC1-8C1D-4FD4-A23E-DE60B2D6852F}.Debug|x64.Build.0 = Debug|Any CPU
		{43188BC1-8C1D-4FD4-A23E-DE60B2D6852F}.Debug|x86.ActiveCfg = Debug|Any CPU
		{43188BC1-8C1D-4FD4-A23E-DE60B2D6852F}.Debug|x86.Build.0 = Debug|Any CPU
		{43188BC1-8C1D-4FD4-A23E-DE60B2D6852F}.Release|Any CPU.ActiveCfg = Release|Any CPU
		{43188BC1-8C1D-4FD4-A23E-DE60B2D6852F}.Release|Any CPU.Build.0 = Release|Any CPU
		{43188BC1-8C1D-4FD4-A23E-DE60B2D6852F}.Release|x64.ActiveCfg = Release|Any CPU
		{43188BC1-8C1D-4FD4-A23E-DE60B2D6852F}.Release|x64.Build.0 = Release|Any CPU
		{43188BC1-8C1D-4FD4-A23E-DE60B2D6852F}.Release|x86.ActiveCfg = Release|Any CPU
		{43188BC1-8C1D-4FD4-A23E-DE60B2D6852F}.Release|x86.Build.0 = Release|Any CPU
		{0A2E46C3-89D2-4AFB-9B5F-492B6CA32F44}.Debug|Any CPU.ActiveCfg = Debug|Any CPU
		{0A2E46C3-89D2-4AFB-9B5F-492B6CA32F44}.Debug|Any CPU.Build.0 = Debug|Any CPU
		{0A2E46C3-89D2-4AFB-9B5F-492B6CA32F44}.Debug|x64.ActiveCfg = Debug|Any CPU
		{0A2E46C3-89D2-4AFB-9B5F-492B6CA32F44}.Debug|x64.Build.0 = Debug|Any CPU
		{0A2E46C3-89D2-4AFB-9B5F-492B6CA32F44}.Debug|x86.ActiveCfg = Debug|Any CPU
		{0A2E46C3-89D2-4AFB-9B5F-492B6CA32F44}.Debug|x86.Build.0 = Debug|Any CPU
		{0A2E46C3-89D2-4AFB-9B5F-492B6CA32F44}.Release|Any CPU.ActiveCfg = Release|Any CPU
		{0A2E46C3-89D2-4AFB-9B5F-492B6CA32F44}.Release|Any CPU.Build.0 = Release|Any CPU
		{0A2E46C3-89D2-4AFB-9B5F-492B6CA32F44}.Release|x64.ActiveCfg = Release|Any CPU
		{0A2E46C3-89D2-4AFB-9B5F-492B6CA32F44}.Release|x64.Build.0 = Release|Any CPU
		{0A2E46C3-89D2-4AFB-9B5F-492B6CA32F44}.Release|x86.ActiveCfg = Release|Any CPU
		{0A2E46C3-89D2-4AFB-9B5F-492B6CA32F44}.Release|x86.Build.0 = Release|Any CPU
		{47667A4D-EA53-46E2-AC70-5D90A45683EB}.Debug|Any CPU.ActiveCfg = Debug|Any CPU
		{47667A4D-EA53-46E2-AC70-5D90A45683EB}.Debug|Any CPU.Build.0 = Debug|Any CPU
		{47667A4D-EA53-46E2-AC70-5D90A45683EB}.Debug|x64.ActiveCfg = Debug|Any CPU
		{47667A4D-EA53-46E2-AC70-5D90A45683EB}.Debug|x64.Build.0 = Debug|Any CPU
		{47667A4D-EA53-46E2-AC70-5D90A45683EB}.Debug|x86.ActiveCfg = Debug|Any CPU
		{47667A4D-EA53-46E2-AC70-5D90A45683EB}.Debug|x86.Build.0 = Debug|Any CPU
		{47667A4D-EA53-46E2-AC70-5D90A45683EB}.Release|Any CPU.ActiveCfg = Release|Any CPU
		{47667A4D-EA53-46E2-AC70-5D90A45683EB}.Release|Any CPU.Build.0 = Release|Any CPU
		{47667A4D-EA53-46E2-AC70-5D90A45683EB}.Release|x64.ActiveCfg = Release|Any CPU
		{47667A4D-EA53-46E2-AC70-5D90A45683EB}.Release|x64.Build.0 = Release|Any CPU
		{47667A4D-EA53-46E2-AC70-5D90A45683EB}.Release|x86.ActiveCfg = Release|Any CPU
		{47667A4D-EA53-46E2-AC70-5D90A45683EB}.Release|x86.Build.0 = Release|Any CPU
		{0EEBCE1F-4663-4CBC-AAD9-A824756FD9BA}.Debug|Any CPU.ActiveCfg = Debug|Any CPU
		{0EEBCE1F-4663-4CBC-AAD9-A824756FD9BA}.Debug|Any CPU.Build.0 = Debug|Any CPU
		{0EEBCE1F-4663-4CBC-AAD9-A824756FD9BA}.Debug|x64.ActiveCfg = Debug|Any CPU
		{0EEBCE1F-4663-4CBC-AAD9-A824756FD9BA}.Debug|x64.Build.0 = Debug|Any CPU
		{0EEBCE1F-4663-4CBC-AAD9-A824756FD9BA}.Debug|x86.ActiveCfg = Debug|Any CPU
		{0EEBCE1F-4663-4CBC-AAD9-A824756FD9BA}.Debug|x86.Build.0 = Debug|Any CPU
		{0EEBCE1F-4663-4CBC-AAD9-A824756FD9BA}.Release|Any CPU.ActiveCfg = Release|Any CPU
		{0EEBCE1F-4663-4CBC-AAD9-A824756FD9BA}.Release|Any CPU.Build.0 = Release|Any CPU
		{0EEBCE1F-4663-4CBC-AAD9-A824756FD9BA}.Release|x64.ActiveCfg = Release|Any CPU
		{0EEBCE1F-4663-4CBC-AAD9-A824756FD9BA}.Release|x64.Build.0 = Release|Any CPU
		{0EEBCE1F-4663-4CBC-AAD9-A824756FD9BA}.Release|x86.ActiveCfg = Release|Any CPU
		{0EEBCE1F-4663-4CBC-AAD9-A824756FD9BA}.Release|x86.Build.0 = Release|Any CPU
		{3BAD4F4C-DB06-4929-9A2F-3E4F4904CF4F}.Debug|Any CPU.ActiveCfg = Debug|Any CPU
		{3BAD4F4C-DB06-4929-9A2F-3E4F4904CF4F}.Debug|Any CPU.Build.0 = Debug|Any CPU
		{3BAD4F4C-DB06-4929-9A2F-3E4F4904CF4F}.Debug|x64.ActiveCfg = Debug|Any CPU
		{3BAD4F4C-DB06-4929-9A2F-3E4F4904CF4F}.Debug|x64.Build.0 = Debug|Any CPU
		{3BAD4F4C-DB06-4929-9A2F-3E4F4904CF4F}.Debug|x86.ActiveCfg = Debug|Any CPU
		{3BAD4F4C-DB06-4929-9A2F-3E4F4904CF4F}.Debug|x86.Build.0 = Debug|Any CPU
		{3BAD4F4C-DB06-4929-9A2F-3E4F4904CF4F}.Release|Any CPU.ActiveCfg = Release|Any CPU
		{3BAD4F4C-DB06-4929-9A2F-3E4F4904CF4F}.Release|Any CPU.Build.0 = Release|Any CPU
		{3BAD4F4C-DB06-4929-9A2F-3E4F4904CF4F}.Release|x64.ActiveCfg = Release|Any CPU
		{3BAD4F4C-DB06-4929-9A2F-3E4F4904CF4F}.Release|x64.Build.0 = Release|Any CPU
		{3BAD4F4C-DB06-4929-9A2F-3E4F4904CF4F}.Release|x86.ActiveCfg = Release|Any CPU
		{3BAD4F4C-DB06-4929-9A2F-3E4F4904CF4F}.Release|x86.Build.0 = Release|Any CPU
	EndGlobalSection
	GlobalSection(SolutionProperties) = preSolution
		HideSolutionNode = FALSE
	EndGlobalSection
	GlobalSection(ExtensibilityGlobals) = postSolution
		SolutionGuid = {E71564B1-D265-4C09-8B14-48701AC8252B}
	EndGlobalSection
EndGlobal
